{"format_version":"1.0","provider_schemas":{"registry.terraform.io/ubiquiti-community/unifi":{"provider":{"version":0,"block":{"attributes":{"allow_insecure":{"type":"bool","description":"Skip verification of TLS certificates of API requests. You may need to set this to `true` if you are using your local API without setting up a signed certificate. Can be specified with the `UNIFI_INSECURE` environment variable. Ignored when `cloud_connector` is enabled.","description_kind":"markdown","optional":true},"api_key":{"type":"string","description":"API key for the Unifi controller. Can be specified with the `UNIFI_API_KEY` environment variable. If this is set, the `username` and `password` fields are ignored.","description_kind":"markdown","optional":true,"sensitive":true},"api_url":{"type":"string","description":"URL of the controller API. Can be specified with the `UNIFI_API` environment variable. You should **NOT** supply the path (`/api`), the SDK will discover the appropriate paths. This is to support UDM Pro style API paths as well as more standard controller paths.","description_kind":"markdown","optional":true},"cloud_connector":{"type":"bool","description":"Use UniFi Cloud Connector API to access the controller. When enabled, requires `api_key` authentication and automatically routes requests through https://api.ui.com. Can be specified with the `UNIFI_CLOUD_CONNECTOR` environment variable. The `api_url` field is ignored when this is enabled.","description_kind":"markdown","optional":true},"hardware_id":{"type":"string","description":"Hardware ID of the UniFi console to connect to when using Cloud Connector. If not specified, defaults to the first console where owner=true. Can be specified with the `UNIFI_HARDWARE_ID` environment variable. Only used when `cloud_connector` is enabled.","description_kind":"markdown","optional":true},"password":{"type":"string","description":"Password for the user accessing the API. Can be specified with the `UNIFI_PASSWORD` environment variable.","description_kind":"markdown","optional":true,"sensitive":true},"site":{"type":"string","description":"The site in the Unifi controller this provider will manage. Can be specified with the `UNIFI_SITE` environment variable. Default: `default`","description_kind":"markdown","optional":true},"username":{"type":"string","description":"Local user name for the Unifi controller API. Can be specified with the `UNIFI_USERNAME` environment variable.","description_kind":"markdown","optional":true,"sensitive":true}},"description":"The UniFi provider is used to interact with UniFi Controller resources. The provider needs to be configured with the proper credentials before it can be used.","description_kind":"markdown"}},"resource_schemas":{"unifi_account":{"version":0,"block":{"attributes":{"id":{"type":"string","description":"The ID of the account.","description_kind":"markdown","computed":true},"name":{"type":"string","description":"The name of the account.","description_kind":"markdown","required":true},"network_id":{"type":"string","description":"ID of the network for this account. When set and `vlan` is omitted, the account inherits that network's VLAN (so RADIUS/MAB VLAN assignment is applied).","description_kind":"markdown","optional":true},"password":{"type":"string","description":"The password of the account.","description_kind":"markdown","required":true,"sensitive":true},"site":{"type":"string","description":"The name of the site to associate the account with.","description_kind":"markdown","optional":true,"computed":true},"timeouts":{"nested_type":{"attributes":{"create":{"type":"string","description":"A string that can be [parsed as a duration](https://pkg.go.dev/time#ParseDuration) consisting of numbers and unit suffixes, such as \"30s\" or \"2h45m\". Valid time units are \"s\" (seconds), \"m\" (minutes), \"h\" (hours).","description_kind":"plain","optional":true},"delete":{"type":"string","description":"A string that can be [parsed as a duration](https://pkg.go.dev/time#ParseDuration) consisting of numbers and unit suffixes, such as \"30s\" or \"2h45m\". Valid time units are \"s\" (seconds), \"m\" (minutes), \"h\" (hours). Setting a timeout for a Delete operation is only applicable if changes are saved into state before the destroy operation occurs.","description_kind":"plain","optional":true},"read":{"type":"string","description":"A string that can be [parsed as a duration](https://pkg.go.dev/time#ParseDuration) consisting of numbers and unit suffixes, such as \"30s\" or \"2h45m\". Valid time units are \"s\" (seconds), \"m\" (minutes), \"h\" (hours). Read operations occur during any refresh or planning operation when refresh is enabled.","description_kind":"plain","optional":true},"update":{"type":"string","description":"A string that can be [parsed as a duration](https://pkg.go.dev/time#ParseDuration) consisting of numbers and unit suffixes, such as \"30s\" or \"2h45m\". Valid time units are \"s\" (seconds), \"m\" (minutes), \"h\" (hours).","description_kind":"plain","optional":true}},"nesting_mode":"single"},"description_kind":"plain","optional":true},"tunnel_config_type":{"type":"string","description":"The tunnel configuration type. Can be `vpn`, `802.1x`, or `custom`.","description_kind":"markdown","optional":true},"tunnel_medium_type":{"type":"number","description":"See [RFC 2868](https://www.rfc-editor.org/rfc/rfc2868) section 3.2","description_kind":"markdown","optional":true,"computed":true},"tunnel_type":{"type":"number","description":"See [RFC 2868](https://www.rfc-editor.org/rfc/rfc2868) section 3.1. Valid values are 1-13; `13` (VLAN) is the most common.","description_kind":"markdown","optional":true,"computed":true},"vlan":{"type":"number","description":"VLAN assigned to the account. If omitted but `network_id` is set, it is derived from that network's VLAN. If neither is set, the client falls back to the untagged VLAN.","description_kind":"markdown","optional":true,"computed":true}},"description":"Manages a RADIUS user account\n\nTo authenticate devices based on MAC address, use the MAC address as the username and password under client creation.\nConvert lowercase letters to uppercase, and also remove colons or periods from the MAC address.\n\nATTENTION: If the user profile does not include a VLAN, the client will fall back to the untagged VLAN.\n\nNOTE: MAC-based authentication accounts can only be used for wireless and wired clients. L2TP remote access does not apply.","description_kind":"markdown","deprecated":true}},"unifi_bgp":{"version":0,"block":{"attributes":{"asn":{"type":"number","description":"The BGP Autonomous System Number. Conflicts with `config`.","description_kind":"markdown","optional":true},"config":{"type":"string","description":"The raw FRRouting BGP daemon configuration. Conflicts with `asn`, `router_id`, and `peers`.","description_kind":"markdown","optional":true,"computed":true},"description":{"type":"string","description":"Description of the BGP configuration.","description_kind":"markdown","optional":true,"computed":true},"enabled":{"type":"bool","description":"Enable BGP routing.","description_kind":"markdown","optional":true,"computed":true},"id":{"type":"string","description":"The ID of the BGP configuration.","description_kind":"markdown","computed":true},"peers":{"nested_type":{"attributes":{"description":{"type":"string","description":"Description of this peer group.","description_kind":"markdown","optional":true},"name":{"type":"string","description":"The peer group name.","description_kind":"markdown","required":true},"networks":{"type":["list","string"],"description":"List of network CIDR ranges to listen on for this peer group.","description_kind":"markdown","optional":true},"remote_as":{"type":"number","description":"The remote Autonomous System Number for this peer group.","description_kind":"markdown","required":true}},"nesting_mode":"list"},"description":"List of BGP peer groups. Conflicts with `config`.","description_kind":"markdown","optional":true},"router_id":{"type":"string","description":"The BGP router ID (typically an IP address). Conflicts with `config`.","description_kind":"markdown","optional":true},"site":{"type":"string","description":"The name of the site to associate the BGP configuration with.","description_kind":"markdown","optional":true,"computed":true},"timeouts":{"nested_type":{"attributes":{"create":{"type":"string","description":"A string that can be [parsed as a duration](https://pkg.go.dev/time#ParseDuration) consisting of numbers and unit suffixes, such as \"30s\" or \"2h45m\". Valid time units are \"s\" (seconds), \"m\" (minutes), \"h\" (hours).","description_kind":"plain","optional":true},"delete":{"type":"string","description":"A string that can be [parsed as a duration](https://pkg.go.dev/time#ParseDuration) consisting of numbers and unit suffixes, such as \"30s\" or \"2h45m\". Valid time units are \"s\" (seconds), \"m\" (minutes), \"h\" (hours). Setting a timeout for a Delete operation is only applicable if changes are saved into state before the destroy operation occurs.","description_kind":"plain","optional":true},"read":{"type":"string","description":"A string that can be [parsed as a duration](https://pkg.go.dev/time#ParseDuration) consisting of numbers and unit suffixes, such as \"30s\" or \"2h45m\". Valid time units are \"s\" (seconds), \"m\" (minutes), \"h\" (hours). Read operations occur during any refresh or planning operation when refresh is enabled.","description_kind":"plain","optional":true},"update":{"type":"string","description":"A string that can be [parsed as a duration](https://pkg.go.dev/time#ParseDuration) consisting of numbers and unit suffixes, such as \"30s\" or \"2h45m\". Valid time units are \"s\" (seconds), \"m\" (minutes), \"h\" (hours).","description_kind":"plain","optional":true}},"nesting_mode":"single"},"description_kind":"plain","optional":true},"upload_file_name":{"type":"string","description":"The name of the uploaded configuration file.","description_kind":"markdown","optional":true,"computed":true}},"description":"Manages BGP configuration for the UniFi Controller. Configuration can be provided either as a raw FRR config string via `config`, or via structured attributes (`asn`, `router_id`, `peers`) which render a config from a template.","description_kind":"markdown"}},"unifi_client":{"version":0,"block":{"attributes":{"allow_existing":{"type":"bool","description":"Specifies whether this resource should just take over control of an existing client.","description_kind":"markdown","optional":true,"computed":true},"blocked":{"type":"bool","description":"Specifies whether this client should be blocked from the network.","description_kind":"markdown","optional":true,"computed":true},"display_name":{"type":"string","description":"The display name of the client.","description_kind":"markdown","optional":true,"computed":true},"fixed_ap_mac":{"type":"string","description":"The MAC address of the access point to which this client should be fixed.","description_kind":"markdown","optional":true,"computed":true},"fixed_ip":{"type":"string","description":"A fixed IPv4 address for this client.","description_kind":"markdown","optional":true,"computed":true},"groups":{"type":["list","string"],"description":"List of network members group names for this client.","description_kind":"markdown","optional":true,"computed":true},"hostname":{"type":"string","description":"The hostname of the client.","description_kind":"markdown","computed":true},"id":{"type":"string","description":"The ID of the client.","description_kind":"markdown","computed":true},"last_ip":{"type":"string","description":"The most recent IP address the controller has seen for this client (read-only).","description_kind":"markdown","computed":true},"local_dns_record":{"type":"string","description":"Specifies the local DNS record for this client.","description_kind":"markdown","optional":true,"computed":true},"mac":{"type":"string","description":"The MAC address of the client.","description_kind":"markdown","required":true},"name":{"type":"string","description":"The name of the client.","description_kind":"markdown","optional":true,"computed":true},"network_id":{"type":"string","description":"The network ID for this client.","description_kind":"markdown","optional":true,"computed":true},"note":{"type":"string","description":"A note with additional information for the client.","description_kind":"markdown","optional":true,"computed":true},"qos_rate":{"nested_type":{"attributes":{"id":{"type":"string","description":"The ID of the client group (usergroup). If set, this group is used directly.","description_kind":"markdown","optional":true,"computed":true},"max_down":{"type":"number","description":"Maximum download rate in kbps.","description_kind":"markdown","optional":true,"computed":true},"max_up":{"type":"number","description":"Maximum upload rate in kbps.","description_kind":"markdown","optional":true,"computed":true},"name":{"type":"string","description":"The name of the client group. If set, the group is looked up or created by name.","description_kind":"markdown","optional":true,"computed":true}},"nesting_mode":"single"},"description":"QoS rate limiting configuration. Controls the client group (usergroup) used for bandwidth limits.","description_kind":"markdown","optional":true,"computed":true},"site":{"type":"string","description":"The name of the site to associate the client with.","description_kind":"markdown","optional":true,"computed":true},"skip_forget_on_destroy":{"type":"bool","description":"Specifies whether this resource should tell the controller to \"forget\" the client on destroy.","description_kind":"markdown","optional":true,"computed":true},"timeouts":{"nested_type":{"attributes":{"create":{"type":"string","description":"A string that can be [parsed as a duration](https://pkg.go.dev/time#ParseDuration) consisting of numbers and unit suffixes, such as \"30s\" or \"2h45m\". Valid time units are \"s\" (seconds), \"m\" (minutes), \"h\" (hours).","description_kind":"plain","optional":true},"delete":{"type":"string","description":"A string that can be [parsed as a duration](https://pkg.go.dev/time#ParseDuration) consisting of numbers and unit suffixes, such as \"30s\" or \"2h45m\". Valid time units are \"s\" (seconds), \"m\" (minutes), \"h\" (hours). Setting a timeout for a Delete operation is only applicable if changes are saved into state before the destroy operation occurs.","description_kind":"plain","optional":true},"read":{"type":"string","description":"A string that can be [parsed as a duration](https://pkg.go.dev/time#ParseDuration) consisting of numbers and unit suffixes, such as \"30s\" or \"2h45m\". Valid time units are \"s\" (seconds), \"m\" (minutes), \"h\" (hours). Read operations occur during any refresh or planning operation when refresh is enabled.","description_kind":"plain","optional":true},"update":{"type":"string","description":"A string that can be [parsed as a duration](https://pkg.go.dev/time#ParseDuration) consisting of numbers and unit suffixes, such as \"30s\" or \"2h45m\". Valid time units are \"s\" (seconds), \"m\" (minutes), \"h\" (hours).","description_kind":"plain","optional":true}},"nesting_mode":"single"},"description_kind":"plain","optional":true}},"description":"Manages a client of the network, identified by unique MAC addresses.\n\nClients are created in the controller when observed on the network, so the resource defaults to allowing itself to just take over management of a MAC address, but this can be turned off.","description_kind":"markdown"}},"unifi_client_qos_rate":{"version":0,"block":{"attributes":{"id":{"type":"string","description":"The ID of the client QOS rate.","description_kind":"markdown","computed":true},"name":{"type":"string","description":"The name of the client QOS rate.","description_kind":"markdown","required":true},"qos_rate_max_down":{"type":"number","description":"The QOS maximum download rate.","description_kind":"markdown","optional":true,"computed":true},"qos_rate_max_up":{"type":"number","description":"The QOS maximum upload rate.","description_kind":"markdown","optional":true,"computed":true},"site":{"type":"string","description":"The name of the site to associate the client QOS rate with.","description_kind":"markdown","optional":true,"computed":true},"timeouts":{"nested_type":{"attributes":{"create":{"type":"string","description":"A string that can be [parsed as a duration](https://pkg.go.dev/time#ParseDuration) consisting of numbers and unit suffixes, such as \"30s\" or \"2h45m\". Valid time units are \"s\" (seconds), \"m\" (minutes), \"h\" (hours).","description_kind":"plain","optional":true},"delete":{"type":"string","description":"A string that can be [parsed as a duration](https://pkg.go.dev/time#ParseDuration) consisting of numbers and unit suffixes, such as \"30s\" or \"2h45m\". Valid time units are \"s\" (seconds), \"m\" (minutes), \"h\" (hours). Setting a timeout for a Delete operation is only applicable if changes are saved into state before the destroy operation occurs.","description_kind":"plain","optional":true},"read":{"type":"string","description":"A string that can be [parsed as a duration](https://pkg.go.dev/time#ParseDuration) consisting of numbers and unit suffixes, such as \"30s\" or \"2h45m\". Valid time units are \"s\" (seconds), \"m\" (minutes), \"h\" (hours). Read operations occur during any refresh or planning operation when refresh is enabled.","description_kind":"plain","optional":true},"update":{"type":"string","description":"A string that can be [parsed as a duration](https://pkg.go.dev/time#ParseDuration) consisting of numbers and unit suffixes, such as \"30s\" or \"2h45m\". Valid time units are \"s\" (seconds), \"m\" (minutes), \"h\" (hours).","description_kind":"plain","optional":true}},"nesting_mode":"single"},"description_kind":"plain","optional":true}},"description":"Manages a client QOS rate, which can be used to limit bandwidth for groups of clients.","description_kind":"markdown"}},"unifi_device":{"version":1,"block":{"attributes":{"adopted":{"type":"bool","description":"Whether the device is adopted.","description_kind":"plain","computed":true},"allow_adoption":{"type":"bool","description":"Specifies whether this resource should tell the controller to adopt the device on create.","description_kind":"plain","optional":true,"computed":true},"bandsteering_mode":{"type":"string","description":"Band steering mode; valid values are `off`, `equal`, and `prefer_5g`.","description_kind":"plain","optional":true,"computed":true},"config_network":{"nested_type":{"attributes":{"bonding_enabled":{"type":"bool","description":"Enable network bonding.","description_kind":"plain","optional":true,"computed":true},"dns1":{"type":"string","description":"Primary DNS server.","description_kind":"plain","optional":true,"computed":true},"dns2":{"type":"string","description":"Secondary DNS server.","description_kind":"plain","optional":true,"computed":true},"dnssuffix":{"type":"string","description":"DNS suffix.","description_kind":"plain","optional":true,"computed":true},"gateway":{"type":"string","description":"Gateway address (for static configuration).","description_kind":"plain","optional":true,"computed":true},"ip":{"type":"string","description":"IP address (for static configuration).","description_kind":"plain","optional":true,"computed":true},"netmask":{"type":"string","description":"Network mask (for static configuration).","description_kind":"plain","optional":true,"computed":true},"type":{"type":"string","description":"Network configuration type (dhcp or static).","description_kind":"plain","optional":true,"computed":true}},"nesting_mode":"single"},"description":"Network configuration for the device.","description_kind":"plain","optional":true,"computed":true},"disabled":{"type":"bool","description":"Specifies whether this device should be disabled.","description_kind":"plain","optional":true,"computed":true},"flowctrl_enabled":{"type":"bool","description":"Enable flow control.","description_kind":"plain","optional":true,"computed":true},"forget_on_destroy":{"type":"bool","description":"Specifies whether this resource should tell the controller to forget the device on destroy.","description_kind":"plain","optional":true,"computed":true},"id":{"type":"string","description":"The ID of the device.","description_kind":"plain","computed":true},"jumboframe_enabled":{"type":"bool","description":"Enable jumbo frames.","description_kind":"plain","optional":true,"computed":true},"lcm_brightness":{"type":"number","description":"LCM brightness (1-100).","description_kind":"plain","optional":true,"computed":true},"lcm_brightness_override":{"type":"bool","description":"Override LCM brightness.","description_kind":"plain","optional":true,"computed":true},"lcm_idle_timeout":{"type":"string","description":"LCM idle timeout, as a Go duration string (e.g. `10m`, `600s`).","description_kind":"plain","optional":true,"computed":true},"lcm_idle_timeout_override":{"type":"bool","description":"Override LCM idle timeout.","description_kind":"plain","optional":true,"computed":true},"lcm_night_mode_begins":{"type":"string","description":"LCM night mode begin time (HH:MM format).","description_kind":"plain","optional":true,"computed":true},"lcm_night_mode_ends":{"type":"string","description":"LCM night mode end time (HH:MM format).","description_kind":"plain","optional":true,"computed":true},"led_override":{"type":"string","description":"LED override setting; valid values are `default`, `on`, and `off`.","description_kind":"plain","optional":true,"computed":true},"led_override_color":{"type":"string","description":"LED color override (hex color code).","description_kind":"plain","optional":true,"computed":true},"led_override_color_brightness":{"type":"number","description":"LED brightness (0-100).","description_kind":"plain","optional":true,"computed":true},"locked":{"type":"bool","description":"Specifies whether the device is locked.","description_kind":"plain","optional":true,"computed":true},"mac":{"type":"string","description":"The MAC address of the device. This can be specified so that the provider can take control of a device (since devices are created through adoption).","description_kind":"plain","optional":true,"computed":true},"mgmt_network_id":{"type":"string","description":"Management network ID. The network this device uses for its own management traffic (the UI's Network Override). When set, the device tags its management onto this network's VLAN, so that VLAN must already be tagged on the device's upstream switch port(s) before this attribute is applied. Otherwise the device loses its management path, drops off, and the apply fails with an inconsistent-result error. Apply in two steps: tag the VLAN on the uplink (a port_override tagged_networkconf_ids entry) first, then set mgmt_network_id. Leave unset to manage on the uplink's native (untagged) network.","description_kind":"plain","optional":true,"computed":true},"model":{"type":"string","description":"Device model.","description_kind":"plain","computed":true},"name":{"type":"string","description":"The name of the device.","description_kind":"plain","optional":true,"computed":true},"outdoor_mode_override":{"type":"string","description":"Outdoor mode override; valid values are `default`, `on`, and `off`.","description_kind":"plain","optional":true,"computed":true},"outlet_enabled":{"type":"bool","description":"Enable outlet control.","description_kind":"plain","optional":true,"computed":true},"outlet_overrides":{"nested_type":{"attributes":{"cycle_enabled":{"type":"bool","description":"Enable power cycle.","description_kind":"plain","optional":true,"computed":true},"index":{"type":"number","description":"Outlet index.","description_kind":"plain","required":true},"name":{"type":"string","description":"Outlet name.","description_kind":"plain","optional":true,"computed":true},"relay_state":{"type":"bool","description":"Relay state (on/off).","description_kind":"plain","optional":true,"computed":true}},"nesting_mode":"list"},"description":"Outlet configuration overrides.","description_kind":"plain","optional":true,"computed":true},"poe_mode":{"type":"string","description":"PoE mode; valid values are `auto`, `pasv24`, `passthrough`, and `off`.","description_kind":"plain","optional":true,"computed":true},"radio_table":{"nested_type":{"attributes":{"antenna_gain":{"type":"number","description":"Antenna gain.","description_kind":"plain","optional":true,"computed":true},"antenna_id":{"type":"number","description":"Antenna ID.","description_kind":"plain","optional":true,"computed":true},"assisted_roaming_enabled":{"type":"bool","description":"Enable assisted roaming.","description_kind":"plain","optional":true,"computed":true},"assisted_roaming_rssi":{"type":"number","description":"Assisted roaming RSSI threshold.","description_kind":"plain","optional":true,"computed":true},"channel":{"type":"string","description":"Channel number or 'auto'.","description_kind":"plain","optional":true,"computed":true},"dfs":{"type":"bool","description":"Enable DFS (Dynamic Frequency Selection).","description_kind":"plain","optional":true,"computed":true},"hard_noise_floor_enabled":{"type":"bool","description":"Enable hard noise floor.","description_kind":"plain","optional":true,"computed":true},"ht":{"type":"number","description":"Channel width (20, 40, 80, 160).","description_kind":"plain","optional":true,"computed":true},"loadbalance_enabled":{"type":"bool","description":"Enable load balancing.","description_kind":"plain","optional":true,"computed":true},"maxsta":{"type":"number","description":"Maximum number of stations.","description_kind":"plain","optional":true,"computed":true},"min_rssi":{"type":"number","description":"Minimum RSSI value.","description_kind":"plain","optional":true,"computed":true},"min_rssi_enabled":{"type":"bool","description":"Enable minimum RSSI.","description_kind":"plain","optional":true,"computed":true},"name":{"type":"string","description":"Radio name.","description_kind":"plain","optional":true,"computed":true},"radio":{"type":"string","description":"Radio band (ng, na, ad, 6e).","description_kind":"plain","optional":true,"computed":true},"sens_level":{"type":"number","description":"Sensitivity level.","description_kind":"plain","optional":true,"computed":true},"sens_level_enabled":{"type":"bool","description":"Enable sensitivity level.","description_kind":"plain","optional":true,"computed":true},"tx_power":{"type":"string","description":"Transmit power or 'auto'.","description_kind":"plain","optional":true,"computed":true},"tx_power_mode":{"type":"string","description":"Transmit power mode (auto, medium, high, low, custom).","description_kind":"plain","optional":true,"computed":true},"vwire_enabled":{"type":"bool","description":"Enable virtual wire.","description_kind":"plain","optional":true,"computed":true}},"nesting_mode":"list"},"description":"Radio configuration table.","description_kind":"plain","optional":true,"computed":true},"site":{"type":"string","description":"The name of the site to associate the device with.","description_kind":"plain","optional":true,"computed":true},"state":{"type":"number","description":"Device state.","description_kind":"plain","computed":true},"stp_priority":{"type":"number","description":"STP priority.","description_kind":"plain","optional":true,"computed":true},"stp_version":{"type":"string","description":"STP version; valid values are `stp`, `rstp`, and `disabled`.","description_kind":"plain","optional":true,"computed":true},"switch_vlan_enabled":{"type":"bool","description":"Enable VLAN support on the switch.","description_kind":"plain","optional":true,"computed":true},"timeouts":{"nested_type":{"attributes":{"create":{"type":"string","description":"A string that can be [parsed as a duration](https://pkg.go.dev/time#ParseDuration) consisting of numbers and unit suffixes, such as \"30s\" or \"2h45m\". Valid time units are \"s\" (seconds), \"m\" (minutes), \"h\" (hours).","description_kind":"plain","optional":true},"delete":{"type":"string","description":"A string that can be [parsed as a duration](https://pkg.go.dev/time#ParseDuration) consisting of numbers and unit suffixes, such as \"30s\" or \"2h45m\". Valid time units are \"s\" (seconds), \"m\" (minutes), \"h\" (hours). Setting a timeout for a Delete operation is only applicable if changes are saved into state before the destroy operation occurs.","description_kind":"plain","optional":true},"read":{"type":"string","description":"A string that can be [parsed as a duration](https://pkg.go.dev/time#ParseDuration) consisting of numbers and unit suffixes, such as \"30s\" or \"2h45m\". Valid time units are \"s\" (seconds), \"m\" (minutes), \"h\" (hours). Read operations occur during any refresh or planning operation when refresh is enabled.","description_kind":"plain","optional":true},"update":{"type":"string","description":"A string that can be [parsed as a duration](https://pkg.go.dev/time#ParseDuration) consisting of numbers and unit suffixes, such as \"30s\" or \"2h45m\". Valid time units are \"s\" (seconds), \"m\" (minutes), \"h\" (hours).","description_kind":"plain","optional":true}},"nesting_mode":"single"},"description_kind":"plain","optional":true},"type":{"type":"string","description":"Device type.","description_kind":"plain","computed":true},"volume":{"type":"number","description":"Volume level (0-100).","description_kind":"plain","optional":true,"computed":true},"x_baresip_password":{"type":"string","description":"Baresip password.","description_kind":"plain","optional":true,"computed":true,"sensitive":true}},"block_types":{"port_override":{"nesting_mode":"set","block":{"attributes":{"aggregate_members":{"type":["list","number"],"description":"Port indices that make up this link-aggregation (LAG) group. Only takes effect when `op_mode` is `aggregate` on this port.","description_kind":"plain","optional":true},"autoneg":{"type":"bool","description":"Enable auto-negotiation for port speed.","description_kind":"plain","optional":true,"computed":true},"dot1x_ctrl":{"type":"string","description":"802.1X control mode.","description_kind":"plain","optional":true},"dot1x_idle_timeout":{"type":"string","description":"802.1X idle timeout, as a Go duration string (e.g. `5m`, `300s`).","description_kind":"plain","optional":true},"egress_rate_limit_kbps":{"type":"number","description":"Egress rate limit in kbps.","description_kind":"plain","optional":true},"egress_rate_limit_kbps_enabled":{"type":"bool","description":"Enable egress rate limiting.","description_kind":"plain","optional":true,"computed":true},"excluded_networkconf_ids":{"type":["list","string"],"description":"List of network IDs to exclude from this port.","description_kind":"plain","optional":true},"fec_mode":{"type":"string","description":"Forward Error Correction mode.","description_kind":"plain","optional":true},"flow_control_enabled":{"type":"bool","description":"Enable flow control.","description_kind":"plain","optional":true,"computed":true},"forward":{"type":"string","description":"Forwarding mode.","description_kind":"plain","optional":true},"full_duplex":{"type":"bool","description":"Enable full duplex mode.","description_kind":"plain","optional":true,"computed":true},"index":{"type":"number","description":"Switch port index.","description_kind":"plain","required":true},"isolation":{"type":"bool","description":"Enable port isolation.","description_kind":"plain","optional":true,"computed":true},"lldpmed_enabled":{"type":"bool","description":"Enable LLDP-MED.","description_kind":"plain","optional":true,"computed":true},"lldpmed_notify_enabled":{"type":"bool","description":"Enable LLDP-MED notifications.","description_kind":"plain","optional":true,"computed":true},"mirror_port_idx":{"type":"number","description":"Mirror port index.","description_kind":"plain","optional":true},"multicast_router_networkconf_ids":{"type":["list","string"],"description":"List of network IDs for multicast router.","description_kind":"plain","optional":true},"name":{"type":"string","description":"Human-readable name of the port.","description_kind":"plain","optional":true},"native_networkconf_id":{"type":"string","description":"Native network ID (VLAN).","description_kind":"plain","optional":true},"op_mode":{"type":"string","description":"Operating mode of the port: `switch` (default), `mirror`, or `aggregate`. Set `aggregate` on the lead port of an SFP+/link-aggregation (LAG) group and list the member ports in `aggregate_members`. Only written when not `switch`, as gateway devices (UDM) reject op_mode on update.","description_kind":"plain","optional":true,"computed":true},"poe_mode":{"type":"string","description":"PoE mode of the port; valid values are `auto`, `pasv24`, `passthrough`, and `off`.","description_kind":"plain","optional":true},"port_keepalive_enabled":{"type":"bool","description":"Enable port keepalive.","description_kind":"plain","optional":true,"computed":true},"port_profile_id":{"type":"string","description":"ID of the Port Profile used on this port.","description_kind":"plain","optional":true},"port_security_enabled":{"type":"bool","description":"Enable port security.","description_kind":"plain","optional":true,"computed":true},"port_security_mac_address":{"type":["list","string"],"description":"List of MAC addresses allowed when port security is enabled.","description_kind":"plain","optional":true},"priority_queue1_level":{"type":"number","description":"Priority queue 1 level.","description_kind":"plain","optional":true},"priority_queue2_level":{"type":"number","description":"Priority queue 2 level.","description_kind":"plain","optional":true},"priority_queue3_level":{"type":"number","description":"Priority queue 3 level.","description_kind":"plain","optional":true},"priority_queue4_level":{"type":"number","description":"Priority queue 4 level.","description_kind":"plain","optional":true},"setting_preference":{"type":"string","description":"Setting preference.","description_kind":"plain","optional":true},"speed":{"type":"number","description":"Port speed in Mbps.","description_kind":"plain","optional":true},"stormctrl_bcast_enabled":{"type":"bool","description":"Enable broadcast storm control.","description_kind":"plain","optional":true,"computed":true},"stormctrl_bcast_level":{"type":"number","description":"Broadcast storm control level.","description_kind":"plain","optional":true},"stormctrl_bcast_rate":{"type":"number","description":"Broadcast storm control rate.","description_kind":"plain","optional":true},"stormctrl_mcast_enabled":{"type":"bool","description":"Enable multicast storm control.","description_kind":"plain","optional":true,"computed":true},"stormctrl_mcast_level":{"type":"number","description":"Multicast storm control level.","description_kind":"plain","optional":true},"stormctrl_mcast_rate":{"type":"number","description":"Multicast storm control rate.","description_kind":"plain","optional":true},"stormctrl_type":{"type":"string","description":"Storm control type.","description_kind":"plain","optional":true},"stormctrl_ucast_enabled":{"type":"bool","description":"Enable unicast storm control.","description_kind":"plain","optional":true,"computed":true},"stormctrl_ucast_level":{"type":"number","description":"Unicast storm control level.","description_kind":"plain","optional":true},"stormctrl_ucast_rate":{"type":"number","description":"Unicast storm control rate.","description_kind":"plain","optional":true},"stp_port_mode":{"type":"bool","description":"STP port mode.","description_kind":"plain","optional":true,"computed":true},"tagged_networkconf_ids":{"type":["list","string"],"description":"List of network IDs to tag on this port.","description_kind":"plain","optional":true},"tagged_vlan_mgmt":{"type":"string","description":"Tagged VLAN management.","description_kind":"plain","optional":true},"voice_networkconf_id":{"type":"string","description":"Voice network ID.","description_kind":"plain","optional":true}},"description":"Per-port settings overrides, applied only to the ports you declare. Ports without a `port_override` block keep their existing controller-side configuration — the provider merges your declared ports (by `index`) into the device's current overrides rather than replacing the whole set. Removing a block stops managing that port but does not reset it; clear a port by overriding it back to the defaults instead.","description_kind":"plain"}}},"description":"`unifi_device` manages a device of the network.\n\nDevices are adopted by the controller, so it is not possible for this resource to be created through Terraform, the create operation instead will simply start managing the device specified by MAC address. It's safer to start this process with an explicit import of the device.","description_kind":"plain"}},"unifi_dns_record":{"version":1,"block":{"attributes":{"enabled":{"type":"bool","description":"Whether the DNS record is enabled.","description_kind":"markdown","optional":true,"computed":true},"id":{"type":"string","description":"The ID of the DNS record.","description_kind":"markdown","computed":true},"name":{"type":"string","description":"The key of the DNS record.","description_kind":"markdown","required":true},"port":{"type":"number","description":"The port of the DNS record.","description_kind":"markdown","optional":true},"priority":{"type":"number","description":"The priority of the DNS record.","description_kind":"markdown","optional":true},"record_type":{"type":"string","description":"The type of the DNS record. One of `A`, `AAAA`, `CNAME`, `MX`, `TXT`, `SRV`, `PTR` or `NS`.","description_kind":"markdown","required":true},"site":{"type":"string","description":"The name of the site to associate the DNS record with.","description_kind":"markdown","optional":true,"computed":true},"timeouts":{"nested_type":{"attributes":{"create":{"type":"string","description":"A string that can be [parsed as a duration](https://pkg.go.dev/time#ParseDuration) consisting of numbers and unit suffixes, such as \"30s\" or \"2h45m\". Valid time units are \"s\" (seconds), \"m\" (minutes), \"h\" (hours).","description_kind":"plain","optional":true},"delete":{"type":"string","description":"A string that can be [parsed as a duration](https://pkg.go.dev/time#ParseDuration) consisting of numbers and unit suffixes, such as \"30s\" or \"2h45m\". Valid time units are \"s\" (seconds), \"m\" (minutes), \"h\" (hours). Setting a timeout for a Delete operation is only applicable if changes are saved into state before the destroy operation occurs.","description_kind":"plain","optional":true},"read":{"type":"string","description":"A string that can be [parsed as a duration](https://pkg.go.dev/time#ParseDuration) consisting of numbers and unit suffixes, such as \"30s\" or \"2h45m\". Valid time units are \"s\" (seconds), \"m\" (minutes), \"h\" (hours). Read operations occur during any refresh or planning operation when refresh is enabled.","description_kind":"plain","optional":true},"update":{"type":"string","description":"A string that can be [parsed as a duration](https://pkg.go.dev/time#ParseDuration) consisting of numbers and unit suffixes, such as \"30s\" or \"2h45m\". Valid time units are \"s\" (seconds), \"m\" (minutes), \"h\" (hours).","description_kind":"plain","optional":true}},"nesting_mode":"single"},"description_kind":"plain","optional":true},"ttl":{"type":"string","description":"The TTL of the DNS record, as a Go duration string (e.g. `1h`, `300s`). The controller stores this value as whole seconds in the range 0–65535s (≈18h12m15s).","description_kind":"markdown","optional":true},"value":{"type":"string","description":"The value of the DNS record.","description_kind":"markdown","required":true},"weight":{"type":"number","description":"The weight of the DNS record.","description_kind":"markdown","optional":true}},"description":"Manages DNS record settings for different providers.","description_kind":"markdown"}},"unifi_dynamic_dns":{"version":0,"block":{"attributes":{"host_name":{"type":"string","description":"The host name to update in the dynamic DNS service.","description_kind":"markdown","required":true},"id":{"type":"string","description":"The ID of the dynamic DNS.","description_kind":"markdown","computed":true},"interface":{"type":"string","description":"The interface for the dynamic DNS. Can be `wan` or `wan2`.","description_kind":"markdown","optional":true,"computed":true},"login":{"type":"string","description":"The login for the dynamic DNS service.","description_kind":"markdown","optional":true},"password":{"type":"string","description":"The password for the dynamic DNS service.","description_kind":"markdown","optional":true,"sensitive":true},"server":{"type":"string","description":"The server for the dynamic DNS service.","description_kind":"markdown","optional":true},"service":{"type":"string","description":"The Dynamic DNS service provider, various values are supported (for example `dyndns`, etc.).","description_kind":"markdown","required":true},"site":{"type":"string","description":"The name of the site to associate with the dynamic DNS resource.","description_kind":"markdown","optional":true,"computed":true},"timeouts":{"nested_type":{"attributes":{"create":{"type":"string","description":"A string that can be [parsed as a duration](https://pkg.go.dev/time#ParseDuration) consisting of numbers and unit suffixes, such as \"30s\" or \"2h45m\". Valid time units are \"s\" (seconds), \"m\" (minutes), \"h\" (hours).","description_kind":"plain","optional":true},"delete":{"type":"string","description":"A string that can be [parsed as a duration](https://pkg.go.dev/time#ParseDuration) consisting of numbers and unit suffixes, such as \"30s\" or \"2h45m\". Valid time units are \"s\" (seconds), \"m\" (minutes), \"h\" (hours). Setting a timeout for a Delete operation is only applicable if changes are saved into state before the destroy operation occurs.","description_kind":"plain","optional":true},"read":{"type":"string","description":"A string that can be [parsed as a duration](https://pkg.go.dev/time#ParseDuration) consisting of numbers and unit suffixes, such as \"30s\" or \"2h45m\". Valid time units are \"s\" (seconds), \"m\" (minutes), \"h\" (hours). Read operations occur during any refresh or planning operation when refresh is enabled.","description_kind":"plain","optional":true},"update":{"type":"string","description":"A string that can be [parsed as a duration](https://pkg.go.dev/time#ParseDuration) consisting of numbers and unit suffixes, such as \"30s\" or \"2h45m\". Valid time units are \"s\" (seconds), \"m\" (minutes), \"h\" (hours).","description_kind":"plain","optional":true}},"nesting_mode":"single"},"description_kind":"plain","optional":true}},"description":"Manages dynamic DNS settings for different providers.","description_kind":"markdown"}},"unifi_firewall_group":{"version":0,"block":{"attributes":{"id":{"type":"string","description":"The ID of the firewall group.","description_kind":"plain","computed":true},"members":{"type":["set","string"],"description":"The members of the firewall group.","description_kind":"plain","required":true},"name":{"type":"string","description":"The name of the firewall group.","description_kind":"plain","required":true},"site":{"type":"string","description":"The name of the site to associate the firewall group with.","description_kind":"plain","optional":true,"computed":true},"timeouts":{"nested_type":{"attributes":{"create":{"type":"string","description":"A string that can be [parsed as a duration](https://pkg.go.dev/time#ParseDuration) consisting of numbers and unit suffixes, such as \"30s\" or \"2h45m\". Valid time units are \"s\" (seconds), \"m\" (minutes), \"h\" (hours).","description_kind":"plain","optional":true},"delete":{"type":"string","description":"A string that can be [parsed as a duration](https://pkg.go.dev/time#ParseDuration) consisting of numbers and unit suffixes, such as \"30s\" or \"2h45m\". Valid time units are \"s\" (seconds), \"m\" (minutes), \"h\" (hours). Setting a timeout for a Delete operation is only applicable if changes are saved into state before the destroy operation occurs.","description_kind":"plain","optional":true},"read":{"type":"string","description":"A string that can be [parsed as a duration](https://pkg.go.dev/time#ParseDuration) consisting of numbers and unit suffixes, such as \"30s\" or \"2h45m\". Valid time units are \"s\" (seconds), \"m\" (minutes), \"h\" (hours). Read operations occur during any refresh or planning operation when refresh is enabled.","description_kind":"plain","optional":true},"update":{"type":"string","description":"A string that can be [parsed as a duration](https://pkg.go.dev/time#ParseDuration) consisting of numbers and unit suffixes, such as \"30s\" or \"2h45m\". Valid time units are \"s\" (seconds), \"m\" (minutes), \"h\" (hours).","description_kind":"plain","optional":true}},"nesting_mode":"single"},"description_kind":"plain","optional":true},"type":{"type":"string","description":"The type of the firewall group. Must be one of: `address-group`, `port-group`, or `ipv6-address-group`.","description_kind":"plain","required":true}},"description":"`unifi_firewall_group` manages groups of addresses or ports for use in firewall rules (`unifi_firewall_rule`).","description_kind":"plain"}},"unifi_firewall_policy":{"version":1,"block":{"attributes":{"action":{"type":"string","description":"The action to take when the policy matches: `ALLOW`, `BLOCK`, or `REJECT`.","description_kind":"markdown","required":true},"connection_state_type":{"type":"string","description":"Connection-state matching mode: `ALL` (any state), `RESPOND_ONLY` (established/related returns), or `CUSTOM` (match the states listed in `connection_states`). Optional: if omitted the controller assigns it (defaults to `ALL`) and the provider round-trips the value so updates are accepted.","description_kind":"markdown","optional":true,"computed":true},"connection_states":{"type":["list","string"],"description":"Connection states matched when `connection_state_type` is `CUSTOM` (`NEW`, `ESTABLISHED`, `RELATED`, `INVALID`). Optional: leave unset for `ALL`/`RESPOND_ONLY` and the controller manages it; the provider round-trips the value so a `CUSTOM` policy's states are not dropped on update (which the firmware rejects with HTTP 400).","description_kind":"markdown","optional":true,"computed":true},"create_allow_respond":{"type":"bool","description":"When `true`, UniFi automatically creates a matching rule to allow established/related return traffic. Recommended for `ALLOW` policies. Defaults to `false`.","description_kind":"markdown","optional":true,"computed":true},"description":{"type":"string","description":"A description for the policy.","description_kind":"markdown","optional":true,"computed":true},"destination":{"nested_type":{"attributes":{"client_macs":{"type":["list","string"],"description":"List of client MAC addresses to match. Used when `matching_target` is `CLIENT`.","description_kind":"markdown","optional":true,"computed":true},"ip_group_id":{"type":"string","description":"ID of a `unifi_firewall_group` (address-group type) to match. Used when `matching_target` is `IP` with `matching_target_type = OBJECT`.","description_kind":"markdown","optional":true,"computed":true},"ips":{"type":["list","string"],"description":"List of IP addresses or CIDR ranges to match. Used when `matching_target` is `IP`.","description_kind":"markdown","optional":true,"computed":true},"matching_target":{"type":"string","description":"What to match: `ANY`, `NETWORK`, `CLIENT`, `IP`, `DEVICE`, `MAC`, or `WEB` (domains/FQDN).","description_kind":"markdown","required":true},"matching_target_type":{"type":"string","description":"How the matching target is specified (`ANY`, `SPECIFIC`, `LIST`, `OBJECT`). Managed by the UniFi controller; the provider round-trips it so updates are accepted.","description_kind":"markdown","computed":true},"network_ids":{"type":["list","string"],"description":"List of UniFi network IDs to match. Used when `matching_target` is `NETWORK`.","description_kind":"markdown","optional":true,"computed":true},"port":{"type":"string","description":"Port(s) to match when `port_matching_type` is `SPECIFIC`. A single port (`161`) or a comma-separated list of ports/ranges (`80,443`, `8000-8100`). Leave unset for no port match.","description_kind":"markdown","optional":true,"computed":true},"port_group_id":{"type":"string","description":"ID of a `unifi_firewall_group` (port-group type) to match. Used when `port_matching_type` is `OBJECT`.","description_kind":"markdown","optional":true,"computed":true},"port_matching_type":{"type":"string","description":"How to match ports: `ANY`, `SPECIFIC`, or `OBJECT` (port group).","description_kind":"markdown","optional":true,"computed":true},"web_domains":{"type":["list","string"],"description":"List of domains/FQDNs to match. Used when `matching_target` is `WEB`.","description_kind":"markdown","optional":true,"computed":true},"zone_id":{"type":"string","description":"The ID of the firewall zone this endpoint belongs to. Use the `unifi_firewall_zone` data source to look up zone IDs by name.","description_kind":"markdown","required":true}},"nesting_mode":"single"},"description":"The destination endpoint of the policy.","description_kind":"markdown","required":true},"enabled":{"type":"bool","description":"Whether the policy is enabled. Defaults to `true`.","description_kind":"markdown","optional":true,"computed":true},"icmp_typename":{"type":"string","description":"ICMP type matching mode. Managed by the UniFi controller; the provider round-trips it so updates are accepted.","description_kind":"markdown","computed":true},"icmp_v6_typename":{"type":"string","description":"ICMPv6 type matching mode. Managed by the UniFi controller; the provider round-trips it so updates are accepted.","description_kind":"markdown","computed":true},"id":{"type":"string","description":"The ID of the firewall policy.","description_kind":"markdown","computed":true},"index":{"type":"number","description":"The ordering index of the policy within its zone-pair, assigned by the controller. **Read-only:** UniFi does not accept a client-supplied index on create or update (the policy is always appended to the end of its source/destination zone-pair), and the supported API exposes no reorder operation, so policy ordering cannot be managed through this provider. Reorder policies in the UniFi UI if needed.","description_kind":"markdown","computed":true},"ip_version":{"type":"string","description":"The IP version to match: `BOTH`, `IPV4`, or `IPV6`. Defaults to `IPV4`.","description_kind":"markdown","optional":true,"computed":true},"logging":{"type":"bool","description":"Whether to log packets matching this policy. Defaults to `false`.","description_kind":"markdown","optional":true,"computed":true},"name":{"type":"string","description":"The name of the firewall policy.","description_kind":"markdown","required":true},"protocol":{"type":"string","description":"The protocol to match: `all`, `tcp`, `udp`, `tcp_udp`, `icmp`, or `icmpv6`. Defaults to `all`. Note: for `icmp`/`icmpv6` policies the controller rejects `create_allow_respond = true` (`FirewallPolicyCreateRespondTrafficPolicyNotAllowed`) — keep it `false` and add an explicit reverse policy if you need the reply.","description_kind":"markdown","optional":true,"computed":true},"site":{"type":"string","description":"The name of the UniFi site. Defaults to the site configured in the provider.","description_kind":"markdown","optional":true,"computed":true},"source":{"nested_type":{"attributes":{"client_macs":{"type":["list","string"],"description":"List of client MAC addresses to match. Used when `matching_target` is `CLIENT`.","description_kind":"markdown","optional":true,"computed":true},"ip_group_id":{"type":"string","description":"ID of a `unifi_firewall_group` (address-group type) to match. Used when `matching_target` is `IP` with `matching_target_type = OBJECT`.","description_kind":"markdown","optional":true,"computed":true},"ips":{"type":["list","string"],"description":"List of IP addresses or CIDR ranges to match. Used when `matching_target` is `IP`.","description_kind":"markdown","optional":true,"computed":true},"matching_target":{"type":"string","description":"What to match: `ANY`, `NETWORK`, `CLIENT`, `IP`, `DEVICE`, `MAC`, or `WEB` (domains/FQDN).","description_kind":"markdown","required":true},"matching_target_type":{"type":"string","description":"How the matching target is specified (`ANY`, `SPECIFIC`, `LIST`, `OBJECT`). Managed by the UniFi controller; the provider round-trips it so updates are accepted.","description_kind":"markdown","computed":true},"network_ids":{"type":["list","string"],"description":"List of UniFi network IDs to match. Used when `matching_target` is `NETWORK`.","description_kind":"markdown","optional":true,"computed":true},"port":{"type":"string","description":"Port(s) to match when `port_matching_type` is `SPECIFIC`. A single port (`161`) or a comma-separated list of ports/ranges (`80,443`, `8000-8100`). Leave unset for no port match.","description_kind":"markdown","optional":true,"computed":true},"port_group_id":{"type":"string","description":"ID of a `unifi_firewall_group` (port-group type) to match. Used when `port_matching_type` is `OBJECT`.","description_kind":"markdown","optional":true,"computed":true},"port_matching_type":{"type":"string","description":"How to match ports: `ANY`, `SPECIFIC`, or `OBJECT` (port group).","description_kind":"markdown","optional":true,"computed":true},"web_domains":{"type":["list","string"],"description":"List of domains/FQDNs to match. Used when `matching_target` is `WEB`.","description_kind":"markdown","optional":true,"computed":true},"zone_id":{"type":"string","description":"The ID of the firewall zone this endpoint belongs to. Use the `unifi_firewall_zone` data source to look up zone IDs by name.","description_kind":"markdown","required":true}},"nesting_mode":"single"},"description":"The source endpoint of the policy.","description_kind":"markdown","required":true},"timeouts":{"nested_type":{"attributes":{"create":{"type":"string","description":"A string that can be [parsed as a duration](https://pkg.go.dev/time#ParseDuration) consisting of numbers and unit suffixes, such as \"30s\" or \"2h45m\". Valid time units are \"s\" (seconds), \"m\" (minutes), \"h\" (hours).","description_kind":"plain","optional":true},"delete":{"type":"string","description":"A string that can be [parsed as a duration](https://pkg.go.dev/time#ParseDuration) consisting of numbers and unit suffixes, such as \"30s\" or \"2h45m\". Valid time units are \"s\" (seconds), \"m\" (minutes), \"h\" (hours). Setting a timeout for a Delete operation is only applicable if changes are saved into state before the destroy operation occurs.","description_kind":"plain","optional":true},"read":{"type":"string","description":"A string that can be [parsed as a duration](https://pkg.go.dev/time#ParseDuration) consisting of numbers and unit suffixes, such as \"30s\" or \"2h45m\". Valid time units are \"s\" (seconds), \"m\" (minutes), \"h\" (hours). Read operations occur during any refresh or planning operation when refresh is enabled.","description_kind":"plain","optional":true},"update":{"type":"string","description":"A string that can be [parsed as a duration](https://pkg.go.dev/time#ParseDuration) consisting of numbers and unit suffixes, such as \"30s\" or \"2h45m\". Valid time units are \"s\" (seconds), \"m\" (minutes), \"h\" (hours).","description_kind":"plain","optional":true}},"nesting_mode":"single"},"description_kind":"plain","optional":true}},"description":"Manages a UniFi zone-based firewall policy (UniFi Network 8.x+). Zone-based firewall policies replace the legacy firewall rules and are displayed under Settings → Security → Firewall Policies in the UniFi UI.","description_kind":"markdown"}},"unifi_firewall_rule":{"version":0,"block":{"attributes":{"action":{"type":"string","description":"The action of the firewall rule. Must be one of `drop`, `accept`, or `reject`.","description_kind":"markdown","required":true},"dst_address":{"type":"string","description":"The destination address of the firewall rule.","description_kind":"markdown","optional":true},"dst_address_ipv6":{"type":"string","description":"The IPv6 destination address of the firewall rule.","description_kind":"markdown","optional":true},"dst_firewall_group_ids":{"type":["set","string"],"description":"The destination firewall group IDs of the firewall rule.","description_kind":"markdown","optional":true},"dst_network_id":{"type":"string","description":"The destination network ID of the firewall rule.","description_kind":"markdown","optional":true},"dst_network_type":{"type":"string","description":"The destination network type of the firewall rule. Can be one of `ADDRv4` or `NETv4`.","description_kind":"markdown","optional":true,"computed":true},"dst_port":{"type":"string","description":"The destination port of the firewall rule.","description_kind":"markdown","optional":true},"enabled":{"type":"bool","description":"Specifies whether the rule should be enabled.","description_kind":"markdown","optional":true,"computed":true},"icmp_typename":{"type":"string","description":"ICMP type name.","description_kind":"markdown","optional":true},"icmp_v6_typename":{"type":"string","description":"ICMPv6 type name.","description_kind":"markdown","optional":true},"id":{"type":"string","description":"The ID of the firewall rule.","description_kind":"markdown","computed":true},"ip_sec":{"type":"string","description":"Specify whether the rule matches on IPsec packets. Can be one of `match-ipset` or `match-none`.","description_kind":"markdown","optional":true},"logging":{"type":"bool","description":"Enable logging for the firewall rule.","description_kind":"markdown","optional":true,"computed":true},"name":{"type":"string","description":"The name of the firewall rule.","description_kind":"markdown","required":true},"protocol":{"type":"string","description":"The protocol of the rule.","description_kind":"markdown","optional":true},"protocol_match_excepted":{"type":"bool","description":"Match packets that do NOT match the specified protocol (protocol negation).","description_kind":"markdown","optional":true,"computed":true},"protocol_v6":{"type":"string","description":"The IPv6 protocol of the rule.","description_kind":"markdown","optional":true},"rule_index":{"type":"number","description":"The index of the rule. Must be in one of the interface-specific blocks: `2000-2999` (LAN), `3000-3999` (WAN), `4000-4999` (GUEST), or their high-range equivalents `20000-29999`, `30000-39999`, `40000-49999` used by newer UniFi OS versions.","description_kind":"markdown","required":true},"ruleset":{"type":"string","description":"The ruleset for the rule. This is from the perspective of the security gateway.","description_kind":"markdown","required":true},"setting_preference":{"type":"string","description":"Whether the rule is managed automatically by the controller or manually. Can be one of `auto` or `manual`.","description_kind":"markdown","optional":true,"computed":true},"site":{"type":"string","description":"The name of the site to associate the firewall rule with.","description_kind":"markdown","optional":true,"computed":true},"src_address":{"type":"string","description":"The source address for the firewall rule.","description_kind":"markdown","optional":true},"src_address_ipv6":{"type":"string","description":"The IPv6 source address for the firewall rule.","description_kind":"markdown","optional":true},"src_firewall_group_ids":{"type":["set","string"],"description":"The source firewall group IDs for the firewall rule.","description_kind":"markdown","optional":true},"src_mac":{"type":"string","description":"The source MAC address of the firewall rule.","description_kind":"markdown","optional":true},"src_network_id":{"type":"string","description":"The source network ID for the firewall rule.","description_kind":"markdown","optional":true},"src_network_type":{"type":"string","description":"The source network type of the firewall rule. Can be one of `ADDRv4` or `NETv4`.","description_kind":"markdown","optional":true,"computed":true},"src_port":{"type":"string","description":"The source port of the firewall rule.","description_kind":"markdown","optional":true},"state_established":{"type":"bool","description":"Match where the state is established.","description_kind":"markdown","optional":true,"computed":true},"state_invalid":{"type":"bool","description":"Match where the state is invalid.","description_kind":"markdown","optional":true,"computed":true},"state_new":{"type":"bool","description":"Match where the state is new.","description_kind":"markdown","optional":true,"computed":true},"state_related":{"type":"bool","description":"Match where the state is related.","description_kind":"markdown","optional":true,"computed":true},"timeouts":{"nested_type":{"attributes":{"create":{"type":"string","description":"A string that can be [parsed as a duration](https://pkg.go.dev/time#ParseDuration) consisting of numbers and unit suffixes, such as \"30s\" or \"2h45m\". Valid time units are \"s\" (seconds), \"m\" (minutes), \"h\" (hours).","description_kind":"plain","optional":true},"delete":{"type":"string","description":"A string that can be [parsed as a duration](https://pkg.go.dev/time#ParseDuration) consisting of numbers and unit suffixes, such as \"30s\" or \"2h45m\". Valid time units are \"s\" (seconds), \"m\" (minutes), \"h\" (hours). Setting a timeout for a Delete operation is only applicable if changes are saved into state before the destroy operation occurs.","description_kind":"plain","optional":true},"read":{"type":"string","description":"A string that can be [parsed as a duration](https://pkg.go.dev/time#ParseDuration) consisting of numbers and unit suffixes, such as \"30s\" or \"2h45m\". Valid time units are \"s\" (seconds), \"m\" (minutes), \"h\" (hours). Read operations occur during any refresh or planning operation when refresh is enabled.","description_kind":"plain","optional":true},"update":{"type":"string","description":"A string that can be [parsed as a duration](https://pkg.go.dev/time#ParseDuration) consisting of numbers and unit suffixes, such as \"30s\" or \"2h45m\". Valid time units are \"s\" (seconds), \"m\" (minutes), \"h\" (hours).","description_kind":"plain","optional":true}},"nesting_mode":"single"},"description_kind":"plain","optional":true}},"description":"Manages an individual firewall rule on the gateway.","description_kind":"markdown"}},"unifi_firewall_zone":{"version":0,"block":{"attributes":{"default_zone":{"type":"bool","description":"Whether this is a controller default zone.","description_kind":"markdown","computed":true},"id":{"type":"string","description":"The ID of the firewall zone.","description_kind":"markdown","computed":true},"name":{"type":"string","description":"The name of the firewall zone.","description_kind":"markdown","required":true},"network_ids":{"type":["list","string"],"description":"IDs of the networks assigned to this zone.","description_kind":"markdown","optional":true,"computed":true},"site":{"type":"string","description":"The name of the site the zone belongs to.","description_kind":"markdown","optional":true,"computed":true},"timeouts":{"nested_type":{"attributes":{"create":{"type":"string","description":"A string that can be [parsed as a duration](https://pkg.go.dev/time#ParseDuration) consisting of numbers and unit suffixes, such as \"30s\" or \"2h45m\". Valid time units are \"s\" (seconds), \"m\" (minutes), \"h\" (hours).","description_kind":"plain","optional":true},"delete":{"type":"string","description":"A string that can be [parsed as a duration](https://pkg.go.dev/time#ParseDuration) consisting of numbers and unit suffixes, such as \"30s\" or \"2h45m\". Valid time units are \"s\" (seconds), \"m\" (minutes), \"h\" (hours). Setting a timeout for a Delete operation is only applicable if changes are saved into state before the destroy operation occurs.","description_kind":"plain","optional":true},"read":{"type":"string","description":"A string that can be [parsed as a duration](https://pkg.go.dev/time#ParseDuration) consisting of numbers and unit suffixes, such as \"30s\" or \"2h45m\". Valid time units are \"s\" (seconds), \"m\" (minutes), \"h\" (hours). Read operations occur during any refresh or planning operation when refresh is enabled.","description_kind":"plain","optional":true},"update":{"type":"string","description":"A string that can be [parsed as a duration](https://pkg.go.dev/time#ParseDuration) consisting of numbers and unit suffixes, such as \"30s\" or \"2h45m\". Valid time units are \"s\" (seconds), \"m\" (minutes), \"h\" (hours).","description_kind":"plain","optional":true}},"nesting_mode":"single"},"description_kind":"plain","optional":true},"zone_key":{"type":"string","description":"The controller-assigned key of the zone.","description_kind":"markdown","computed":true}},"description":"Manages a zone-based firewall zone (UniFi OS 8.x+). Create a zone and attach networks to it, then reference its `id` from `unifi_firewall_policy`.","description_kind":"markdown"}},"unifi_network":{"version":1,"block":{"attributes":{"auto_scale":{"type":"bool","description":"Specifies whether auto-scaling is enabled.","description_kind":"markdown","optional":true,"computed":true},"dhcp_guarding":{"nested_type":{"attributes":{"enabled":{"type":"bool","description":"Specifies whether DHCP guarding is enabled.","description_kind":"markdown","optional":true,"computed":true},"servers":{"type":["list","string"],"description":"List of allowed DHCP server IP addresses (maximum 3).","description_kind":"markdown","optional":true}},"nesting_mode":"single"},"description":"DHCP guarding configuration. Specifies allowed DHCP server IPs to prevent rogue DHCP servers on the network.","description_kind":"markdown","optional":true},"dhcp_relay":{"nested_type":{"attributes":{"enabled":{"type":"bool","description":"Specifies whether DHCP relay is enabled.","description_kind":"markdown","optional":true,"computed":true},"servers":{"type":["list","string"],"description":"List of DHCP relay server addresses.","description_kind":"markdown","optional":true}},"nesting_mode":"single"},"description":"DHCP relay configuration.","description_kind":"markdown","optional":true},"dhcp_server":{"nested_type":{"attributes":{"boot":{"nested_type":{"attributes":{"enabled":{"type":"bool","description":"Toggles DHCP boot options.","description_kind":"markdown","optional":true,"computed":true},"filename":{"type":"string","description":"Boot filename.","description_kind":"markdown","optional":true,"computed":true},"server":{"type":"string","description":"TFTP server for boot options.","description_kind":"markdown","optional":true,"computed":true}},"nesting_mode":"single"},"description":"DHCP boot settings.","description_kind":"markdown","optional":true,"computed":true},"conflict_checking":{"type":"bool","description":"Specifies whether DHCP conflict checking is enabled.","description_kind":"markdown","optional":true,"computed":true},"dns_enabled":{"type":"bool","description":"Specifies whether DHCP DNS is enabled.","description_kind":"markdown","optional":true,"computed":true},"dns_servers":{"type":["list","string"],"description":"List of DNS server addresses for DHCP clients.","description_kind":"markdown","optional":true},"enabled":{"type":"bool","description":"Specifies whether DHCP server is enabled.","description_kind":"markdown","optional":true,"computed":true},"gateway_enabled":{"type":"bool","description":"Specifies whether DHCP gateway is enabled.","description_kind":"markdown","optional":true,"computed":true},"leasetime":{"type":"string","description":"Specifies the DHCP lease time, as a Go duration string (e.g. `24h`, `86400s`). Defaults to `24h0m0s`.","description_kind":"markdown","optional":true,"computed":true},"ntp_enabled":{"type":"bool","description":"Specifies whether DHCP NTP is enabled.","description_kind":"markdown","optional":true,"computed":true},"start":{"type":"string","description":"The IPv4 address where the DHCP range starts.","description_kind":"markdown","optional":true,"computed":true},"stop":{"type":"string","description":"The IPv4 address where the DHCP range stops.","description_kind":"markdown","optional":true,"computed":true},"tftp_server":{"type":"string","description":"TFTP server address.","description_kind":"markdown","optional":true},"time_offset_enabled":{"type":"bool","description":"Specifies whether DHCP time offset is enabled.","description_kind":"markdown","optional":true,"computed":true},"unifi_controller":{"type":"string","description":"UniFi controller IP address.","description_kind":"markdown","optional":true},"wins":{"nested_type":{"attributes":{"addresses":{"type":["list","string"],"description":"List of WINS server addresses (maximum 2).","description_kind":"markdown","optional":true},"enabled":{"type":"bool","description":"Specifies whether DHCP WINS is enabled.","description_kind":"markdown","optional":true,"computed":true}},"nesting_mode":"single"},"description":"WINS server configuration.","description_kind":"markdown","optional":true,"computed":true},"wpad_url":{"type":"string","description":"WPAD URL for proxy auto-configuration.","description_kind":"markdown","optional":true}},"nesting_mode":"single"},"description":"DHCP server configuration.","description_kind":"markdown","optional":true},"dhcp_v6_server":{"nested_type":{"attributes":{"dns_auto":{"type":"bool","description":"Specifies whether DNS auto-discovery is enabled for DHCPv6.","description_kind":"markdown","optional":true,"computed":true},"dns_servers":{"type":["list","string"],"description":"List of DNS server addresses for DHCPv6 clients (maximum 4).","description_kind":"markdown","optional":true},"enabled":{"type":"bool","description":"Specifies whether the DHCPv6 server is enabled.","description_kind":"markdown","optional":true,"computed":true},"lease":{"type":"number","description":"The lease time for DHCPv6 addresses in seconds.","description_kind":"markdown","optional":true},"start":{"type":"string","description":"The start of the DHCPv6 address range.","description_kind":"markdown","optional":true},"stop":{"type":"string","description":"The end of the DHCPv6 address range.","description_kind":"markdown","optional":true}},"nesting_mode":"single"},"description":"DHCPv6 server configuration.","description_kind":"markdown","optional":true},"domain_name":{"type":"string","description":"The domain name for the network.","description_kind":"markdown","optional":true,"computed":true},"enabled":{"type":"bool","description":"Specifies whether the network is enabled.","description_kind":"markdown","optional":true,"computed":true},"gateway_type":{"type":"string","description":"The gateway type. Must be one of `default` or `switch`.","description_kind":"markdown","optional":true,"computed":true},"id":{"type":"string","description":"The ID of the network.","description_kind":"markdown","computed":true},"igmp_snooping":{"type":"bool","description":"Specifies whether IGMP snooping is enabled.","description_kind":"markdown","optional":true,"computed":true},"internet_access":{"type":"bool","description":"Specifies whether internet access is enabled.","description_kind":"markdown","optional":true,"computed":true},"ip_aliases":{"type":["list","string"],"description":"List of IP aliases for the network.","description_kind":"markdown","optional":true},"ipv6_aliases":{"type":["list","string"],"description":"List of IPv6 aliases for the network.","description_kind":"markdown","optional":true},"ipv6_client_address_assignment":{"type":"string","description":"How clients on this network obtain an IPv6 address (UI: Networks → IPv6 → Client Address Assignment). One of `slaac` (SLAAC only), `dhcpv6` (DHCPv6 only), or `slaac-dhcpv6` (both). Computed from the controller when not set.","description_kind":"markdown","optional":true,"computed":true},"ipv6_interface_type":{"type":"string","description":"Specifies which type of IPv6 connection to use. Must be one of `none`, `pd`, or `static`.","description_kind":"markdown","optional":true,"computed":true},"ipv6_pd_auto_prefixid_enabled":{"type":"bool","description":"Specifies whether automatic prefix ID assignment is enabled for IPv6 Prefix Delegation.","description_kind":"markdown","optional":true,"computed":true},"ipv6_pd_interface":{"type":"string","description":"The IPv6 Prefix Delegation WAN interface (e.g., `wan`, `wan2`).","description_kind":"markdown","optional":true},"ipv6_pd_prefixid":{"type":"string","description":"The IPv6 Prefix Delegation prefix ID (hex string, e.g., `0`, `1a`).","description_kind":"markdown","optional":true},"ipv6_pd_start":{"type":"string","description":"The start of the IPv6 Prefix Delegation range (e.g. `::2`). Required together with `ipv6_pd_stop` when `ipv6_interface_type` is `pd`, otherwise the controller rejects the network with `api.err.InvalidIpv6Addr`.","description_kind":"markdown","optional":true,"computed":true},"ipv6_pd_stop":{"type":"string","description":"The end of the IPv6 Prefix Delegation range (e.g. `::7d1`). Required together with `ipv6_pd_start` when `ipv6_interface_type` is `pd`.","description_kind":"markdown","optional":true,"computed":true},"ipv6_ra":{"type":"bool","description":"Specifies whether IPv6 Router Advertisement (RA) is enabled.","description_kind":"markdown","optional":true,"computed":true},"ipv6_ra_preferred_lifetime":{"type":"string","description":"The IPv6 Router Advertisement preferred lifetime, as a Go duration string (e.g. `14400s`, `4h`). Must be a whole number of seconds between `0s` and `31536000s` (1 year).","description_kind":"markdown","optional":true,"computed":true},"ipv6_ra_priority":{"type":"string","description":"The IPv6 Router Advertisement priority. Must be one of `high`, `medium`, or `low`.","description_kind":"markdown","optional":true,"computed":true},"ipv6_ra_valid_lifetime":{"type":"string","description":"The IPv6 Router Advertisement valid lifetime, as a Go duration string (e.g. `86400s`, `24h`). Must be a whole number of seconds between `0s` and `31536000s` (1 year).","description_kind":"markdown","optional":true,"computed":true},"ipv6_static_subnet":{"type":"string","description":"The IPv6 static subnet of the network. Only used when `ipv6_interface_type` is `static`.","description_kind":"markdown","optional":true},"lte_lan":{"type":"bool","description":"Whether this network/VLAN stays active when the gateway fails over to a UniFi LTE (cellular) backup WAN. Maps to the controller's `lte_lan_enabled` flag and only matters when a UniFi LTE failover device is in use; otherwise it is cosmetic. Defaults to `true` (network stays available during LTE failover); set to `false` to disable it while on the LTE backup link. The controller may set this automatically, which is why existing networks can show differing values.","description_kind":"markdown","optional":true,"computed":true},"multicast_dns":{"type":"bool","description":"Specifies whether mDNS is enabled. This is read back from the controller rather than defaulted: some controllers (notably UniFi OS gateways) ignore `mdns_enabled` at create/update time and always store `false`, so forcing a `true` default produced a \"provider produced inconsistent result after apply\" error.","description_kind":"markdown","optional":true,"computed":true},"name":{"type":"string","description":"The name of the network.","description_kind":"markdown","required":true},"nat_outbound_ip_addresses":{"nested_type":{"attributes":{"ip_address":{"type":"string","description":"The IP address.","description_kind":"markdown","optional":true},"ip_address_pool":{"type":["list","string"],"description":"The IP address pool.","description_kind":"markdown","optional":true},"mode":{"type":"string","description":"The mode.","description_kind":"markdown","optional":true},"wan_network_group":{"type":"string","description":"The WAN network group.","description_kind":"markdown","optional":true}},"nesting_mode":"list"},"description":"List of NAT outbound IP addresses.","description_kind":"markdown","optional":true},"network_isolation":{"type":"bool","description":"Specifies whether network isolation is enabled.","description_kind":"markdown","optional":true,"computed":true},"purpose":{"type":"string","description":"The network purpose: `corporate` (default), `guest`, or `vlan-only`. Leave unset to let the controller manage it (a `third_party_gateway` network is always `vlan-only`). **Note:** on Zone-Based-Firewall controllers the purpose is coupled to the firewall zone — a `guest` network only keeps `purpose = \"guest\"` while it belongs to the guest/Hotspot zone (assign it there via `unifi_firewall_zone`), otherwise the controller rewrites it back to `corporate` and the apply fails with an inconsistent-result error.","description_kind":"markdown","optional":true,"computed":true},"setting_preference":{"type":"string","description":"Setting preference. Must be one of `auto` or `manual`.","description_kind":"markdown","optional":true,"computed":true},"site":{"type":"string","description":"The name of the site to associate the network with.","description_kind":"markdown","optional":true,"computed":true},"subnet":{"type":"string","description":"The network's gateway IP and prefix in CIDR notation. The host portion is the gateway address the controller assigns — it need not be the first usable address: `10.0.10.1/24` uses gateway `10.0.10.1`, while `10.0.10.254/24` uses gateway `10.0.10.254` on the same subnet. Optional: it is not required for `vlan_only` networks (`third_party_gateway = true`), where the UniFi controller does not manage the subnet.","description_kind":"markdown","optional":true},"third_party_gateway":{"type":"bool","description":"Specifies whether this network uses a third-party gateway. When enabled, the network purpose is set to `vlan-only` and only VLAN ID, DHCP guarding, and basic network settings are configured.","description_kind":"markdown","optional":true,"computed":true},"timeouts":{"nested_type":{"attributes":{"create":{"type":"string","description":"A string that can be [parsed as a duration](https://pkg.go.dev/time#ParseDuration) consisting of numbers and unit suffixes, such as \"30s\" or \"2h45m\". Valid time units are \"s\" (seconds), \"m\" (minutes), \"h\" (hours).","description_kind":"plain","optional":true},"delete":{"type":"string","description":"A string that can be [parsed as a duration](https://pkg.go.dev/time#ParseDuration) consisting of numbers and unit suffixes, such as \"30s\" or \"2h45m\". Valid time units are \"s\" (seconds), \"m\" (minutes), \"h\" (hours). Setting a timeout for a Delete operation is only applicable if changes are saved into state before the destroy operation occurs.","description_kind":"plain","optional":true},"read":{"type":"string","description":"A string that can be [parsed as a duration](https://pkg.go.dev/time#ParseDuration) consisting of numbers and unit suffixes, such as \"30s\" or \"2h45m\". Valid time units are \"s\" (seconds), \"m\" (minutes), \"h\" (hours). Read operations occur during any refresh or planning operation when refresh is enabled.","description_kind":"plain","optional":true},"update":{"type":"string","description":"A string that can be [parsed as a duration](https://pkg.go.dev/time#ParseDuration) consisting of numbers and unit suffixes, such as \"30s\" or \"2h45m\". Valid time units are \"s\" (seconds), \"m\" (minutes), \"h\" (hours).","description_kind":"plain","optional":true}},"nesting_mode":"single"},"description_kind":"plain","optional":true},"vlan":{"type":"number","description":"The VLAN ID for the network.","description_kind":"markdown","optional":true}},"description":"`unifi_network` manages networks (VLANs) in the UniFi controller.","description_kind":"markdown"}},"unifi_port_forward":{"version":0,"block":{"attributes":{"destination_ips":{"nested_type":{"attributes":{"destination_ip":{"type":"string","description":"The destination IPv4 address. Use `any` for all addresses.","description_kind":"markdown","optional":true},"interface":{"type":"string","description":"The WAN interface for this destination (e.g. `wan`, `wan2`).","description_kind":"markdown","optional":true}},"nesting_mode":"list"},"description":"Additional destination IP/interface pairs for the port forwarding rule, used for multi-WAN setups.","description_kind":"markdown","optional":true},"enabled":{"type":"bool","description":"Specifies whether the port forwarding rule is enabled or not.","description_kind":"markdown","deprecated":true,"optional":true,"computed":true},"forward":{"nested_type":{"attributes":{"ip":{"type":"string","description":"The forward IPv4 address to send traffic to.","description_kind":"markdown","optional":true},"port":{"type":"string","description":"The forward port or port range (e.g. `1-10,11,12`).","description_kind":"markdown","optional":true}},"nesting_mode":"single"},"description":"Forward destination configuration.","description_kind":"markdown","optional":true},"id":{"type":"string","description":"The ID of the port forwarding rule.","description_kind":"markdown","computed":true},"logging":{"type":"bool","description":"Specifies whether to enable syslog logging for forwarded traffic.","description_kind":"markdown","optional":true,"computed":true},"name":{"type":"string","description":"The name of the port forwarding rule.","description_kind":"markdown","optional":true},"protocol":{"type":"string","description":"The protocol for the port forwarding rule. Can be `tcp`, `udp`, or `tcp_udp`.","description_kind":"markdown","optional":true,"computed":true},"site":{"type":"string","description":"The name of the site to associate the port forwarding rule with.","description_kind":"markdown","optional":true,"computed":true},"source_limiting":{"nested_type":{"attributes":{"enabled":{"type":"bool","description":"Specifies whether source limiting is enabled.","description_kind":"markdown","optional":true,"computed":true},"firewall_group_id":{"type":"string","description":"The ID of the firewall group to use for source limiting.","description_kind":"markdown","optional":true},"ip":{"type":"string","description":"The source IPv4 address (or CIDR) of the port forwarding rule. For all traffic, specify `any`.","description_kind":"markdown","optional":true,"computed":true},"type":{"type":"string","description":"The source limiting type. Can be `ip` or `firewall_group`. Inferred automatically when only one of `ip` or `firewall_group_id` is set.","description_kind":"markdown","optional":true,"computed":true}},"nesting_mode":"single"},"description":"Source limiting configuration for the port forwarding rule.","description_kind":"markdown","optional":true},"timeouts":{"nested_type":{"attributes":{"create":{"type":"string","description":"A string that can be [parsed as a duration](https://pkg.go.dev/time#ParseDuration) consisting of numbers and unit suffixes, such as \"30s\" or \"2h45m\". Valid time units are \"s\" (seconds), \"m\" (minutes), \"h\" (hours).","description_kind":"plain","optional":true},"delete":{"type":"string","description":"A string that can be [parsed as a duration](https://pkg.go.dev/time#ParseDuration) consisting of numbers and unit suffixes, such as \"30s\" or \"2h45m\". Valid time units are \"s\" (seconds), \"m\" (minutes), \"h\" (hours). Setting a timeout for a Delete operation is only applicable if changes are saved into state before the destroy operation occurs.","description_kind":"plain","optional":true},"read":{"type":"string","description":"A string that can be [parsed as a duration](https://pkg.go.dev/time#ParseDuration) consisting of numbers and unit suffixes, such as \"30s\" or \"2h45m\". Valid time units are \"s\" (seconds), \"m\" (minutes), \"h\" (hours). Read operations occur during any refresh or planning operation when refresh is enabled.","description_kind":"plain","optional":true},"update":{"type":"string","description":"A string that can be [parsed as a duration](https://pkg.go.dev/time#ParseDuration) consisting of numbers and unit suffixes, such as \"30s\" or \"2h45m\". Valid time units are \"s\" (seconds), \"m\" (minutes), \"h\" (hours).","description_kind":"plain","optional":true}},"nesting_mode":"single"},"description_kind":"plain","optional":true},"wan":{"nested_type":{"attributes":{"interface":{"type":"string","description":"The WAN interface. Can be `wan`, `wan2`, or `both`.","description_kind":"markdown","optional":true},"ip_address":{"type":"string","description":"The WAN IP address for the port forwarding rule. Use `any` for all addresses.","description_kind":"markdown","optional":true},"port":{"type":"string","description":"The WAN port or port range (e.g. `1-10,11,12`).","description_kind":"markdown","optional":true}},"nesting_mode":"single"},"description":"WAN configuration for the port forwarding rule.","description_kind":"markdown","optional":true}},"description":"Manages a port forwarding rule on the gateway.","description_kind":"markdown"}},"unifi_port_profile":{"version":1,"block":{"attributes":{"autoneg":{"type":"bool","description":"Enable link auto negotiation for the port profile. When set to `true` this overrides `speed`.","description_kind":"plain","optional":true,"computed":true},"dot1x_ctrl":{"type":"string","description":"The type of 802.1X control to use. Can be `auto`, `force_authorized`, `force_unauthorized`, `mac_based` or `multi_host`.","description_kind":"plain","optional":true,"computed":true},"dot1x_idle_timeout":{"type":"string","description":"The idle timeout to use when using MAC Based 802.1X control, as a Go duration string (e.g. `5m`, `300s`). Defaults to `5m0s`.","description_kind":"plain","optional":true,"computed":true},"egress_rate_limit_kbps":{"type":"number","description":"The egress rate limit, in kpbs, for the port profile. Can be between `64` and `9999999`.","description_kind":"plain","optional":true},"egress_rate_limit_kbps_enabled":{"type":"bool","description":"Enable egress rate limiting for the port profile.","description_kind":"plain","optional":true,"computed":true},"excluded_networkconf_ids":{"type":["set","string"],"description":"The IDs of networks excluded from the port profile (used when `tagged_vlan_mgmt` is `custom`). Computed from the controller when not set.","description_kind":"plain","optional":true,"computed":true},"fec_mode":{"type":"string","description":"Forward Error Correction mode. Can be `rs-fec`, `fc-fec`, `default`, or `disabled`.","description_kind":"plain","optional":true},"forward":{"type":"string","description":"The type forwarding to use for the port profile. Can be `all`, `native`, `customize` or `disabled`.","description_kind":"plain","optional":true,"computed":true},"full_duplex":{"type":"bool","description":"Enable full duplex for the port profile.","description_kind":"plain","optional":true,"computed":true},"id":{"type":"string","description":"The ID of the port profile.","description_kind":"plain","computed":true},"isolation":{"type":"bool","description":"Enable port isolation for the port profile.","description_kind":"plain","optional":true,"computed":true},"lldpmed_enabled":{"type":"bool","description":"Enable LLDP-MED for the port profile.","description_kind":"plain","optional":true,"computed":true},"lldpmed_notify_enabled":{"type":"bool","description":"Enable LLDP-MED topology change notifications for the port profile.","description_kind":"plain","optional":true},"multicast_router_networkconf_ids":{"type":["set","string"],"description":"The IDs of networks designated as multicast routers for the port profile.","description_kind":"plain","optional":true},"name":{"type":"string","description":"The name of the port profile.","description_kind":"plain","optional":true},"native_networkconf_id":{"type":"string","description":"The ID of network to use as the main (native/untagged) network on the port profile. Assigned by the controller if not set.","description_kind":"plain","optional":true,"computed":true},"op_mode":{"type":"string","description":"The operation mode for the port profile. Can only be `switch`","description_kind":"plain","optional":true,"computed":true},"poe_mode":{"type":"string","description":"The POE mode for the port profile. Can be one of `auto`, `passv24`, `passthrough` or `off`.","description_kind":"plain","optional":true},"port_keepalive_enabled":{"type":"bool","description":"Enable port keepalive for the port profile.","description_kind":"plain","optional":true,"computed":true},"port_security_enabled":{"type":"bool","description":"Enable port security for the port profile.","description_kind":"plain","optional":true,"computed":true},"port_security_mac_address":{"type":["set","string"],"description":"The MAC addresses associated with the port security for the port profile.","description_kind":"plain","optional":true},"priority_queue1_level":{"type":"number","description":"The priority queue 1 level for the port profile. Can be between 0 and 100.","description_kind":"plain","optional":true},"priority_queue2_level":{"type":"number","description":"The priority queue 2 level for the port profile. Can be between 0 and 100.","description_kind":"plain","optional":true},"priority_queue3_level":{"type":"number","description":"The priority queue 3 level for the port profile. Can be between 0 and 100.","description_kind":"plain","optional":true},"priority_queue4_level":{"type":"number","description":"The priority queue 4 level for the port profile. Can be between 0 and 100.","description_kind":"plain","optional":true},"setting_preference":{"type":"string","description":"Whether the port profile settings are managed automatically or manually. Can be `auto` or `manual`.","description_kind":"plain","optional":true,"computed":true},"site":{"type":"string","description":"The name of the site to associate the port profile with.","description_kind":"plain","optional":true,"computed":true},"speed":{"type":"number","description":"The link speed to set for the port profile. Can be one of `10`, `100`, `1000`, `2500`, `5000`, `10000`, `20000`, `25000`, `40000`, `50000` or `100000`","description_kind":"plain","optional":true},"stormctrl_bcast_enabled":{"type":"bool","description":"Enable broadcast Storm Control for the port profile.","description_kind":"plain","optional":true,"computed":true},"stormctrl_bcast_level":{"type":"number","description":"The broadcast Storm Control level for the port profile. Can be between 0 and 100.","description_kind":"plain","optional":true},"stormctrl_bcast_rate":{"type":"number","description":"The broadcast Storm Control rate for the port profile. Can be between 0 and 14880000.","description_kind":"plain","optional":true},"stormctrl_mcast_enabled":{"type":"bool","description":"Enable multicast Storm Control for the port profile.","description_kind":"plain","optional":true,"computed":true},"stormctrl_mcast_level":{"type":"number","description":"The multicast Storm Control level for the port profile. Can be between 0 and 100.","description_kind":"plain","optional":true},"stormctrl_mcast_rate":{"type":"number","description":"The multicast Storm Control rate for the port profile. Can be between 0 and 14880000.","description_kind":"plain","optional":true},"stormctrl_type":{"type":"string","description":"The type of Storm Control to use for the port profile. Can be `level` or `rate`.","description_kind":"plain","optional":true},"stormctrl_ucast_enabled":{"type":"bool","description":"Enable unknown unicast Storm Control for the port profile.","description_kind":"plain","optional":true,"computed":true},"stormctrl_ucast_level":{"type":"number","description":"The unknown unicast Storm Control level for the port profile. Can be between 0 and 100.","description_kind":"plain","optional":true},"stormctrl_ucast_rate":{"type":"number","description":"The unknown unicast Storm Control rate for the port profile. Can be between 0 and 14880000.","description_kind":"plain","optional":true},"stp_port_mode":{"type":"bool","description":"Enable Spanning Tree Protocol (STP) for the port profile. Computed from the controller when not set.","description_kind":"plain","optional":true,"computed":true},"tagged_networkconf_ids":{"type":["set","string"],"description":"The IDs of networks to tag traffic with for the port profile.","description_kind":"plain","optional":true},"tagged_vlan_mgmt":{"type":"string","description":"How tagged VLANs are managed on the port. Can be `auto`, `block_all`, or `custom`.","description_kind":"plain","optional":true,"computed":true},"timeouts":{"nested_type":{"attributes":{"create":{"type":"string","description":"A string that can be [parsed as a duration](https://pkg.go.dev/time#ParseDuration) consisting of numbers and unit suffixes, such as \"30s\" or \"2h45m\". Valid time units are \"s\" (seconds), \"m\" (minutes), \"h\" (hours).","description_kind":"plain","optional":true},"delete":{"type":"string","description":"A string that can be [parsed as a duration](https://pkg.go.dev/time#ParseDuration) consisting of numbers and unit suffixes, such as \"30s\" or \"2h45m\". Valid time units are \"s\" (seconds), \"m\" (minutes), \"h\" (hours). Setting a timeout for a Delete operation is only applicable if changes are saved into state before the destroy operation occurs.","description_kind":"plain","optional":true},"read":{"type":"string","description":"A string that can be [parsed as a duration](https://pkg.go.dev/time#ParseDuration) consisting of numbers and unit suffixes, such as \"30s\" or \"2h45m\". Valid time units are \"s\" (seconds), \"m\" (minutes), \"h\" (hours). Read operations occur during any refresh or planning operation when refresh is enabled.","description_kind":"plain","optional":true},"update":{"type":"string","description":"A string that can be [parsed as a duration](https://pkg.go.dev/time#ParseDuration) consisting of numbers and unit suffixes, such as \"30s\" or \"2h45m\". Valid time units are \"s\" (seconds), \"m\" (minutes), \"h\" (hours).","description_kind":"plain","optional":true}},"nesting_mode":"single"},"description_kind":"plain","optional":true},"voice_networkconf_id":{"type":"string","description":"The ID of network to use for voice traffic for the port profile.","description_kind":"plain","optional":true}},"description":"`unifi_port_profile` manages a port profile for use on network switches.","description_kind":"plain"}},"unifi_power_supervisor":{"version":1,"block":{"attributes":{"consecutive_failures":{"type":"number","description":"Number of consecutive heartbeat failures observed by the controller (read-only).","description_kind":"markdown","computed":true},"device_mac":{"type":"string","description":"MAC address of the supervised device (the controller keys supervisors per device). Changing it replaces the supervisor.","description_kind":"markdown","required":true},"enabled":{"type":"bool","description":"Whether supervision is enabled. Defaults to `true`.","description_kind":"markdown","optional":true,"computed":true},"heartbeat_interval":{"type":"string","description":"How often the controller probes the device, as a Go duration string (e.g. `60s`, `1m`). Defaults to `1m0s`.","description_kind":"markdown","optional":true,"computed":true},"id":{"type":"string","description":"The controller-assigned ID of the power supervisor.","description_kind":"markdown","computed":true},"power_off_duration":{"type":"string","description":"How long the upstream PoE source stays off during a power-cycle, as a Go duration string (e.g. `2m`). Defaults to `2m0s`.","description_kind":"markdown","optional":true,"computed":true},"power_sources":{"nested_type":{"attributes":{"client_psu_index":{"type":"number","description":"Index of the supervised device's PSU.","description_kind":"markdown","computed":true},"power_source_index":{"type":"number","description":"Port/outlet index on the upstream source.","description_kind":"markdown","computed":true},"power_source_mac":{"type":"string","description":"MAC of the upstream source (e.g. the PoE switch).","description_kind":"markdown","computed":true},"power_source_type":{"type":"string","description":"Type of the upstream source (e.g. `poe_port`).","description_kind":"markdown","computed":true}},"nesting_mode":"list"},"description":"The upstream power source(s) the controller resolved for the device and will cycle on recovery (read-only).","description_kind":"markdown","computed":true},"silence_threshold":{"type":"string","description":"How long the device may be silent before the controller power-cycles its upstream PoE source, as a Go duration string (e.g. `15m`). Defaults to `15m0s`.","description_kind":"markdown","optional":true,"computed":true},"site":{"type":"string","description":"The name of the site the supervisor belongs to.","description_kind":"markdown","optional":true,"computed":true},"timeouts":{"nested_type":{"attributes":{"create":{"type":"string","description":"A string that can be [parsed as a duration](https://pkg.go.dev/time#ParseDuration) consisting of numbers and unit suffixes, such as \"30s\" or \"2h45m\". Valid time units are \"s\" (seconds), \"m\" (minutes), \"h\" (hours).","description_kind":"plain","optional":true},"delete":{"type":"string","description":"A string that can be [parsed as a duration](https://pkg.go.dev/time#ParseDuration) consisting of numbers and unit suffixes, such as \"30s\" or \"2h45m\". Valid time units are \"s\" (seconds), \"m\" (minutes), \"h\" (hours). Setting a timeout for a Delete operation is only applicable if changes are saved into state before the destroy operation occurs.","description_kind":"plain","optional":true},"read":{"type":"string","description":"A string that can be [parsed as a duration](https://pkg.go.dev/time#ParseDuration) consisting of numbers and unit suffixes, such as \"30s\" or \"2h45m\". Valid time units are \"s\" (seconds), \"m\" (minutes), \"h\" (hours). Read operations occur during any refresh or planning operation when refresh is enabled.","description_kind":"plain","optional":true},"update":{"type":"string","description":"A string that can be [parsed as a duration](https://pkg.go.dev/time#ParseDuration) consisting of numbers and unit suffixes, such as \"30s\" or \"2h45m\". Valid time units are \"s\" (seconds), \"m\" (minutes), \"h\" (hours).","description_kind":"plain","optional":true}},"nesting_mode":"single"},"description_kind":"plain","optional":true}},"description":"Manages a UniFi **Device Supervisor** (UniFi Network 10.2+): heartbeat monitoring of a device plus automatic power-cycling of its upstream PoE source after a silence threshold. The supervised device is referenced by its MAC; the controller resolves the upstream PoE port automatically.","description_kind":"markdown"}},"unifi_radius_profile":{"version":1,"block":{"attributes":{"accounting_enabled":{"type":"bool","description":"Specifies whether to use RADIUS accounting.","description_kind":"markdown","optional":true,"computed":true},"id":{"type":"string","description":"The ID of the settings.","description_kind":"markdown","computed":true},"interim_update_enabled":{"type":"bool","description":"Specifies whether to use interim_update.","description_kind":"markdown","optional":true,"computed":true},"interim_update_interval":{"type":"string","description":"Specifies the RADIUS interim update interval, as a Go duration string (e.g. `1h`, `3600s`). Defaults to `1h0m0s`.","description_kind":"markdown","optional":true,"computed":true},"name":{"type":"string","description":"The name of the profile.","description_kind":"markdown","required":true},"site":{"type":"string","description":"The name of the site to associate the settings with.","description_kind":"markdown","optional":true,"computed":true},"timeouts":{"nested_type":{"attributes":{"create":{"type":"string","description":"A string that can be [parsed as a duration](https://pkg.go.dev/time#ParseDuration) consisting of numbers and unit suffixes, such as \"30s\" or \"2h45m\". Valid time units are \"s\" (seconds), \"m\" (minutes), \"h\" (hours).","description_kind":"plain","optional":true},"delete":{"type":"string","description":"A string that can be [parsed as a duration](https://pkg.go.dev/time#ParseDuration) consisting of numbers and unit suffixes, such as \"30s\" or \"2h45m\". Valid time units are \"s\" (seconds), \"m\" (minutes), \"h\" (hours). Setting a timeout for a Delete operation is only applicable if changes are saved into state before the destroy operation occurs.","description_kind":"plain","optional":true},"read":{"type":"string","description":"A string that can be [parsed as a duration](https://pkg.go.dev/time#ParseDuration) consisting of numbers and unit suffixes, such as \"30s\" or \"2h45m\". Valid time units are \"s\" (seconds), \"m\" (minutes), \"h\" (hours). Read operations occur during any refresh or planning operation when refresh is enabled.","description_kind":"plain","optional":true},"update":{"type":"string","description":"A string that can be [parsed as a duration](https://pkg.go.dev/time#ParseDuration) consisting of numbers and unit suffixes, such as \"30s\" or \"2h45m\". Valid time units are \"s\" (seconds), \"m\" (minutes), \"h\" (hours).","description_kind":"plain","optional":true}},"nesting_mode":"single"},"description_kind":"plain","optional":true},"use_usg_acct_server":{"type":"bool","description":"Specifies whether to use usg as a RADIUS accounting server.","description_kind":"markdown","optional":true,"computed":true},"use_usg_auth_server":{"type":"bool","description":"Specifies whether to use usg as a RADIUS authentication server.","description_kind":"markdown","optional":true,"computed":true},"vlan_enabled":{"type":"bool","description":"Specifies whether to use vlan on wired connections.","description_kind":"markdown","optional":true,"computed":true},"vlan_wlan_mode":{"type":"string","description":"Specifies whether to use vlan on wireless connections. Must be one of `disabled`, `optional`, or `required`.","description_kind":"markdown","optional":true,"computed":true}},"block_types":{"acct_server":{"nesting_mode":"list","block":{"attributes":{"ip":{"type":"string","description":"IP address of accounting service server.","description_kind":"markdown","required":true},"port":{"type":"number","description":"Port of accounting service.","description_kind":"markdown","optional":true,"computed":true},"secret":{"type":"string","description":"Shared secret for accounting server.","description_kind":"markdown","required":true,"sensitive":true}},"description":"RADIUS accounting servers.","description_kind":"markdown"}},"auth_server":{"nesting_mode":"list","block":{"attributes":{"ip":{"type":"string","description":"IP address of authentication service server.","description_kind":"markdown","required":true},"port":{"type":"number","description":"Port of authentication service.","description_kind":"markdown","optional":true,"computed":true},"secret":{"type":"string","description":"Shared secret for authentication server.","description_kind":"markdown","required":true,"sensitive":true}},"description":"RADIUS authentication servers.","description_kind":"markdown"}}},"description":"Manages RADIUS profiles.","description_kind":"markdown"}},"unifi_radius_user":{"version":0,"block":{"attributes":{"id":{"type":"string","description":"The ID of the account.","description_kind":"markdown","computed":true},"name":{"type":"string","description":"The name of the account.","description_kind":"markdown","required":true},"network_id":{"type":"string","description":"ID of the network for this account. When set and `vlan` is omitted, the account inherits that network's VLAN (so RADIUS/MAB VLAN assignment is applied).","description_kind":"markdown","optional":true},"password":{"type":"string","description":"The password of the account.","description_kind":"markdown","required":true,"sensitive":true},"site":{"type":"string","description":"The name of the site to associate the account with.","description_kind":"markdown","optional":true,"computed":true},"timeouts":{"nested_type":{"attributes":{"create":{"type":"string","description":"A string that can be [parsed as a duration](https://pkg.go.dev/time#ParseDuration) consisting of numbers and unit suffixes, such as \"30s\" or \"2h45m\". Valid time units are \"s\" (seconds), \"m\" (minutes), \"h\" (hours).","description_kind":"plain","optional":true},"delete":{"type":"string","description":"A string that can be [parsed as a duration](https://pkg.go.dev/time#ParseDuration) consisting of numbers and unit suffixes, such as \"30s\" or \"2h45m\". Valid time units are \"s\" (seconds), \"m\" (minutes), \"h\" (hours). Setting a timeout for a Delete operation is only applicable if changes are saved into state before the destroy operation occurs.","description_kind":"plain","optional":true},"read":{"type":"string","description":"A string that can be [parsed as a duration](https://pkg.go.dev/time#ParseDuration) consisting of numbers and unit suffixes, such as \"30s\" or \"2h45m\". Valid time units are \"s\" (seconds), \"m\" (minutes), \"h\" (hours). Read operations occur during any refresh or planning operation when refresh is enabled.","description_kind":"plain","optional":true},"update":{"type":"string","description":"A string that can be [parsed as a duration](https://pkg.go.dev/time#ParseDuration) consisting of numbers and unit suffixes, such as \"30s\" or \"2h45m\". Valid time units are \"s\" (seconds), \"m\" (minutes), \"h\" (hours).","description_kind":"plain","optional":true}},"nesting_mode":"single"},"description_kind":"plain","optional":true},"tunnel_config_type":{"type":"string","description":"The tunnel configuration type. Can be `vpn`, `802.1x`, or `custom`.","description_kind":"markdown","optional":true},"tunnel_medium_type":{"type":"number","description":"See [RFC 2868](https://www.rfc-editor.org/rfc/rfc2868) section 3.2","description_kind":"markdown","optional":true,"computed":true},"tunnel_type":{"type":"number","description":"See [RFC 2868](https://www.rfc-editor.org/rfc/rfc2868) section 3.1. Valid values are 1-13; `13` (VLAN) is the most common.","description_kind":"markdown","optional":true,"computed":true},"vlan":{"type":"number","description":"VLAN assigned to the account. If omitted but `network_id` is set, it is derived from that network's VLAN. If neither is set, the client falls back to the untagged VLAN.","description_kind":"markdown","optional":true,"computed":true}},"description":"Manages a RADIUS user account\n\nTo authenticate devices based on MAC address, use the MAC address as the username and password under client creation.\nConvert lowercase letters to uppercase, and also remove colons or periods from the MAC address.\n\nATTENTION: If the user profile does not include a VLAN, the client will fall back to the untagged VLAN.\n\nNOTE: MAC-based authentication accounts can only be used for wireless and wired clients. L2TP remote access does not apply.","description_kind":"markdown"}},"unifi_setting":{"version":1,"block":{"attributes":{"auto_speedtest":{"nested_type":{"attributes":{"cron_expr":{"type":"string","description":"Cron expression controlling when the speed test runs (e.g. `0 * * * *`).","description_kind":"markdown","optional":true,"computed":true},"enabled":{"type":"bool","description":"Whether periodic automated speed tests are enabled.","description_kind":"markdown","optional":true,"computed":true}},"nesting_mode":"single"},"description":"Periodic automated internet speed test settings.","description_kind":"markdown","optional":true,"computed":true},"country":{"nested_type":{"attributes":{"code":{"type":"number","description":"Regulatory country code (ISO 3166-1 numeric).","description_kind":"markdown","required":true}},"nesting_mode":"single"},"description":"Regulatory country settings.","description_kind":"markdown","optional":true,"computed":true},"doh":{"nested_type":{"attributes":{"custom_servers":{"nested_type":{"attributes":{"enabled":{"type":"bool","description":"Enable this custom server. Defaults to true.","description_kind":"markdown","optional":true,"computed":true},"sdns_stamp":{"type":"string","description":"DNS stamp (sdns://) for the custom resolver.","description_kind":"markdown","required":true},"server_name":{"type":"string","description":"Human-readable name for this custom server.","description_kind":"markdown","required":true}},"nesting_mode":"list"},"description":"Custom DNS servers specified via DNS stamp.","description_kind":"markdown","optional":true,"computed":true},"server_names":{"type":["list","string"],"description":"Predefined DNS provider names (e.g. \"cloudflare\", \"google\").","description_kind":"markdown","optional":true,"computed":true},"state":{"type":"string","description":"Encrypted DNS state: off, auto, manual, or custom.","description_kind":"markdown","optional":true,"computed":true}},"nesting_mode":"single"},"description":"Encrypted DNS (DNS-over-HTTPS) settings.","description_kind":"markdown","optional":true,"computed":true},"dpi":{"nested_type":{"attributes":{"enabled":{"type":"bool","description":"Whether DPI is enabled.","description_kind":"markdown","optional":true,"computed":true},"fingerprinting_enabled":{"type":"bool","description":"Whether device fingerprinting is enabled.","description_kind":"markdown","optional":true,"computed":true}},"nesting_mode":"single"},"description":"Deep Packet Inspection (DPI) settings.","description_kind":"markdown","optional":true,"computed":true},"id":{"type":"string","description":"The ID of the settings.","description_kind":"markdown","computed":true},"igmp_snooping":{"nested_type":{"attributes":{"enabled":{"type":"bool","description":"Whether IGMP snooping is enabled for the site.","description_kind":"markdown","optional":true,"computed":true},"network_ids":{"type":["list","string"],"description":"IDs of the networks IGMP snooping applies to.","description_kind":"markdown","optional":true,"computed":true}},"nesting_mode":"single"},"description":"Site-level IGMP snooping setting. On UniFi Network 10.3.x+ the effective IGMP snooping toggle lives here rather than on each network. Advanced querier/flood options configured in the UI are preserved across updates.","description_kind":"markdown","optional":true},"ips":{"nested_type":{"attributes":{"advanced_filtering_preference":{"type":"string","description":"Advanced filtering mode: manual or disabled.","description_kind":"markdown","optional":true,"computed":true},"content_filtering_blocking_page_enabled":{"type":"bool","description":"Show a blocking page when content filtering blocks a request.","description_kind":"markdown","optional":true,"computed":true},"enabled_categories":{"type":["list","string"],"description":"Emerging Threats ruleset categories to enable (e.g. \"emerging-malware\", \"tor\", \"phishing\").","description_kind":"markdown","optional":true,"computed":true},"enabled_networks":{"type":["list","string"],"description":"Network IDs to apply IPS inspection to.","description_kind":"markdown","optional":true,"computed":true},"honeypot":{"nested_type":{"attributes":{"ip_address":{"type":"string","description":"IP address to use as a honeypot.","description_kind":"markdown","required":true},"network_id":{"type":"string","description":"Network ID this honeypot IP belongs to.","description_kind":"markdown","required":true},"version":{"type":"string","description":"IP version: v4 or v6.","description_kind":"markdown","required":true}},"nesting_mode":"list"},"description":"Honeypot IP addresses per network.","description_kind":"markdown","optional":true,"computed":true},"honeypot_enabled":{"type":"bool","description":"Enable honeypot to detect internal port scans.","description_kind":"markdown","optional":true,"computed":true},"ips_mode":{"type":"string","description":"IPS operating mode: ids (detect only), ips (detect and block), ipsInline, or disabled.","description_kind":"markdown","optional":true,"computed":true},"memory_optimized":{"type":"bool","description":"Use memory-optimized IPS ruleset (reduced rule set for low-memory devices).","description_kind":"markdown","optional":true,"computed":true},"restrict_torrents":{"type":"bool","description":"Block BitTorrent traffic.","description_kind":"markdown","optional":true,"computed":true},"suppression_alerts":{"nested_type":{"attributes":{"category":{"type":"string","description":"Alert suppression signature category.","description_kind":"markdown","optional":true,"computed":true},"gid":{"type":"number","description":"Signature Generator ID (GID).","description_kind":"markdown","optional":true,"computed":true},"id":{"type":"number","description":"Signature ID.","description_kind":"markdown","optional":true,"computed":true},"signature":{"type":"string","description":"Suppression signature name.","description_kind":"markdown","optional":true,"computed":true},"tracking":{"nested_type":{"attributes":{"direction":{"type":"string","description":"Match direction: both, src, or dest.","description_kind":"markdown","required":true},"mode":{"type":"string","description":"Match mode: ip, subnet, or network.","description_kind":"markdown","required":true},"value":{"type":"string","description":"IP address, CIDR subnet, or network ID to match.","description_kind":"markdown","required":true}},"nesting_mode":"list"},"description":"Tracking specifications (used when `type` is `track`).","description_kind":"markdown","optional":true,"computed":true},"type":{"type":"string","description":"Suppression type: `all` (everywhere) or `track` (only the tracked sources/destinations).","description_kind":"markdown","optional":true,"computed":true}},"nesting_mode":"list"},"description":"IPS signature alert suppression entries — silence specific signatures or categories.","description_kind":"markdown","optional":true,"computed":true},"suppression_whitelist":{"nested_type":{"attributes":{"direction":{"type":"string","description":"Match direction: both, src, or dest.","description_kind":"markdown","required":true},"mode":{"type":"string","description":"Match mode: ip, subnet, or network.","description_kind":"markdown","required":true},"value":{"type":"string","description":"IP address, CIDR subnet, or network ID to whitelist.","description_kind":"markdown","required":true}},"nesting_mode":"list"},"description":"IPS suppression whitelist entries — sources/destinations to exclude from inspection.","description_kind":"markdown","optional":true,"computed":true}},"nesting_mode":"single"},"description":"Intrusion Prevention System (IPS/IDS) and threat management settings. Basic IDS/IPS uses the built-in Emerging Threats ruleset and is free. A UniFi CyberSecure subscription adds enhanced threat intelligence from Proofpoint and Cloudflare on top of the base ruleset.","description_kind":"markdown","optional":true,"computed":true},"lcm":{"nested_type":{"attributes":{"brightness":{"type":"number","description":"Display brightness (1-100).","description_kind":"markdown","optional":true,"computed":true},"enabled":{"type":"bool","description":"Whether the device display is enabled.","description_kind":"markdown","optional":true,"computed":true},"idle_timeout":{"type":"number","description":"Seconds of inactivity before the display turns off (10-3600).","description_kind":"markdown","optional":true,"computed":true},"sync":{"type":"bool","description":"Sync display settings across devices.","description_kind":"markdown","optional":true,"computed":true},"touch_event":{"type":"bool","description":"Whether touch events on the display are enabled.","description_kind":"markdown","optional":true,"computed":true}},"nesting_mode":"single"},"description":"LCD/display (LCM) settings for devices with a screen.","description_kind":"markdown","optional":true,"computed":true},"mgmt":{"nested_type":{"attributes":{"advanced_feature_enabled":{"type":"bool","description":"Enable advanced features.","description_kind":"markdown","optional":true,"computed":true},"auto_upgrade":{"type":"bool","description":"Automatically upgrade device firmware.","description_kind":"markdown","optional":true,"computed":true},"auto_upgrade_hour":{"type":"number","description":"Hour of day (0-23) for automatic firmware upgrades.","description_kind":"markdown","optional":true,"computed":true},"debug_tools_enabled":{"type":"bool","description":"Enable debug tools.","description_kind":"markdown","optional":true,"computed":true},"direct_connect_enabled":{"type":"bool","description":"Enable Direct Connect (remote access).","description_kind":"markdown","optional":true,"computed":true},"ssh_auth_password_enabled":{"type":"bool","description":"Allow SSH password authentication (in addition to keys).","description_kind":"markdown","optional":true,"computed":true},"ssh_enabled":{"type":"bool","description":"Enable SSH authentication.","description_kind":"markdown","optional":true,"computed":true},"ssh_keys":{"nested_type":{"attributes":{"comment":{"type":"string","description":"Comment.","description_kind":"markdown","optional":true,"computed":true},"key":{"type":"string","description":"Public SSH key.","description_kind":"markdown","optional":true,"computed":true},"name":{"type":"string","description":"Name of SSH key.","description_kind":"markdown","required":true},"type":{"type":"string","description":"Type of SSH key, e.g. ssh-rsa.","description_kind":"markdown","required":true}},"nesting_mode":"list"},"description":"SSH keys.","description_kind":"markdown","optional":true,"computed":true},"ssh_password":{"type":"string","description":"SSH password for device access. Sensitive — the controller stores only a hash, so this value is kept from configuration and not read back.","description_kind":"markdown","optional":true,"sensitive":true},"ssh_username":{"type":"string","description":"SSH username for device access.","description_kind":"markdown","optional":true,"computed":true},"unifi_idp_enabled":{"type":"bool","description":"Enable the UniFi Identity Provider.","description_kind":"markdown","optional":true,"computed":true},"wifiman_enabled":{"type":"bool","description":"Enable WiFiman.","description_kind":"markdown","optional":true,"computed":true}},"nesting_mode":"single"},"description":"Management settings.","description_kind":"markdown","optional":true,"computed":true},"network_optimization":{"nested_type":{"attributes":{"enabled":{"type":"bool","description":"Whether automated network optimization is enabled.","description_kind":"markdown","optional":true,"computed":true}},"nesting_mode":"single"},"description":"Automated network optimization settings.","description_kind":"markdown","optional":true,"computed":true},"ntp":{"nested_type":{"attributes":{"ntp_server_1":{"type":"string","description":"Primary NTP server.","description_kind":"markdown","optional":true,"computed":true},"ntp_server_2":{"type":"string","description":"Second NTP server.","description_kind":"markdown","optional":true,"computed":true},"ntp_server_3":{"type":"string","description":"Third NTP server.","description_kind":"markdown","optional":true,"computed":true},"ntp_server_4":{"type":"string","description":"Fourth NTP server.","description_kind":"markdown","optional":true,"computed":true},"setting_preference":{"type":"string","description":"Configuration mode: `auto` or `manual`.","description_kind":"markdown","optional":true,"computed":true}},"nesting_mode":"single"},"description":"NTP (time server) settings.","description_kind":"markdown","optional":true,"computed":true},"radius":{"nested_type":{"attributes":{"accounting_enabled":{"type":"bool","description":"Enable RADIUS accounting.","description_kind":"markdown","optional":true,"computed":true},"acct_port":{"type":"number","description":"RADIUS accounting port.","description_kind":"markdown","optional":true,"computed":true},"auth_port":{"type":"number","description":"RADIUS authentication port.","description_kind":"markdown","optional":true,"computed":true},"interim_update_interval":{"type":"string","description":"Interim update interval, as a Go duration string (e.g. `1h`, `3600s`).","description_kind":"markdown","optional":true,"computed":true},"secret":{"type":"string","description":"RADIUS shared secret.","description_kind":"markdown","optional":true,"computed":true,"sensitive":true}},"nesting_mode":"single"},"description":"RADIUS settings.","description_kind":"markdown","optional":true,"computed":true},"site":{"type":"string","description":"The name of the site to associate the settings with.","description_kind":"markdown","optional":true,"computed":true},"syslog":{"nested_type":{"attributes":{"contents":{"type":["list","string"],"description":"Logged facilities (e.g. `device`, `client`, `firewall_default_policy`, `triggers`, `updates`, `admin_activity`, `critical`, `security_detections`, `vpn`).","description_kind":"markdown","optional":true,"computed":true},"debug":{"type":"bool","description":"Enable debug logging.","description_kind":"markdown","optional":true,"computed":true},"enabled":{"type":"bool","description":"Whether remote syslog is enabled.","description_kind":"markdown","optional":true,"computed":true},"ip":{"type":"string","description":"Remote syslog server IP address.","description_kind":"markdown","optional":true,"computed":true},"log_all_contents":{"type":"bool","description":"Log all available facilities.","description_kind":"markdown","optional":true,"computed":true},"netconsole_enabled":{"type":"bool","description":"Whether netconsole logging is enabled.","description_kind":"markdown","optional":true,"computed":true},"netconsole_host":{"type":"string","description":"Netconsole host.","description_kind":"markdown","optional":true,"computed":true},"netconsole_port":{"type":"number","description":"Netconsole port (1-65535).","description_kind":"markdown","optional":true,"computed":true},"port":{"type":"number","description":"Remote syslog server port (1-65535).","description_kind":"markdown","optional":true,"computed":true},"this_controller":{"type":"bool","description":"Also log this controller's events.","description_kind":"markdown","optional":true,"computed":true},"this_controller_encrypted_only":{"type":"bool","description":"Only send this controller's logs over an encrypted channel.","description_kind":"markdown","optional":true,"computed":true}},"nesting_mode":"single"},"description":"Remote syslog (rsyslogd) settings.","description_kind":"markdown","optional":true,"computed":true},"timeouts":{"nested_type":{"attributes":{"create":{"type":"string","description":"A string that can be [parsed as a duration](https://pkg.go.dev/time#ParseDuration) consisting of numbers and unit suffixes, such as \"30s\" or \"2h45m\". Valid time units are \"s\" (seconds), \"m\" (minutes), \"h\" (hours).","description_kind":"plain","optional":true},"delete":{"type":"string","description":"A string that can be [parsed as a duration](https://pkg.go.dev/time#ParseDuration) consisting of numbers and unit suffixes, such as \"30s\" or \"2h45m\". Valid time units are \"s\" (seconds), \"m\" (minutes), \"h\" (hours). Setting a timeout for a Delete operation is only applicable if changes are saved into state before the destroy operation occurs.","description_kind":"plain","optional":true},"read":{"type":"string","description":"A string that can be [parsed as a duration](https://pkg.go.dev/time#ParseDuration) consisting of numbers and unit suffixes, such as \"30s\" or \"2h45m\". Valid time units are \"s\" (seconds), \"m\" (minutes), \"h\" (hours). Read operations occur during any refresh or planning operation when refresh is enabled.","description_kind":"plain","optional":true},"update":{"type":"string","description":"A string that can be [parsed as a duration](https://pkg.go.dev/time#ParseDuration) consisting of numbers and unit suffixes, such as \"30s\" or \"2h45m\". Valid time units are \"s\" (seconds), \"m\" (minutes), \"h\" (hours).","description_kind":"plain","optional":true}},"nesting_mode":"single"},"description_kind":"plain","optional":true},"usg":{"nested_type":{"attributes":{"broadcast_ping":{"type":"bool","description":"Enable broadcast ping.","description_kind":"markdown","optional":true,"computed":true},"dns_verification":{"nested_type":{"attributes":{"domain":{"type":"string","description":"Domain for DNS verification.","description_kind":"markdown","optional":true,"computed":true},"primary_dns_server":{"type":"string","description":"Primary DNS server.","description_kind":"markdown","optional":true,"computed":true},"secondary_dns_server":{"type":"string","description":"Secondary DNS server.","description_kind":"markdown","optional":true,"computed":true},"setting_preference":{"type":"string","description":"Setting preference: auto or manual.","description_kind":"markdown","optional":true,"computed":true}},"nesting_mode":"single"},"description":"DNS verification settings.","description_kind":"markdown","optional":true,"computed":true},"ftp_module":{"type":"bool","description":"Enable FTP module.","description_kind":"markdown","optional":true,"computed":true},"geo_ip_filtering_block":{"type":"string","description":"Geo IP filtering action: block or allow.","description_kind":"markdown","optional":true,"computed":true},"geo_ip_filtering_countries":{"type":"string","description":"Comma-separated list of country codes for geo IP filtering.","description_kind":"markdown","optional":true,"computed":true},"geo_ip_filtering_enabled":{"type":"bool","description":"Enable geo IP filtering.","description_kind":"markdown","optional":true,"computed":true},"geo_ip_filtering_traffic_direction":{"type":"string","description":"Geo IP filtering traffic direction: both, ingress, or egress.","description_kind":"markdown","optional":true,"computed":true},"gre_module":{"type":"bool","description":"Enable GRE module.","description_kind":"markdown","optional":true,"computed":true},"h323_module":{"type":"bool","description":"Enable H.323 module.","description_kind":"markdown","optional":true,"computed":true},"icmp_timeout":{"type":"string","description":"ICMP connection timeout, as a Go duration string (e.g. `30s`, `1m`).","description_kind":"markdown","optional":true,"computed":true},"mss_clamp":{"type":"string","description":"MSS clamping mode: auto, custom, or disabled.","description_kind":"markdown","optional":true,"computed":true},"offload_accounting":{"type":"bool","description":"Enable hardware offload for accounting.","description_kind":"markdown","optional":true,"computed":true},"offload_l2_blocking":{"type":"bool","description":"Enable hardware offload for L2 blocking.","description_kind":"markdown","optional":true,"computed":true},"offload_sch":{"type":"bool","description":"Enable hardware offload for scheduling.","description_kind":"markdown","optional":true,"computed":true},"other_timeout":{"type":"string","description":"Other connections timeout, as a Go duration string (e.g. `600s`, `10m`).","description_kind":"markdown","optional":true,"computed":true},"pptp_module":{"type":"bool","description":"Enable PPTP module.","description_kind":"markdown","optional":true,"computed":true},"receive_redirects":{"type":"bool","description":"Accept ICMP redirects.","description_kind":"markdown","optional":true,"computed":true},"send_redirects":{"type":"bool","description":"Send ICMP redirects.","description_kind":"markdown","optional":true,"computed":true},"sip_module":{"type":"bool","description":"Enable SIP module.","description_kind":"markdown","optional":true,"computed":true},"syn_cookies":{"type":"bool","description":"Enable SYN cookies.","description_kind":"markdown","optional":true,"computed":true},"tcp_close_timeout":{"type":"string","description":"TCP close timeout, as a Go duration string (e.g. `10s`).","description_kind":"markdown","optional":true,"computed":true},"tcp_close_wait_timeout":{"type":"string","description":"TCP close wait timeout, as a Go duration string (e.g. `60s`, `1m`).","description_kind":"markdown","optional":true,"computed":true},"tcp_established_timeout":{"type":"string","description":"TCP established connection timeout, as a Go duration string (e.g. `7440s`, `2h4m`).","description_kind":"markdown","optional":true,"computed":true},"tcp_fin_wait_timeout":{"type":"string","description":"TCP fin wait timeout, as a Go duration string (e.g. `120s`, `2m`).","description_kind":"markdown","optional":true,"computed":true},"tcp_last_ack_timeout":{"type":"string","description":"TCP last ACK timeout, as a Go duration string (e.g. `30s`).","description_kind":"markdown","optional":true,"computed":true},"tcp_syn_recv_timeout":{"type":"string","description":"TCP SYN received timeout, as a Go duration string (e.g. `60s`, `1m`).","description_kind":"markdown","optional":true,"computed":true},"tcp_syn_sent_timeout":{"type":"string","description":"TCP SYN sent timeout, as a Go duration string (e.g. `120s`, `2m`).","description_kind":"markdown","optional":true,"computed":true},"tcp_time_wait_timeout":{"type":"string","description":"TCP time wait timeout, as a Go duration string (e.g. `120s`, `2m`).","description_kind":"markdown","optional":true,"computed":true},"tftp_module":{"type":"bool","description":"Enable TFTP module.","description_kind":"markdown","optional":true,"computed":true},"timeout_setting_preference":{"type":"string","description":"Timeout setting preference: auto or manual.","description_kind":"markdown","optional":true,"computed":true},"udp_other_timeout":{"type":"string","description":"UDP other timeout, as a Go duration string (e.g. `30s`).","description_kind":"markdown","optional":true,"computed":true},"udp_stream_timeout":{"type":"string","description":"UDP stream timeout, as a Go duration string (e.g. `180s`, `3m`).","description_kind":"markdown","optional":true,"computed":true},"unbind_wan_monitors":{"type":"bool","description":"Unbind WAN monitors.","description_kind":"markdown","optional":true,"computed":true},"upnp_enabled":{"type":"bool","description":"Enable UPnP.","description_kind":"markdown","optional":true,"computed":true},"upnp_nat_pmp_enabled":{"type":"bool","description":"Enable UPnP NAT-PMP.","description_kind":"markdown","optional":true,"computed":true},"upnp_secure_mode":{"type":"bool","description":"Enable UPnP secure mode.","description_kind":"markdown","optional":true,"computed":true},"upnp_wan_interface":{"type":"string","description":"UPnP WAN interface (e.g., WAN, WAN2).","description_kind":"markdown","optional":true,"computed":true}},"nesting_mode":"single"},"description":"USG settings.","description_kind":"markdown","optional":true,"computed":true}},"description":"Manages settings for a UniFi site. Configure only the settings you need by providing the corresponding nested object.","description_kind":"markdown"}},"unifi_site":{"version":0,"block":{"attributes":{"description":{"type":"string","description":"The description of the site.","description_kind":"markdown","required":true},"id":{"type":"string","description":"The ID of the site.","description_kind":"markdown","computed":true},"name":{"type":"string","description":"The name of the site.","description_kind":"markdown","computed":true},"timeouts":{"nested_type":{"attributes":{"create":{"type":"string","description":"A string that can be [parsed as a duration](https://pkg.go.dev/time#ParseDuration) consisting of numbers and unit suffixes, such as \"30s\" or \"2h45m\". Valid time units are \"s\" (seconds), \"m\" (minutes), \"h\" (hours).","description_kind":"plain","optional":true},"delete":{"type":"string","description":"A string that can be [parsed as a duration](https://pkg.go.dev/time#ParseDuration) consisting of numbers and unit suffixes, such as \"30s\" or \"2h45m\". Valid time units are \"s\" (seconds), \"m\" (minutes), \"h\" (hours). Setting a timeout for a Delete operation is only applicable if changes are saved into state before the destroy operation occurs.","description_kind":"plain","optional":true},"read":{"type":"string","description":"A string that can be [parsed as a duration](https://pkg.go.dev/time#ParseDuration) consisting of numbers and unit suffixes, such as \"30s\" or \"2h45m\". Valid time units are \"s\" (seconds), \"m\" (minutes), \"h\" (hours). Read operations occur during any refresh or planning operation when refresh is enabled.","description_kind":"plain","optional":true},"update":{"type":"string","description":"A string that can be [parsed as a duration](https://pkg.go.dev/time#ParseDuration) consisting of numbers and unit suffixes, such as \"30s\" or \"2h45m\". Valid time units are \"s\" (seconds), \"m\" (minutes), \"h\" (hours).","description_kind":"plain","optional":true}},"nesting_mode":"single"},"description_kind":"plain","optional":true}},"description":"Manages Unifi sites","description_kind":"markdown"}},"unifi_site_to_site_vpn":{"version":1,"block":{"attributes":{"dynamic_routing":{"type":"bool","description":"Whether IPsec dynamic routing is enabled.","description_kind":"markdown","optional":true,"computed":true},"enabled":{"type":"bool","description":"Whether the tunnel is enabled.","description_kind":"markdown","optional":true,"computed":true},"esp_dh_group":{"type":"number","description":"ESP (phase 2) Diffie-Hellman group (PFS). Only used when `profile = customized`.","description_kind":"markdown","optional":true,"computed":true},"esp_encryption":{"type":"string","description":"ESP (phase 2) encryption. Only used when `profile = customized`.","description_kind":"markdown","optional":true,"computed":true},"esp_hash":{"type":"string","description":"ESP (phase 2) hash. Only used when `profile = customized`.","description_kind":"markdown","optional":true,"computed":true},"esp_lifetime":{"type":"string","description":"ESP (phase 2) security-association lifetime, as a Go duration string (e.g. `1h`, `3600s`). Must be a whole number of seconds between `30s` and `86400s` (24h).","description_kind":"markdown","optional":true,"computed":true},"id":{"type":"string","description":"The ID of the site-to-site VPN network.","description_kind":"markdown","computed":true},"ike_dh_group":{"type":"number","description":"IKE (phase 1) Diffie-Hellman group. Only used when `profile = customized`.","description_kind":"markdown","optional":true,"computed":true},"ike_encryption":{"type":"string","description":"IKE (phase 1) encryption. Only used when `profile = customized`.","description_kind":"markdown","optional":true,"computed":true},"ike_hash":{"type":"string","description":"IKE (phase 1) hash. Only used when `profile = customized`.","description_kind":"markdown","optional":true,"computed":true},"ike_lifetime":{"type":"string","description":"IKE (phase 1) security-association lifetime, as a Go duration string (e.g. `8h`, `28800s`). Must be a whole number of seconds between `30s` and `86400s` (24h).","description_kind":"markdown","optional":true,"computed":true},"interface":{"type":"string","description":"The local WAN interface the tunnel binds to (e.g. `wan`, `wan2`).","description_kind":"markdown","optional":true,"computed":true},"key_exchange":{"type":"string","description":"IKE key-exchange version. One of `ikev1` or `ikev2`.","description_kind":"markdown","optional":true,"computed":true},"local_ip":{"type":"string","description":"The local IP used for the tunnel. Defaults to the WAN address when omitted.","description_kind":"markdown","optional":true,"computed":true},"name":{"type":"string","description":"The name of the site-to-site VPN.","description_kind":"markdown","required":true},"peer_ip":{"type":"string","description":"The public IP address of the remote VPN gateway (peer).","description_kind":"markdown","required":true},"pfs":{"type":"bool","description":"Whether Perfect Forward Secrecy is enabled.","description_kind":"markdown","optional":true,"computed":true},"pre_shared_key":{"type":"string","description":"The IPsec pre-shared key. Stored in state — use `pre_shared_key_wo` to avoid persisting the secret.","description_kind":"markdown","optional":true,"sensitive":true},"pre_shared_key_wo":{"type":"string","description":"Write-only equivalent of `pre_shared_key` (Terraform 1.11+). Used at apply time but never written to state, so it can be sourced from an ephemeral resource (e.g. a Vault secret). Mutually exclusive with `pre_shared_key`.","description_kind":"markdown","optional":true,"sensitive":true},"profile":{"type":"string","description":"IPsec profile. One of `customized`, `azure_dynamic`, or `azure_static`. Set to `customized` to tune the IKE/ESP attributes below; the controller may derive the ESP values from the IKE ones.","description_kind":"markdown","optional":true,"computed":true},"remote_subnets":{"type":["list","string"],"description":"The remote site's subnets reachable through the tunnel (CIDR).","description_kind":"markdown","required":true},"route_distance":{"type":"number","description":"The route distance (administrative metric) for tunnel routes (1-255).","description_kind":"markdown","optional":true,"computed":true},"site":{"type":"string","description":"The name of the site to associate the VPN with.","description_kind":"markdown","optional":true,"computed":true},"timeouts":{"nested_type":{"attributes":{"create":{"type":"string","description":"A string that can be [parsed as a duration](https://pkg.go.dev/time#ParseDuration) consisting of numbers and unit suffixes, such as \"30s\" or \"2h45m\". Valid time units are \"s\" (seconds), \"m\" (minutes), \"h\" (hours).","description_kind":"plain","optional":true},"delete":{"type":"string","description":"A string that can be [parsed as a duration](https://pkg.go.dev/time#ParseDuration) consisting of numbers and unit suffixes, such as \"30s\" or \"2h45m\". Valid time units are \"s\" (seconds), \"m\" (minutes), \"h\" (hours). Setting a timeout for a Delete operation is only applicable if changes are saved into state before the destroy operation occurs.","description_kind":"plain","optional":true},"read":{"type":"string","description":"A string that can be [parsed as a duration](https://pkg.go.dev/time#ParseDuration) consisting of numbers and unit suffixes, such as \"30s\" or \"2h45m\". Valid time units are \"s\" (seconds), \"m\" (minutes), \"h\" (hours). Read operations occur during any refresh or planning operation when refresh is enabled.","description_kind":"plain","optional":true},"update":{"type":"string","description":"A string that can be [parsed as a duration](https://pkg.go.dev/time#ParseDuration) consisting of numbers and unit suffixes, such as \"30s\" or \"2h45m\". Valid time units are \"s\" (seconds), \"m\" (minutes), \"h\" (hours).","description_kind":"plain","optional":true}},"nesting_mode":"single"},"description_kind":"plain","optional":true}},"description":"Manages a manual site-to-site IPsec VPN (the UniFi `Settings → VPN → Site-to-Site` network, `purpose = site-vpn`, `vpn_type = ipsec-vpn`). The advanced IKE/ESP attributes only apply when `profile = customized`.","description_kind":"markdown"}},"unifi_static_route":{"version":0,"block":{"attributes":{"distance":{"type":"number","description":"The distance of the static route.","description_kind":"markdown","required":true},"enabled":{"type":"bool","description":"Whether the static route is enabled.","description_kind":"markdown","optional":true,"computed":true},"gateway_device":{"type":"string","description":"The MAC address of the gateway device, used when `gateway_type` is `switch`.","description_kind":"markdown","optional":true},"gateway_type":{"type":"string","description":"The type of gateway for the static route. Can be `default` or `switch`.","description_kind":"markdown","optional":true,"computed":true},"id":{"type":"string","description":"The ID of the static route.","description_kind":"markdown","computed":true},"interface":{"type":"string","description":"The interface of the static route (only valid for `interface-route` type). This can be `WAN1`, `WAN2`, or a network ID.","description_kind":"markdown","optional":true},"name":{"type":"string","description":"The name of the static route.","description_kind":"markdown","required":true},"network":{"type":"string","description":"The network subnet address.","description_kind":"markdown","required":true},"next_hop":{"type":"string","description":"The next hop of the static route (only valid for `nexthop-route` type). Accepts IPv4 or IPv6 addresses.","description_kind":"markdown","optional":true},"site":{"type":"string","description":"The name of the site to associate the static route with.","description_kind":"markdown","optional":true,"computed":true},"timeouts":{"nested_type":{"attributes":{"create":{"type":"string","description":"A string that can be [parsed as a duration](https://pkg.go.dev/time#ParseDuration) consisting of numbers and unit suffixes, such as \"30s\" or \"2h45m\". Valid time units are \"s\" (seconds), \"m\" (minutes), \"h\" (hours).","description_kind":"plain","optional":true},"delete":{"type":"string","description":"A string that can be [parsed as a duration](https://pkg.go.dev/time#ParseDuration) consisting of numbers and unit suffixes, such as \"30s\" or \"2h45m\". Valid time units are \"s\" (seconds), \"m\" (minutes), \"h\" (hours). Setting a timeout for a Delete operation is only applicable if changes are saved into state before the destroy operation occurs.","description_kind":"plain","optional":true},"read":{"type":"string","description":"A string that can be [parsed as a duration](https://pkg.go.dev/time#ParseDuration) consisting of numbers and unit suffixes, such as \"30s\" or \"2h45m\". Valid time units are \"s\" (seconds), \"m\" (minutes), \"h\" (hours). Read operations occur during any refresh or planning operation when refresh is enabled.","description_kind":"plain","optional":true},"update":{"type":"string","description":"A string that can be [parsed as a duration](https://pkg.go.dev/time#ParseDuration) consisting of numbers and unit suffixes, such as \"30s\" or \"2h45m\". Valid time units are \"s\" (seconds), \"m\" (minutes), \"h\" (hours).","description_kind":"plain","optional":true}},"nesting_mode":"single"},"description_kind":"plain","optional":true},"type":{"type":"string","description":"The type of static route. Can be `interface-route`, `nexthop-route`, or `blackhole`.","description_kind":"markdown","required":true}},"description":"Manages a static route for the USG.","description_kind":"markdown"}},"unifi_traffic_route":{"version":0,"block":{"attributes":{"description":{"type":"string","description":"A description of the traffic route (max 128 characters).","description_kind":"markdown","optional":true},"destination":{"nested_type":{"attributes":{"domain":{"type":["list","string"],"description":"List of domain names to match.","description_kind":"markdown","optional":true},"ip":{"nested_type":{"attributes":{"address":{"type":"string","description":"An IP address, CIDR subnet, or hyphenated IP range to match.","description_kind":"markdown","required":true},"ports":{"type":["list","string"],"description":"List of ports or port ranges to match. Use a single number (e.g. `80`) for individual ports, or a hyphenated range (e.g. `8080-8090`) for port ranges. Only supported for IP addresses and subnets, not IP ranges.","description_kind":"markdown","optional":true}},"nesting_mode":"list"},"description":"List of IP address, subnet, or IP range entries to match. Use CIDR notation (e.g. `10.0.0.0/8`) for subnets, or a hyphenated range (e.g. `192.168.10.1-192.168.10.255`) for IP ranges.","description_kind":"markdown","optional":true},"region":{"type":["list","string"],"description":"List of regions to match.","description_kind":"markdown","optional":true}},"nesting_mode":"single"},"description":"Destination filter for this traffic route. Specify exactly one of `domain`, `region`, or `ip`. When omitted, the route matches all internet traffic.","description_kind":"markdown","optional":true},"enabled":{"type":"bool","description":"Whether the traffic route is enabled.","description_kind":"markdown","optional":true,"computed":true},"id":{"type":"string","description":"The ID of the traffic route.","description_kind":"markdown","computed":true},"kill_switch_enabled":{"type":"bool","description":"Whether the kill switch is enabled. When enabled, traffic is blocked if the target network/VPN is unavailable.","description_kind":"markdown","optional":true,"computed":true},"network_id":{"type":"string","description":"The ID of the network or VPN to route matching traffic through. Defaults to the primary WAN network.","description_kind":"markdown","optional":true,"computed":true},"next_hop":{"type":"string","description":"The next hop for the traffic route.","description_kind":"markdown","optional":true},"site":{"type":"string","description":"The name of the site to associate the traffic route with.","description_kind":"markdown","optional":true,"computed":true},"source":{"nested_type":{"attributes":{"clients":{"nested_type":{"attributes":{"mac":{"type":"string","description":"The MAC address of the client device.","description_kind":"markdown","required":true}},"nesting_mode":"list"},"description":"List of client devices whose traffic this route applies to.","description_kind":"markdown","optional":true},"networks":{"nested_type":{"attributes":{"id":{"type":"string","description":"The ID of the network.","description_kind":"markdown","required":true}},"nesting_mode":"list"},"description":"List of networks whose traffic this route applies to.","description_kind":"markdown","optional":true}},"nesting_mode":"single"},"description":"Source filter for this traffic route. When omitted, the route applies to all clients.","description_kind":"markdown","optional":true},"timeouts":{"nested_type":{"attributes":{"create":{"type":"string","description":"A string that can be [parsed as a duration](https://pkg.go.dev/time#ParseDuration) consisting of numbers and unit suffixes, such as \"30s\" or \"2h45m\". Valid time units are \"s\" (seconds), \"m\" (minutes), \"h\" (hours).","description_kind":"plain","optional":true},"delete":{"type":"string","description":"A string that can be [parsed as a duration](https://pkg.go.dev/time#ParseDuration) consisting of numbers and unit suffixes, such as \"30s\" or \"2h45m\". Valid time units are \"s\" (seconds), \"m\" (minutes), \"h\" (hours). Setting a timeout for a Delete operation is only applicable if changes are saved into state before the destroy operation occurs.","description_kind":"plain","optional":true},"read":{"type":"string","description":"A string that can be [parsed as a duration](https://pkg.go.dev/time#ParseDuration) consisting of numbers and unit suffixes, such as \"30s\" or \"2h45m\". Valid time units are \"s\" (seconds), \"m\" (minutes), \"h\" (hours). Read operations occur during any refresh or planning operation when refresh is enabled.","description_kind":"plain","optional":true},"update":{"type":"string","description":"A string that can be [parsed as a duration](https://pkg.go.dev/time#ParseDuration) consisting of numbers and unit suffixes, such as \"30s\" or \"2h45m\". Valid time units are \"s\" (seconds), \"m\" (minutes), \"h\" (hours).","description_kind":"plain","optional":true}},"nesting_mode":"single"},"description_kind":"plain","optional":true}},"description":"Manages a traffic route in the UniFi controller. Traffic routes allow you to steer traffic matching specific destinations through a chosen network or VPN.","description_kind":"markdown"}},"unifi_vpn_client":{"version":0,"block":{"attributes":{"default_route":{"type":"bool","description":"Specifies whether to use the VPN as the default route.","description_kind":"markdown","optional":true,"computed":true},"enabled":{"type":"bool","description":"Specifies whether the VPN client is enabled.","description_kind":"markdown","optional":true,"computed":true},"id":{"type":"string","description":"The ID of the VPN client.","description_kind":"markdown","computed":true},"name":{"type":"string","description":"The name of the VPN client.","description_kind":"markdown","required":true},"pull_dns":{"type":"bool","description":"Specifies whether to pull DNS servers from the VPN.","description_kind":"markdown","optional":true,"computed":true},"site":{"type":"string","description":"The name of the site to associate the VPN client with.","description_kind":"markdown","optional":true,"computed":true},"subnet":{"type":"string","description":"The local IP address for the WireGuard tunnel in CIDR notation (e.g., `10.0.0.2/24`).","description_kind":"markdown","required":true},"timeouts":{"nested_type":{"attributes":{"create":{"type":"string","description":"A string that can be [parsed as a duration](https://pkg.go.dev/time#ParseDuration) consisting of numbers and unit suffixes, such as \"30s\" or \"2h45m\". Valid time units are \"s\" (seconds), \"m\" (minutes), \"h\" (hours).","description_kind":"plain","optional":true},"delete":{"type":"string","description":"A string that can be [parsed as a duration](https://pkg.go.dev/time#ParseDuration) consisting of numbers and unit suffixes, such as \"30s\" or \"2h45m\". Valid time units are \"s\" (seconds), \"m\" (minutes), \"h\" (hours). Setting a timeout for a Delete operation is only applicable if changes are saved into state before the destroy operation occurs.","description_kind":"plain","optional":true},"read":{"type":"string","description":"A string that can be [parsed as a duration](https://pkg.go.dev/time#ParseDuration) consisting of numbers and unit suffixes, such as \"30s\" or \"2h45m\". Valid time units are \"s\" (seconds), \"m\" (minutes), \"h\" (hours). Read operations occur during any refresh or planning operation when refresh is enabled.","description_kind":"plain","optional":true},"update":{"type":"string","description":"A string that can be [parsed as a duration](https://pkg.go.dev/time#ParseDuration) consisting of numbers and unit suffixes, such as \"30s\" or \"2h45m\". Valid time units are \"s\" (seconds), \"m\" (minutes), \"h\" (hours).","description_kind":"plain","optional":true}},"nesting_mode":"single"},"description_kind":"plain","optional":true},"wireguard":{"nested_type":{"attributes":{"configuration":{"nested_type":{"attributes":{"content":{"type":"string","description":"Base64-encoded WireGuard configuration file content.","description_kind":"markdown","required":true,"sensitive":true},"filename":{"type":"string","description":"Filename of the WireGuard configuration file.","description_kind":"markdown","required":true}},"nesting_mode":"single"},"description":"File-based WireGuard configuration. Provide a complete WireGuard .conf file.","description_kind":"markdown","optional":true},"dns_servers":{"type":["list","string"],"description":"DNS servers for the WireGuard interface. Required for manual mode. Must specify 1-2 DNS server addresses.","description_kind":"markdown","optional":true},"interface":{"type":"string","description":"WAN interface to use for the VPN connection (e.g., `wan`, `wan2`).","description_kind":"markdown","optional":true,"computed":true},"peer":{"nested_type":{"attributes":{"ip":{"type":"string","description":"WireGuard peer endpoint IP address.","description_kind":"markdown","required":true},"port":{"type":"number","description":"WireGuard peer endpoint port.","description_kind":"markdown","required":true},"public_key":{"type":"string","description":"WireGuard peer public key.","description_kind":"markdown","required":true,"sensitive":true}},"nesting_mode":"single"},"description":"Manual WireGuard peer configuration. Specify peer endpoint and public key.","description_kind":"markdown","optional":true},"preshared_key":{"type":"string","description":"WireGuard preshared key. Required when preshared_key_enabled is true.","description_kind":"markdown","optional":true,"sensitive":true},"preshared_key_enabled":{"type":"bool","description":"Specifies whether to use a preshared key for additional security.","description_kind":"markdown","optional":true,"computed":true},"private_key":{"type":"string","description":"WireGuard private key for this client.","description_kind":"markdown","required":true,"sensitive":true}},"nesting_mode":"single"},"description":"WireGuard VPN configuration. Specify either `configuration` for file upload mode or `peer` for manual configuration.","description_kind":"markdown","required":true}},"description":"`unifi_vpn_client` manages WireGuard VPN client connections in the UniFi controller.","description_kind":"markdown"}},"unifi_vpn_server":{"version":0,"block":{"attributes":{"dns":{"nested_type":{"attributes":{"enabled":{"type":"bool","description":"Specifies whether custom DNS servers are enabled for VPN clients. Defaults to `true` when `servers` is non-empty.","description_kind":"markdown","optional":true,"computed":true},"servers":{"type":["list","string"],"description":"DNS servers to push to VPN clients.","description_kind":"markdown","optional":true}},"nesting_mode":"single"},"description":"DNS configuration pushed to VPN clients.","description_kind":"markdown","optional":true,"computed":true},"enabled":{"type":"bool","description":"Specifies whether the VPN server is enabled.","description_kind":"markdown","optional":true,"computed":true},"id":{"type":"string","description":"The ID of the VPN server.","description_kind":"markdown","computed":true},"l2tp":{"nested_type":{"attributes":{"allow_weak_ciphers":{"type":"bool","description":"Allow weak ciphers for L2TP connections.","description_kind":"markdown","optional":true,"computed":true},"pre_shared_key":{"type":"string","description":"IPsec pre-shared key for L2TP. Required by the UniFi controller.","description_kind":"markdown","required":true,"sensitive":true}},"nesting_mode":"single"},"description":"L2TP VPN server configuration. Exactly one of `wireguard`, `l2tp`, or `openvpn` must be specified.","description_kind":"markdown","optional":true},"name":{"type":"string","description":"The name of the VPN server.","description_kind":"markdown","required":true},"openvpn":{"nested_type":{"attributes":{"auth_key":{"type":"string","description":"OpenVPN static authentication key generated by the controller.","description_kind":"markdown","computed":true,"sensitive":true},"ca_crt":{"type":"string","description":"CA certificate generated by the controller.","description_kind":"markdown","computed":true,"sensitive":true},"ca_key":{"type":"string","description":"CA private key generated by the controller.","description_kind":"markdown","computed":true,"sensitive":true},"dh_key":{"type":"string","description":"Diffie-Hellman parameters generated by the controller.","description_kind":"markdown","computed":true,"sensitive":true},"encryption_cipher":{"type":"string","description":"Encryption cipher for OpenVPN.","description_kind":"markdown","optional":true,"computed":true},"mode":{"type":"string","description":"OpenVPN mode.","description_kind":"markdown","optional":true,"computed":true},"port":{"type":"number","description":"Port for the OpenVPN server to listen on.","description_kind":"markdown","optional":true,"computed":true},"server_crt":{"type":"string","description":"Server certificate generated by the controller.","description_kind":"markdown","computed":true,"sensitive":true},"server_key":{"type":"string","description":"Server private key generated by the controller.","description_kind":"markdown","computed":true,"sensitive":true},"shared_client_crt":{"type":"string","description":"Shared client certificate generated by the controller.","description_kind":"markdown","computed":true,"sensitive":true},"shared_client_key":{"type":"string","description":"Shared client private key generated by the controller.","description_kind":"markdown","computed":true,"sensitive":true}},"nesting_mode":"single"},"description":"OpenVPN server configuration. Exactly one of `wireguard`, `l2tp`, or `openvpn` must be specified.","description_kind":"markdown","optional":true},"radiusprofile_id":{"type":"string","description":"The ID of the RADIUS profile to use for authentication. Applicable to L2TP and OpenVPN server types.","description_kind":"markdown","optional":true},"site":{"type":"string","description":"The name of the site to associate the VPN server with.","description_kind":"markdown","optional":true,"computed":true},"subnet":{"type":"string","description":"The VPN server subnet in CIDR notation (e.g., `10.100.0.1/24`). The first address is the server's tunnel IP, so use the gateway form (`10.100.0.1/24`) — the network address (`10.100.0.0/24`) is rejected with `api.err.IncorrectIPSubnetSpec`.","description_kind":"markdown","required":true},"timeouts":{"nested_type":{"attributes":{"create":{"type":"string","description":"A string that can be [parsed as a duration](https://pkg.go.dev/time#ParseDuration) consisting of numbers and unit suffixes, such as \"30s\" or \"2h45m\". Valid time units are \"s\" (seconds), \"m\" (minutes), \"h\" (hours).","description_kind":"plain","optional":true},"delete":{"type":"string","description":"A string that can be [parsed as a duration](https://pkg.go.dev/time#ParseDuration) consisting of numbers and unit suffixes, such as \"30s\" or \"2h45m\". Valid time units are \"s\" (seconds), \"m\" (minutes), \"h\" (hours). Setting a timeout for a Delete operation is only applicable if changes are saved into state before the destroy operation occurs.","description_kind":"plain","optional":true},"read":{"type":"string","description":"A string that can be [parsed as a duration](https://pkg.go.dev/time#ParseDuration) consisting of numbers and unit suffixes, such as \"30s\" or \"2h45m\". Valid time units are \"s\" (seconds), \"m\" (minutes), \"h\" (hours). Read operations occur during any refresh or planning operation when refresh is enabled.","description_kind":"plain","optional":true},"update":{"type":"string","description":"A string that can be [parsed as a duration](https://pkg.go.dev/time#ParseDuration) consisting of numbers and unit suffixes, such as \"30s\" or \"2h45m\". Valid time units are \"s\" (seconds), \"m\" (minutes), \"h\" (hours).","description_kind":"plain","optional":true}},"nesting_mode":"single"},"description_kind":"plain","optional":true},"wan":{"nested_type":{"attributes":{"interface":{"type":"string","description":"WAN interface to use for the VPN server (e.g., `wan`, `wan2`).","description_kind":"markdown","optional":true,"computed":true},"ip":{"type":"string","description":"Local WAN IP to bind the VPN server to. Use `any` to listen on all addresses.","description_kind":"markdown","optional":true,"computed":true}},"nesting_mode":"single"},"description":"WAN binding configuration for the VPN server.","description_kind":"markdown","optional":true,"computed":true},"wireguard":{"nested_type":{"attributes":{"port":{"type":"number","description":"UDP port for the WireGuard server to listen on.","description_kind":"markdown","optional":true,"computed":true},"private_key":{"type":"string","description":"WireGuard private key for this server (base64). If not specified, the provider generates one at create time (the controller does not generate it and rejects a server without a key).","description_kind":"markdown","optional":true,"computed":true,"sensitive":true},"public_key":{"type":"string","description":"WireGuard public key for this server. Computed from the private key.","description_kind":"markdown","computed":true}},"nesting_mode":"single"},"description":"WireGuard VPN server configuration. Exactly one of `wireguard`, `l2tp`, or `openvpn` must be specified.","description_kind":"markdown","optional":true}},"description":"`unifi_vpn_server` manages VPN server configurations (WireGuard, L2TP, or OpenVPN) in the UniFi controller.","description_kind":"markdown"}},"unifi_wan":{"version":0,"block":{"attributes":{"dhcp":{"nested_type":{"attributes":{"cos":{"type":"number","description":"DHCP Class of Service","description_kind":"markdown","optional":true,"computed":true},"options":{"nested_type":{"attributes":{"option_number":{"type":"number","description":"DHCP option number","description_kind":"markdown","required":true},"value":{"type":"string","description":"DHCP option value","description_kind":"markdown","required":true}},"nesting_mode":"list"},"description":"DHCP options","description_kind":"markdown","optional":true}},"nesting_mode":"single"},"description":"DHCP configuration","description_kind":"markdown","optional":true,"computed":true},"dhcpv6":{"nested_type":{"attributes":{"cos":{"type":"number","description":"DHCPv6 Class of Service","description_kind":"markdown","optional":true,"computed":true},"options":{"nested_type":{"attributes":{"option_number":{"type":"number","description":"DHCPv6 option number (1, 11, 15, 16, or 17)","description_kind":"markdown","required":true},"value":{"type":"string","description":"DHCPv6 option value","description_kind":"markdown","required":true}},"nesting_mode":"list"},"description":"DHCPv6 options","description_kind":"markdown","optional":true},"pd_size":{"type":"number","description":"DHCPv6 prefix delegation size","description_kind":"markdown","optional":true,"computed":true},"pd_size_auto":{"type":"bool","description":"Whether DHCPv6 PD size is automatic","description_kind":"markdown","optional":true,"computed":true},"wan_delegation_type":{"type":"string","description":"IPv6 WAN delegation type (pd, single_network, none)","description_kind":"markdown","optional":true,"computed":true}},"nesting_mode":"single"},"description":"DHCPv6 configuration","description_kind":"markdown","optional":true,"computed":true},"dns":{"nested_type":{"attributes":{"ipv6_preference":{"type":"string","description":"IPv6 DNS preference (auto, manual)","description_kind":"markdown","optional":true,"computed":true},"ipv6_primary":{"type":"string","description":"Primary IPv6 DNS server","description_kind":"markdown","optional":true},"ipv6_secondary":{"type":"string","description":"Secondary IPv6 DNS server","description_kind":"markdown","optional":true},"preference":{"type":"string","description":"DNS preference (auto, manual)","description_kind":"markdown","optional":true,"computed":true},"primary":{"type":"string","description":"Primary DNS server","description_kind":"markdown","optional":true},"secondary":{"type":"string","description":"Secondary DNS server","description_kind":"markdown","optional":true}},"nesting_mode":"single"},"description":"DNS configuration","description_kind":"markdown","optional":true,"computed":true},"egress_qos":{"nested_type":{"attributes":{"enabled":{"type":"bool","description":"Whether egress QoS is enabled","description_kind":"markdown","optional":true,"computed":true},"priority":{"type":"number","description":"Egress QoS priority","description_kind":"markdown","optional":true,"computed":true}},"nesting_mode":"single"},"description":"Egress QoS configuration","description_kind":"markdown","optional":true,"computed":true},"enabled":{"type":"bool","description":"Whether the WAN network is enabled","description_kind":"markdown","optional":true,"computed":true},"id":{"type":"string","description":"The ID of the WAN network","description_kind":"markdown","computed":true},"igmp_proxy":{"nested_type":{"attributes":{"downstream":{"type":"string","description":"IGMP proxy downstream target (none, lan, guest)","description_kind":"markdown","optional":true,"computed":true},"upstream":{"type":"bool","description":"Whether IGMP proxy upstream is enabled","description_kind":"markdown","optional":true,"computed":true}},"nesting_mode":"single"},"description":"IGMP proxy configuration","description_kind":"markdown","optional":true,"computed":true},"ip_aliases":{"type":["list","string"],"description":"IP aliases","description_kind":"markdown","optional":true},"ipv6_setting_preference":{"type":"string","description":"Whether WAN IPv6 settings are managed automatically by the controller or manually. Can be one of `auto` or `manual`.","description_kind":"markdown","optional":true,"computed":true},"load_balance":{"nested_type":{"attributes":{"failover_priority":{"type":"number","description":"Failover priority","description_kind":"markdown","optional":true,"computed":true},"type":{"type":"string","description":"Load balance type (failover-only, weighted)","description_kind":"markdown","optional":true,"computed":true},"weight":{"type":"number","description":"Load balance weight","description_kind":"markdown","optional":true,"computed":true}},"nesting_mode":"single"},"description":"Load balance configuration","description_kind":"markdown","optional":true,"computed":true},"mac_override_enabled":{"type":"bool","description":"Whether the WAN interface MAC address is overridden.","description_kind":"markdown","optional":true,"computed":true},"name":{"type":"string","description":"The name of the WAN network","description_kind":"markdown","required":true},"networkgroup":{"type":"string","description":"The WAN network group this interface belongs to (`WAN`, `WAN2`, …). The primary uplink is `WAN`; a secondary/SFP uplink is `WAN2`. Computed from the controller when unset (so an imported `WAN2` is preserved), defaulting to `WAN` on create. Required to manage multi-WAN (WAN2+) setups, where a hard-coded `WAN` collides with the primary (`api.err.WanConfigurationForNetworkGroupAlreadyExists`).","description_kind":"markdown","optional":true,"computed":true},"provider_capabilities":{"nested_type":{"attributes":{"download_kilobits_per_second":{"type":"number","description":"Download speed in kilobits per second","description_kind":"markdown","optional":true,"computed":true},"upload_kilobits_per_second":{"type":"number","description":"Upload speed in kilobits per second","description_kind":"markdown","optional":true,"computed":true}},"nesting_mode":"single"},"description":"WAN provider capabilities (line rate). Detected/populated by the controller; preserved when not set in config.","description_kind":"markdown","optional":true,"computed":true},"report_wan_event":{"type":"bool","description":"Whether to report WAN events","description_kind":"markdown","optional":true,"computed":true},"setting_preference":{"type":"string","description":"Whether WAN settings are managed automatically by the controller or manually. Can be one of `auto` or `manual`.","description_kind":"markdown","optional":true,"computed":true},"single_network_lan":{"type":"string","description":"The LAN network used for IPv6 single-network prefix delegation (used when the IPv6 delegation type is `single_network`).","description_kind":"markdown","optional":true,"computed":true},"site":{"type":"string","description":"The name of the site to associate the WAN network with","description_kind":"markdown","optional":true,"computed":true},"smartq":{"nested_type":{"attributes":{"down_rate":{"type":"number","description":"Smart Queue download rate in kbps","description_kind":"markdown","optional":true},"enabled":{"type":"bool","description":"Whether Smart Queue is enabled","description_kind":"markdown","optional":true,"computed":true},"up_rate":{"type":"number","description":"Smart Queue upload rate in kbps","description_kind":"markdown","optional":true}},"nesting_mode":"single"},"description":"Smart Queue configuration","description_kind":"markdown","optional":true,"computed":true},"timeouts":{"nested_type":{"attributes":{"create":{"type":"string","description":"A string that can be [parsed as a duration](https://pkg.go.dev/time#ParseDuration) consisting of numbers and unit suffixes, such as \"30s\" or \"2h45m\". Valid time units are \"s\" (seconds), \"m\" (minutes), \"h\" (hours).","description_kind":"plain","optional":true},"delete":{"type":"string","description":"A string that can be [parsed as a duration](https://pkg.go.dev/time#ParseDuration) consisting of numbers and unit suffixes, such as \"30s\" or \"2h45m\". Valid time units are \"s\" (seconds), \"m\" (minutes), \"h\" (hours). Setting a timeout for a Delete operation is only applicable if changes are saved into state before the destroy operation occurs.","description_kind":"plain","optional":true},"read":{"type":"string","description":"A string that can be [parsed as a duration](https://pkg.go.dev/time#ParseDuration) consisting of numbers and unit suffixes, such as \"30s\" or \"2h45m\". Valid time units are \"s\" (seconds), \"m\" (minutes), \"h\" (hours). Read operations occur during any refresh or planning operation when refresh is enabled.","description_kind":"plain","optional":true},"update":{"type":"string","description":"A string that can be [parsed as a duration](https://pkg.go.dev/time#ParseDuration) consisting of numbers and unit suffixes, such as \"30s\" or \"2h45m\". Valid time units are \"s\" (seconds), \"m\" (minutes), \"h\" (hours).","description_kind":"plain","optional":true}},"nesting_mode":"single"},"description_kind":"plain","optional":true},"type":{"type":"string","description":"The WAN type (dhcp, static, pppoe)","description_kind":"markdown","optional":true,"computed":true},"type_v6":{"type":"string","description":"The IPv6 WAN type. One of `dhcpv6`, `slaac`, `static`, or `disabled`. Note: the controller requires `slaac` when the IPv6 delegation type is `single_network` (`api.err.SingleNetworkMustBeSLAAC` otherwise) — common with ISPs that deliver IPv6 by Router Advertisement, e.g. Free/Freebox in bridge mode.","description_kind":"markdown","optional":true,"computed":true},"upnp":{"nested_type":{"attributes":{"enabled":{"type":"bool","description":"Whether UPnP is enabled","description_kind":"markdown","optional":true,"computed":true},"nat_pmp_enabled":{"type":"bool","description":"Whether UPnP NAT-PMP is enabled","description_kind":"markdown","optional":true,"computed":true},"secure_mode":{"type":"bool","description":"Whether UPnP secure mode is enabled","description_kind":"markdown","optional":true,"computed":true},"wan_interface":{"type":"string","description":"UPnP WAN interface","description_kind":"markdown","optional":true}},"nesting_mode":"single"},"description":"UPnP configuration","description_kind":"markdown","optional":true,"computed":true},"vlan":{"nested_type":{"attributes":{"enabled":{"type":"bool","description":"Whether VLAN is enabled","description_kind":"markdown","optional":true,"computed":true},"id":{"type":"number","description":"The VLAN ID","description_kind":"markdown","optional":true,"computed":true}},"nesting_mode":"single"},"description":"VLAN configuration","description_kind":"markdown","optional":true,"computed":true},"wan_dslite_remote_host":{"type":"string","description":"The DS-Lite AFTR remote host. Only used when `wan_dslite_remote_host_auto` is disabled.","description_kind":"markdown","optional":true,"computed":true},"wan_dslite_remote_host_auto":{"type":"bool","description":"Whether the DS-Lite AFTR remote host is detected automatically.","description_kind":"markdown","optional":true,"computed":true}},"description":"WAN network resource","description_kind":"markdown"}},"unifi_wireguard_peer":{"version":0,"block":{"attributes":{"allowed_ips":{"type":["list","string"],"description":"Additional CIDRs routed to this peer beyond its tunnel IP.","description_kind":"markdown","optional":true,"computed":true},"id":{"type":"string","description":"The ID of the WireGuard peer.","description_kind":"markdown","computed":true},"interface_ip":{"type":"string","description":"The tunnel IP assigned to the peer, without mask (e.g. `192.0.2.10`). Must be within the WireGuard server's subnet.","description_kind":"markdown","required":true},"name":{"type":"string","description":"The name of the WireGuard peer.","description_kind":"markdown","required":true},"network_id":{"type":"string","description":"The ID of the WireGuard server network the peer connects to.","description_kind":"markdown","required":true},"public_key":{"type":"string","description":"The WireGuard public key of the peer.","description_kind":"markdown","required":true},"site":{"type":"string","description":"The name of the site the WireGuard server belongs to.","description_kind":"markdown","optional":true,"computed":true},"timeouts":{"nested_type":{"attributes":{"create":{"type":"string","description":"A string that can be [parsed as a duration](https://pkg.go.dev/time#ParseDuration) consisting of numbers and unit suffixes, such as \"30s\" or \"2h45m\". Valid time units are \"s\" (seconds), \"m\" (minutes), \"h\" (hours).","description_kind":"plain","optional":true},"delete":{"type":"string","description":"A string that can be [parsed as a duration](https://pkg.go.dev/time#ParseDuration) consisting of numbers and unit suffixes, such as \"30s\" or \"2h45m\". Valid time units are \"s\" (seconds), \"m\" (minutes), \"h\" (hours). Setting a timeout for a Delete operation is only applicable if changes are saved into state before the destroy operation occurs.","description_kind":"plain","optional":true},"read":{"type":"string","description":"A string that can be [parsed as a duration](https://pkg.go.dev/time#ParseDuration) consisting of numbers and unit suffixes, such as \"30s\" or \"2h45m\". Valid time units are \"s\" (seconds), \"m\" (minutes), \"h\" (hours). Read operations occur during any refresh or planning operation when refresh is enabled.","description_kind":"plain","optional":true},"update":{"type":"string","description":"A string that can be [parsed as a duration](https://pkg.go.dev/time#ParseDuration) consisting of numbers and unit suffixes, such as \"30s\" or \"2h45m\". Valid time units are \"s\" (seconds), \"m\" (minutes), \"h\" (hours).","description_kind":"plain","optional":true}},"nesting_mode":"single"},"description_kind":"plain","optional":true}},"description":"Manages a WireGuard peer (client) of a WireGuard VPN server. The server is a `unifi_vpn_server` resource (or a network with `vpn_type = \"wireguard-server\"`); its network ID is referenced via `network_id`.","description_kind":"markdown"}},"unifi_wlan":{"version":1,"block":{"attributes":{"ap_group_ids":{"type":["set","string"],"description":"List of AP group IDs to apply this WLAN to.","description_kind":"markdown","optional":true},"ap_group_mode":{"type":"string","description":"Access point group mode.","description_kind":"markdown","optional":true,"computed":true},"bc_filter_list":{"type":["set","string"],"description":"List of MAC addresses for the broadcast filter. The controller may populate this on its own, so it is computed when unset.","description_kind":"markdown","optional":true,"computed":true},"bss_transition":{"type":"bool","description":"Improves client roaming by providing connection details of nearby APs.","description_kind":"markdown","optional":true,"computed":true},"dtim_6e":{"type":"number","description":"DTIM period for the 6 GHz band (1-255). Only used when `dtim_mode` is `custom`. Computed from the controller when not set.","description_kind":"markdown","optional":true,"computed":true},"dtim_mode":{"type":"string","description":"DTIM mode. Can be one of `default` or `custom`. Use `custom` together with `dtim_ng`/`dtim_na`/`dtim_6e`.","description_kind":"markdown","optional":true,"computed":true},"dtim_na":{"type":"number","description":"DTIM period for the 5 GHz band (1-255). Only used when `dtim_mode` is `custom`. Computed from the controller when not set.","description_kind":"markdown","optional":true,"computed":true},"dtim_ng":{"type":"number","description":"DTIM period for the 2.4 GHz band (1-255). Only used when `dtim_mode` is `custom`. Computed from the controller when not set.","description_kind":"markdown","optional":true,"computed":true},"enabled":{"type":"bool","description":"Enable or disable the WLAN.","description_kind":"markdown","optional":true,"computed":true},"enhanced_iot":{"type":"bool","description":"Enable enhanced IoT connectivity. When `true`, the controller forces `iapp_enabled = true`, `wpa3_support = false`, `wpa3_transition = false`, `pmf_mode = \"disabled\"` and `dtim_ng = 1`; the provider pins those fields to match, so any conflicting values you set for them are ignored (this disables WPA3 on the SSID).","description_kind":"markdown","optional":true,"computed":true},"fast_roaming_enabled":{"type":"bool","description":"Enable fast roaming, aka 802.11r.","description_kind":"markdown","optional":true,"computed":true},"group_rekey":{"type":"number","description":"Group rekey interval in seconds (0 to disable).","description_kind":"markdown","optional":true,"computed":true},"hide_ssid":{"type":"bool","description":"Indicates whether or not to hide the SSID from broadcast.","description_kind":"markdown","optional":true,"computed":true},"hotspot2conf_enabled":{"type":"bool","description":"Enable Hotspot 2.0 configuration.","description_kind":"markdown","optional":true,"computed":true},"iapp_enabled":{"type":"bool","description":"Enable Inter-Access Point Protocol (802.11f) for faster roaming. Computed from the controller when not set.","description_kind":"markdown","optional":true,"computed":true},"id":{"type":"string","description":"The ID of the WLAN.","description_kind":"markdown","computed":true},"is_guest":{"type":"bool","description":"Indicates that this is a guest WLAN and should use guest behaviors.","description_kind":"markdown","optional":true,"computed":true},"l2_isolation":{"type":"bool","description":"Isolates stations on layer 2 (ethernet) level.","description_kind":"markdown","optional":true,"computed":true},"mac_filter":{"nested_type":{"attributes":{"enabled":{"type":"bool","description":"Indicates whether or not the MAC filter is turned on for the network.","description_kind":"markdown","optional":true,"computed":true},"list":{"type":["set","string"],"description":"List of MAC addresses to filter (only valid if `enabled` is `true`).","description_kind":"markdown","optional":true},"policy":{"type":"string","description":"MAC address filter policy (only valid if `enabled` is `true`).","description_kind":"markdown","optional":true,"computed":true}},"nesting_mode":"single"},"description":"MAC address filtering configuration.","description_kind":"markdown","optional":true,"computed":true},"minimum_data_rate_2g_kbps":{"type":"number","description":"Minimum data rate for 2G clients in Kbps. When unset, the controller assigns a value (e.g. `1000` in `auto` mode), so this is computed rather than defaulted to `0`.","description_kind":"markdown","optional":true,"computed":true},"minimum_data_rate_5g_kbps":{"type":"number","description":"Minimum data rate for 5G clients in Kbps. When unset, the controller assigns a value (e.g. `6000` in `auto` mode), so this is computed rather than defaulted to `0`.","description_kind":"markdown","optional":true,"computed":true},"minrate_setting_preference":{"type":"string","description":"Minimum rate setting preference.","description_kind":"markdown","optional":true,"computed":true},"mlo_enabled":{"type":"bool","description":"Enable Multi-Link Operation (6 GHz).","description_kind":"markdown","optional":true,"computed":true},"multicast_enhance":{"type":"bool","description":"Indicates whether or not Multicast Enhance is turned of for the network.","description_kind":"markdown","optional":true,"computed":true},"name":{"type":"string","description":"The SSID of the network.","description_kind":"markdown","required":true},"nas_identifier_type":{"type":"string","description":"NAS identifier type for RADIUS.","description_kind":"markdown","optional":true,"computed":true},"network_id":{"type":"string","description":"ID of the network for this WLAN.","description_kind":"markdown","optional":true},"no2ghz_oui":{"type":"bool","description":"Connect high performance clients to 5 GHz only.","description_kind":"markdown","optional":true,"computed":true},"passphrase":{"type":"string","description":"The passphrase for the network, only required if `security` is not `open`. Stored in state — use `passphrase_wo` to avoid persisting the secret.","description_kind":"markdown","optional":true,"sensitive":true},"passphrase_wo":{"type":"string","description":"Write-only equivalent of `passphrase` (Terraform 1.11+). Used at apply time but never written to state, so it can be sourced from an ephemeral resource (e.g. a Vault secret). Mutually exclusive with `passphrase`.","description_kind":"markdown","optional":true,"sensitive":true},"pmf_mode":{"type":"string","description":"Enable Protected Management Frames. This cannot be disabled if using WPA 3.","description_kind":"markdown","optional":true,"computed":true},"private_preshared_keys":{"nested_type":{"attributes":{"network_id":{"type":"string","description":"ID of the network/VLAN this key is bound to. Leave unset to use the WLAN's default network.","description_kind":"markdown","optional":true,"computed":true},"password":{"type":"string","description":"The passphrase for this key (8-255 characters).","description_kind":"markdown","required":true,"sensitive":true}},"nesting_mode":"list"},"description":"Private pre-shared keys (PPSK): a list of per-key passphrases, each optionally bound to its own network/VLAN. Only valid when `private_preshared_keys_enabled` is `true`.","description_kind":"markdown","optional":true},"private_preshared_keys_enabled":{"type":"bool","description":"Whether per-key (PPSK) passphrases are enabled for this WLAN. Requires `security = wpapsk`.","description_kind":"markdown","optional":true,"computed":true},"proxy_arp":{"type":"bool","description":"Reduces airtime usage by allowing APs to \"proxy\" common broadcast frames as unicast.","description_kind":"markdown","optional":true,"computed":true},"radius_mac_auth_enabled":{"type":"bool","description":"Enable RADIUS MAC authentication.","description_kind":"markdown","optional":true,"computed":true},"radius_profile_id":{"type":"string","description":"ID of the RADIUS profile to use when security `wpaeap`. The controller may assign a default profile, so this is computed when unset.","description_kind":"markdown","optional":true,"computed":true},"security":{"type":"string","description":"The type of WiFi security for this network.","description_kind":"markdown","required":true},"site":{"type":"string","description":"The name of the site to associate the WLAN with.","description_kind":"markdown","optional":true,"computed":true},"timeouts":{"nested_type":{"attributes":{"create":{"type":"string","description":"A string that can be [parsed as a duration](https://pkg.go.dev/time#ParseDuration) consisting of numbers and unit suffixes, such as \"30s\" or \"2h45m\". Valid time units are \"s\" (seconds), \"m\" (minutes), \"h\" (hours).","description_kind":"plain","optional":true},"delete":{"type":"string","description":"A string that can be [parsed as a duration](https://pkg.go.dev/time#ParseDuration) consisting of numbers and unit suffixes, such as \"30s\" or \"2h45m\". Valid time units are \"s\" (seconds), \"m\" (minutes), \"h\" (hours). Setting a timeout for a Delete operation is only applicable if changes are saved into state before the destroy operation occurs.","description_kind":"plain","optional":true},"read":{"type":"string","description":"A string that can be [parsed as a duration](https://pkg.go.dev/time#ParseDuration) consisting of numbers and unit suffixes, such as \"30s\" or \"2h45m\". Valid time units are \"s\" (seconds), \"m\" (minutes), \"h\" (hours). Read operations occur during any refresh or planning operation when refresh is enabled.","description_kind":"plain","optional":true},"update":{"type":"string","description":"A string that can be [parsed as a duration](https://pkg.go.dev/time#ParseDuration) consisting of numbers and unit suffixes, such as \"30s\" or \"2h45m\". Valid time units are \"s\" (seconds), \"m\" (minutes), \"h\" (hours).","description_kind":"plain","optional":true}},"nesting_mode":"single"},"description_kind":"plain","optional":true},"uapsd":{"type":"bool","description":"Enable Unscheduled Automatic Power Save Delivery.","description_kind":"markdown","optional":true,"computed":true},"user_group_id":{"type":"string","description":"ID of the user group to use for this network.","description_kind":"markdown","required":true},"vlan":{"type":"number","description":"VLAN ID.","description_kind":"markdown","optional":true},"vlan_enabled":{"type":"bool","description":"Enable VLAN tagging.","description_kind":"markdown","optional":true,"computed":true},"wlan_band":{"type":"string","description":"WLAN band.","description_kind":"markdown","optional":true,"computed":true},"wlan_bands":{"type":["set","string"],"description":"List of WLAN bands.","description_kind":"markdown","optional":true,"computed":true},"wpa3_enhanced_192":{"type":"bool","description":"Enable WPA3 Enterprise 192-bit mode.","description_kind":"markdown","optional":true,"computed":true},"wpa3_fast_roaming":{"type":"bool","description":"Enable WPA3 fast roaming (802.11r).","description_kind":"markdown","optional":true,"computed":true},"wpa3_support":{"type":"bool","description":"Enable WPA 3 support (security must be `wpapsk` and PMF must be turned on).","description_kind":"markdown","optional":true,"computed":true},"wpa3_transition":{"type":"bool","description":"Enable WPA 3 and WPA 2 support (security must be `wpapsk` and `wpa3_support` must be true).","description_kind":"markdown","optional":true,"computed":true},"wpa_enc":{"type":"string","description":"WPA encryption. Can be one of `auto`, `ccmp`, `gcmp`, `ccmp-256`, or `gcmp-256`.","description_kind":"markdown","optional":true,"computed":true},"wpa_mode":{"type":"string","description":"WPA mode. Can be one of `auto`, `wpa1`, or `wpa2`.","description_kind":"markdown","optional":true,"computed":true}},"block_types":{"schedule":{"nesting_mode":"list","block":{"attributes":{"day_of_week":{"type":"string","description":"Day of week for the block.","description_kind":"markdown","required":true},"duration":{"type":"string","description":"Length of the block, as a Go duration string. The controller stores this value with one-minute resolution, so the duration must be at least `1m` and a whole multiple of one minute (e.g. `30m`, `2h`).","description_kind":"markdown","required":true},"name":{"type":"string","description":"Name of the block.","description_kind":"markdown","optional":true},"start_hour":{"type":"number","description":"Start hour for the block (0-23).","description_kind":"markdown","required":true},"start_minute":{"type":"number","description":"Start minute for the block (0-59).","description_kind":"markdown","optional":true,"computed":true}},"description":"Start and stop schedules for the WLAN","description_kind":"markdown"}}},"description":"Manages a WiFi network / SSID in UniFi Controller","description_kind":"markdown"}}},"data_source_schemas":{"unifi_account":{"version":0,"block":{"attributes":{"id":{"type":"string","description":"The ID of this account.","description_kind":"markdown","computed":true},"name":{"type":"string","description":"The name of the account to look up.","description_kind":"markdown","required":true},"network_id":{"type":"string","description":"ID of the network for this account.","description_kind":"markdown","computed":true},"password":{"type":"string","description":"The password of the account.","description_kind":"markdown","computed":true,"sensitive":true},"site":{"type":"string","description":"The name of the site the account is associated with.","description_kind":"markdown","optional":true,"computed":true},"timeouts":{"nested_type":{"attributes":{"read":{"type":"string","description":"A string that can be [parsed as a duration](https://pkg.go.dev/time#ParseDuration) consisting of numbers and unit suffixes, such as \"30s\" or \"2h45m\". Valid time units are \"s\" (seconds), \"m\" (minutes), \"h\" (hours).","description_kind":"plain","optional":true}},"nesting_mode":"single"},"description_kind":"plain","optional":true},"tunnel_medium_type":{"type":"number","description":"See RFC2868 section 3.2.","description_kind":"markdown","computed":true},"tunnel_type":{"type":"number","description":"See RFC2868 section 3.1.","description_kind":"markdown","computed":true}},"description":"Data source for RADIUS users.","description_kind":"markdown","deprecated":true}},"unifi_ap_group":{"version":0,"block":{"attributes":{"device_macs":{"type":["list","string"],"description":"List of device MAC addresses in the AP group.","description_kind":"markdown","computed":true},"id":{"type":"string","description":"The ID of this AP group.","description_kind":"markdown","computed":true},"name":{"type":"string","description":"The name of the AP group to look up.","description_kind":"markdown","required":true},"site":{"type":"string","description":"The name of the site the AP group is associated with.","description_kind":"markdown","optional":true,"computed":true},"timeouts":{"nested_type":{"attributes":{"read":{"type":"string","description":"A string that can be [parsed as a duration](https://pkg.go.dev/time#ParseDuration) consisting of numbers and unit suffixes, such as \"30s\" or \"2h45m\". Valid time units are \"s\" (seconds), \"m\" (minutes), \"h\" (hours).","description_kind":"plain","optional":true}},"nesting_mode":"single"},"description_kind":"plain","optional":true}},"description":"Data source for access point groups.","description_kind":"markdown"}},"unifi_client":{"version":0,"block":{"attributes":{"blocked":{"type":"bool","description":"Specifies whether this client should be blocked from the network.","description_kind":"markdown","computed":true},"display_name":{"type":"string","description":"The display name of the client.","description_kind":"markdown","computed":true},"fixed_ap_mac":{"type":"string","description":"The MAC address of the access point to which this client should be fixed.","description_kind":"markdown","computed":true},"fixed_ip":{"type":"string","description":"A fixed IPv4 address for this client.","description_kind":"markdown","computed":true},"groups":{"type":["list","string"],"description":"List of network members group names for this client.","description_kind":"markdown","computed":true},"hostname":{"type":"string","description":"The hostname of the client.","description_kind":"markdown","computed":true},"id":{"type":"string","description":"The ID of the client.","description_kind":"markdown","computed":true},"local_dns_record":{"type":"string","description":"Specifies the local DNS record for this client.","description_kind":"markdown","computed":true},"mac":{"type":"string","description":"The MAC address of the client.","description_kind":"markdown","required":true},"name":{"type":"string","description":"The name of the client.","description_kind":"markdown","computed":true},"network_id":{"type":"string","description":"The network ID for this client.","description_kind":"markdown","computed":true},"note":{"type":"string","description":"A note with additional information for the client.","description_kind":"markdown","computed":true},"qos_rate":{"nested_type":{"attributes":{"id":{"type":"string","description":"The ID of the client group.","description_kind":"markdown","computed":true},"max_down":{"type":"number","description":"Maximum download rate in kbps.","description_kind":"markdown","computed":true},"max_up":{"type":"number","description":"Maximum upload rate in kbps.","description_kind":"markdown","computed":true},"name":{"type":"string","description":"The name of the client group.","description_kind":"markdown","computed":true}},"nesting_mode":"single"},"description":"QoS rate limiting configuration from the client's group.","description_kind":"markdown","computed":true},"site":{"type":"string","description":"The name of the site the client is associated with.","description_kind":"markdown","optional":true,"computed":true},"timeouts":{"nested_type":{"attributes":{"read":{"type":"string","description":"A string that can be [parsed as a duration](https://pkg.go.dev/time#ParseDuration) consisting of numbers and unit suffixes, such as \"30s\" or \"2h45m\". Valid time units are \"s\" (seconds), \"m\" (minutes), \"h\" (hours).","description_kind":"plain","optional":true}},"nesting_mode":"single"},"description_kind":"plain","optional":true}},"description":"Retrieves properties of a client of the network by MAC address.","description_kind":"markdown"}},"unifi_client_info":{"version":0,"block":{"attributes":{"ap_mac":{"type":"string","description":"The MAC address of the access point the client is connected to.","description_kind":"markdown","computed":true},"authorized":{"type":"bool","description":"Whether the client is authorized.","description_kind":"markdown","computed":true},"blocked":{"type":"bool","description":"Whether the client is blocked.","description_kind":"markdown","computed":true},"bssid":{"type":"string","description":"The BSSID of the access point.","description_kind":"markdown","computed":true},"channel":{"type":"number","description":"The WiFi channel the client is connected on.","description_kind":"markdown","computed":true},"display_name":{"type":"string","description":"The display name of the client.","description_kind":"markdown","computed":true},"essid":{"type":"string","description":"The ESSID (network name) the client is connected to.","description_kind":"markdown","computed":true},"first_seen":{"type":"number","description":"Unix timestamp when the client was first seen.","description_kind":"markdown","computed":true},"fixed_ip":{"type":"string","description":"Fixed IPv4 address set for this client.","description_kind":"markdown","computed":true},"hostname":{"type":"string","description":"The hostname of the client.","description_kind":"markdown","computed":true},"id":{"type":"string","description":"The ID of the client.","description_kind":"markdown","computed":true},"ip":{"type":"string","description":"The IP address of the client.","description_kind":"markdown","computed":true},"is_guest":{"type":"bool","description":"Whether the client is a guest.","description_kind":"markdown","computed":true},"is_wired":{"type":"bool","description":"Whether the client is connected via wired connection.","description_kind":"markdown","computed":true},"last_connection_network_id":{"type":"string","description":"The network ID of the last connection.","description_kind":"markdown","computed":true},"last_connection_network_name":{"type":"string","description":"The network name of the last connection.","description_kind":"markdown","computed":true},"last_seen":{"type":"number","description":"Unix timestamp when the client was last seen.","description_kind":"markdown","computed":true},"last_uplink_mac":{"type":"string","description":"The MAC address of the last uplink device.","description_kind":"markdown","computed":true},"last_uplink_name":{"type":"string","description":"The name of the last uplink device.","description_kind":"markdown","computed":true},"last_uplink_remote_port":{"type":"number","description":"The remote port of the last uplink device.","description_kind":"markdown","computed":true},"local_dns_record":{"type":"string","description":"The local DNS record for this client.","description_kind":"markdown","computed":true},"local_dns_record_enabled":{"type":"bool","description":"Whether local DNS record is enabled for this client.","description_kind":"markdown","computed":true},"mac":{"type":"string","description":"The MAC address of the client to retrieve.","description_kind":"markdown","required":true},"name":{"type":"string","description":"The name of the client.","description_kind":"markdown","computed":true},"network_id":{"type":"string","description":"The network ID for this client.","description_kind":"markdown","computed":true},"network_name":{"type":"string","description":"The network name for this client.","description_kind":"markdown","computed":true},"noise":{"type":"number","description":"The noise level in dBm.","description_kind":"markdown","computed":true},"oui":{"type":"string","description":"The OUI (vendor) of the client's MAC address.","description_kind":"markdown","computed":true},"radio":{"type":"string","description":"The radio type (e.g., na, ng).","description_kind":"markdown","computed":true},"radio_name":{"type":"string","description":"The radio name (e.g., wifi0, wifi1).","description_kind":"markdown","computed":true},"rssi":{"type":"number","description":"The RSSI value.","description_kind":"markdown","computed":true},"rx_bytes":{"type":"number","description":"Total bytes received.","description_kind":"markdown","computed":true},"rx_rate":{"type":"number","description":"The receive rate in kbps.","description_kind":"markdown","computed":true},"signal":{"type":"number","description":"The signal strength in dBm.","description_kind":"markdown","computed":true},"site":{"type":"string","description":"The name of the site to retrieve the client from.","description_kind":"markdown","optional":true,"computed":true},"status":{"type":"string","description":"The status of the client.","description_kind":"markdown","computed":true},"sw_port":{"type":"number","description":"The switch port number the client is connected to.","description_kind":"markdown","computed":true},"timeouts":{"nested_type":{"attributes":{"read":{"type":"string","description":"A string that can be [parsed as a duration](https://pkg.go.dev/time#ParseDuration) consisting of numbers and unit suffixes, such as \"30s\" or \"2h45m\". Valid time units are \"s\" (seconds), \"m\" (minutes), \"h\" (hours).","description_kind":"plain","optional":true}},"nesting_mode":"single"},"description_kind":"plain","optional":true},"tx_bytes":{"type":"number","description":"Total bytes transmitted.","description_kind":"markdown","computed":true},"tx_rate":{"type":"number","description":"The transmit rate in kbps.","description_kind":"markdown","computed":true},"uptime":{"type":"string","description":"The uptime of the client, as a Go duration string.","description_kind":"markdown","computed":true},"use_fixedip":{"type":"bool","description":"Whether this client uses a fixed IP.","description_kind":"markdown","computed":true},"usergroup_id":{"type":"string","description":"The user group ID for the client.","description_kind":"markdown","computed":true},"wired_rate_mbps":{"type":"number","description":"The wired connection rate in Mbps.","description_kind":"markdown","computed":true}},"description":"Retrieves information about a specific client by MAC address.","description_kind":"markdown"}},"unifi_client_info_list":{"version":0,"block":{"attributes":{"clients":{"nested_type":{"attributes":{"ap_mac":{"type":"string","description":"The MAC address of the access point the client is connected to.","description_kind":"markdown","computed":true},"authorized":{"type":"bool","description":"Whether the client is authorized.","description_kind":"markdown","computed":true},"blocked":{"type":"bool","description":"Whether the client is blocked.","description_kind":"markdown","computed":true},"bssid":{"type":"string","description":"The BSSID of the access point.","description_kind":"markdown","computed":true},"channel":{"type":"number","description":"The WiFi channel the client is connected on.","description_kind":"markdown","computed":true},"display_name":{"type":"string","description":"The display name of the client.","description_kind":"markdown","computed":true},"essid":{"type":"string","description":"The ESSID (network name) the client is connected to.","description_kind":"markdown","computed":true},"first_seen":{"type":"number","description":"Unix timestamp when the client was first seen.","description_kind":"markdown","computed":true},"fixed_ip":{"type":"string","description":"Fixed IPv4 address set for this client.","description_kind":"markdown","computed":true},"hostname":{"type":"string","description":"The hostname of the client.","description_kind":"markdown","computed":true},"id":{"type":"string","description":"The ID of the client.","description_kind":"markdown","computed":true},"ip":{"type":"string","description":"The IP address of the client.","description_kind":"markdown","computed":true},"is_guest":{"type":"bool","description":"Whether the client is a guest.","description_kind":"markdown","computed":true},"is_wired":{"type":"bool","description":"Whether the client is connected via wired connection.","description_kind":"markdown","computed":true},"last_connection_network_id":{"type":"string","description":"The network ID of the last connection.","description_kind":"markdown","computed":true},"last_connection_network_name":{"type":"string","description":"The network name of the last connection.","description_kind":"markdown","computed":true},"last_seen":{"type":"number","description":"Unix timestamp when the client was last seen.","description_kind":"markdown","computed":true},"last_uplink_mac":{"type":"string","description":"The MAC address of the last uplink device.","description_kind":"markdown","computed":true},"last_uplink_name":{"type":"string","description":"The name of the last uplink device.","description_kind":"markdown","computed":true},"last_uplink_remote_port":{"type":"number","description":"The remote port of the last uplink device.","description_kind":"markdown","computed":true},"local_dns_record":{"type":"string","description":"The local DNS record for this client.","description_kind":"markdown","computed":true},"local_dns_record_enabled":{"type":"bool","description":"Whether local DNS record is enabled for this client.","description_kind":"markdown","computed":true},"mac":{"type":"string","description":"The MAC address of the client.","description_kind":"markdown","computed":true},"name":{"type":"string","description":"The name of the client.","description_kind":"markdown","computed":true},"network_id":{"type":"string","description":"The network ID for this client.","description_kind":"markdown","computed":true},"network_name":{"type":"string","description":"The network name for this client.","description_kind":"markdown","computed":true},"noise":{"type":"number","description":"The noise level in dBm.","description_kind":"markdown","computed":true},"oui":{"type":"string","description":"The OUI (vendor) of the client's MAC address.","description_kind":"markdown","computed":true},"radio":{"type":"string","description":"The radio type (e.g., na, ng).","description_kind":"markdown","computed":true},"radio_name":{"type":"string","description":"The radio name (e.g., wifi0, wifi1).","description_kind":"markdown","computed":true},"rssi":{"type":"number","description":"The RSSI value.","description_kind":"markdown","computed":true},"rx_bytes":{"type":"number","description":"Total bytes received.","description_kind":"markdown","computed":true},"rx_rate":{"type":"number","description":"The receive rate in kbps.","description_kind":"markdown","computed":true},"signal":{"type":"number","description":"The signal strength in dBm.","description_kind":"markdown","computed":true},"status":{"type":"string","description":"The status of the client.","description_kind":"markdown","computed":true},"sw_port":{"type":"number","description":"The switch port number the client is connected to.","description_kind":"markdown","computed":true},"tx_bytes":{"type":"number","description":"Total bytes transmitted.","description_kind":"markdown","computed":true},"tx_rate":{"type":"number","description":"The transmit rate in kbps.","description_kind":"markdown","computed":true},"uptime":{"type":"string","description":"The uptime of the client, as a Go duration string.","description_kind":"markdown","computed":true},"use_fixedip":{"type":"bool","description":"Whether this client uses a fixed IP.","description_kind":"markdown","computed":true},"usergroup_id":{"type":"string","description":"The user group ID for the client.","description_kind":"markdown","computed":true},"wired_rate_mbps":{"type":"number","description":"The wired connection rate in Mbps.","description_kind":"markdown","computed":true}},"nesting_mode":"list"},"description":"List of active clients on the network.","description_kind":"markdown","computed":true},"site":{"type":"string","description":"The name of the site to retrieve clients from.","description_kind":"markdown","optional":true,"computed":true},"timeouts":{"nested_type":{"attributes":{"read":{"type":"string","description":"A string that can be [parsed as a duration](https://pkg.go.dev/time#ParseDuration) consisting of numbers and unit suffixes, such as \"30s\" or \"2h45m\". Valid time units are \"s\" (seconds), \"m\" (minutes), \"h\" (hours).","description_kind":"plain","optional":true}},"nesting_mode":"single"},"description_kind":"plain","optional":true}},"description":"Retrieves a list of all active clients on the network.","description_kind":"markdown"}},"unifi_client_list":{"version":0,"block":{"attributes":{"blocked":{"type":"bool","description":"Filter clients by blocked status.","description_kind":"markdown","optional":true},"clients":{"nested_type":{"attributes":{"ap_mac":{"type":"string","description":"The MAC address of the access point the client is connected to.","description_kind":"markdown","computed":true},"authorized":{"type":"bool","description":"Whether the client is authorized.","description_kind":"markdown","computed":true},"blocked":{"type":"bool","description":"Whether the client is blocked from the network.","description_kind":"markdown","computed":true},"bssid":{"type":"string","description":"The BSSID of the access point.","description_kind":"markdown","computed":true},"channel":{"type":"number","description":"The WiFi channel the client is connected on.","description_kind":"markdown","computed":true},"display_name":{"type":"string","description":"The display name of the client.","description_kind":"markdown","computed":true},"essid":{"type":"string","description":"The ESSID (network name) the client is connected to.","description_kind":"markdown","computed":true},"first_seen":{"type":"number","description":"Unix timestamp when the client was first seen.","description_kind":"markdown","computed":true},"fixed_ap_mac":{"type":"string","description":"The MAC address of the access point to which this client is fixed.","description_kind":"markdown","computed":true},"fixed_ip":{"type":"string","description":"A fixed IPv4 address for this client.","description_kind":"markdown","computed":true},"group_id":{"type":"string","description":"The user group ID for the client.","description_kind":"markdown","computed":true},"hostname":{"type":"string","description":"The hostname of the client.","description_kind":"markdown","computed":true},"id":{"type":"string","description":"The ID of the client.","description_kind":"markdown","computed":true},"ip":{"type":"string","description":"The IP address of the client.","description_kind":"markdown","computed":true},"is_guest":{"type":"bool","description":"Whether the client is a guest.","description_kind":"markdown","computed":true},"is_wired":{"type":"bool","description":"Whether the client is connected via wired connection.","description_kind":"markdown","computed":true},"last_connection_network_id":{"type":"string","description":"The network ID of the last connection.","description_kind":"markdown","computed":true},"last_connection_network_name":{"type":"string","description":"The network name of the last connection.","description_kind":"markdown","computed":true},"last_seen":{"type":"number","description":"Unix timestamp when the client was last seen.","description_kind":"markdown","computed":true},"last_uplink_mac":{"type":"string","description":"The MAC address of the last uplink device.","description_kind":"markdown","computed":true},"last_uplink_name":{"type":"string","description":"The name of the last uplink device.","description_kind":"markdown","computed":true},"local_dns_record":{"type":"string","description":"The local DNS record for this client.","description_kind":"markdown","computed":true},"mac":{"type":"string","description":"The MAC address of the client.","description_kind":"markdown","computed":true},"name":{"type":"string","description":"The name of the client.","description_kind":"markdown","computed":true},"network_id":{"type":"string","description":"The network ID for this client.","description_kind":"markdown","computed":true},"network_members_group_ids":{"type":["list","string"],"description":"List of network member group IDs for this client.","description_kind":"markdown","computed":true},"network_name":{"type":"string","description":"The network name for this client.","description_kind":"markdown","computed":true},"noise":{"type":"number","description":"The noise level in dBm.","description_kind":"markdown","computed":true},"note":{"type":"string","description":"A note with additional information for the client.","description_kind":"markdown","computed":true},"oui":{"type":"string","description":"The OUI (vendor) of the client's MAC address.","description_kind":"markdown","computed":true},"radio":{"type":"string","description":"The radio type (e.g., na, ng).","description_kind":"markdown","computed":true},"radio_name":{"type":"string","description":"The radio name (e.g., wifi0, wifi1).","description_kind":"markdown","computed":true},"rssi":{"type":"number","description":"The RSSI value.","description_kind":"markdown","computed":true},"rx_bytes":{"type":"number","description":"Total bytes received.","description_kind":"markdown","computed":true},"rx_rate":{"type":"number","description":"The receive rate in kbps.","description_kind":"markdown","computed":true},"signal":{"type":"number","description":"The signal strength in dBm.","description_kind":"markdown","computed":true},"status":{"type":"string","description":"The connection status of the client.","description_kind":"markdown","computed":true},"sw_port":{"type":"number","description":"The switch port number the client is connected to.","description_kind":"markdown","computed":true},"tx_bytes":{"type":"number","description":"Total bytes transmitted.","description_kind":"markdown","computed":true},"tx_rate":{"type":"number","description":"The transmit rate in kbps.","description_kind":"markdown","computed":true},"uptime":{"type":"number","description":"The uptime of the client in seconds.","description_kind":"markdown","computed":true},"wired_rate_mbps":{"type":"number","description":"The wired connection rate in Mbps.","description_kind":"markdown","computed":true}},"nesting_mode":"list"},"description":"List of clients matching the specified filters.","description_kind":"markdown","computed":true},"group":{"type":"string","description":"Filter clients by network members group name.","description_kind":"markdown","optional":true},"oui":{"type":"string","description":"Filter clients by OUI (vendor prefix).","description_kind":"markdown","optional":true},"site":{"type":"string","description":"The name of the site to retrieve clients from.","description_kind":"markdown","optional":true,"computed":true},"timeouts":{"nested_type":{"attributes":{"read":{"type":"string","description":"A string that can be [parsed as a duration](https://pkg.go.dev/time#ParseDuration) consisting of numbers and unit suffixes, such as \"30s\" or \"2h45m\". Valid time units are \"s\" (seconds), \"m\" (minutes), \"h\" (hours).","description_kind":"plain","optional":true}},"nesting_mode":"single"},"description_kind":"plain","optional":true},"wired":{"type":"bool","description":"Filter clients by wired connection status.","description_kind":"markdown","optional":true}},"description":"Retrieves a list of clients (users) on the network with optional filtering. Merges client configuration data with active and historical connection information for network discovery within Terraform.","description_kind":"markdown"}},"unifi_client_qos_rate":{"version":0,"block":{"attributes":{"id":{"type":"string","description":"The ID of this client QOS rate.","description_kind":"markdown","computed":true},"name":{"type":"string","description":"The name of the client QOS rate to look up.","description_kind":"markdown","required":true},"qos_rate_max_down":{"type":"number","description":"The maximum download rate.","description_kind":"markdown","computed":true},"qos_rate_max_up":{"type":"number","description":"The maximum upload rate.","description_kind":"markdown","computed":true},"site":{"type":"string","description":"The name of the site the client QOS rate is associated with.","description_kind":"markdown","optional":true,"computed":true},"timeouts":{"nested_type":{"attributes":{"read":{"type":"string","description":"A string that can be [parsed as a duration](https://pkg.go.dev/time#ParseDuration) consisting of numbers and unit suffixes, such as \"30s\" or \"2h45m\". Valid time units are \"s\" (seconds), \"m\" (minutes), \"h\" (hours).","description_kind":"plain","optional":true}},"nesting_mode":"single"},"description_kind":"plain","optional":true}},"description":"Data source for client QOS rates.","description_kind":"markdown"}},"unifi_dns_record":{"version":1,"block":{"attributes":{"enabled":{"type":"bool","description":"Whether the DNS record is enabled.","description_kind":"markdown","computed":true},"id":{"type":"string","description":"The ID of this DNS record.","description_kind":"markdown","computed":true},"name":{"type":"string","description":"The name of the DNS record to look up.","description_kind":"markdown","required":true},"site":{"type":"string","description":"The name of the site the DNS record is associated with.","description_kind":"markdown","optional":true,"computed":true},"timeouts":{"nested_type":{"attributes":{"read":{"type":"string","description":"A string that can be [parsed as a duration](https://pkg.go.dev/time#ParseDuration) consisting of numbers and unit suffixes, such as \"30s\" or \"2h45m\". Valid time units are \"s\" (seconds), \"m\" (minutes), \"h\" (hours).","description_kind":"plain","optional":true}},"nesting_mode":"single"},"description_kind":"plain","optional":true},"ttl":{"type":"string","description":"The TTL of the DNS record, as a Go duration string.","description_kind":"markdown","computed":true},"type":{"type":"string","description":"The type of the DNS record.","description_kind":"markdown","computed":true},"value":{"type":"string","description":"The value of the DNS record.","description_kind":"markdown","computed":true}},"description":"Data source for DNS records.","description_kind":"markdown"}},"unifi_firewall_zone":{"version":0,"block":{"attributes":{"id":{"type":"string","description":"The ID of the firewall zone.","description_kind":"markdown","computed":true},"name":{"type":"string","description":"The display name of the firewall zone (e.g. `Internal`, `External`).","description_kind":"markdown","required":true},"network_ids":{"type":["list","string"],"description":"List of network IDs assigned to this zone.","description_kind":"markdown","computed":true},"site":{"type":"string","description":"The name of the UniFi site.","description_kind":"markdown","optional":true,"computed":true},"timeouts":{"nested_type":{"attributes":{"read":{"type":"string","description":"A string that can be [parsed as a duration](https://pkg.go.dev/time#ParseDuration) consisting of numbers and unit suffixes, such as \"30s\" or \"2h45m\". Valid time units are \"s\" (seconds), \"m\" (minutes), \"h\" (hours).","description_kind":"plain","optional":true}},"nesting_mode":"single"},"description_kind":"plain","optional":true},"zone_key":{"type":"string","description":"The internal key of the zone (e.g. `lan`, `wan`).","description_kind":"markdown","computed":true}},"description":"Data source for UniFi firewall zones (zone-based firewall, UniFi Network 8.x+). Use this to look up zone IDs by name for use in `unifi_firewall_policy` resources.","description_kind":"markdown"}},"unifi_network":{"version":1,"block":{"attributes":{"auto_scale":{"type":"bool","description":"Specifies whether auto-scaling is enabled.","description_kind":"markdown","computed":true},"dhcp_guarding":{"nested_type":{"attributes":{"enabled":{"type":"bool","description":"Specifies whether DHCP guarding is enabled.","description_kind":"markdown","computed":true},"servers":{"type":["list","string"],"description":"List of allowed DHCP server IP addresses.","description_kind":"markdown","computed":true}},"nesting_mode":"single"},"description":"DHCP guarding configuration.","description_kind":"markdown","computed":true},"dhcp_relay":{"nested_type":{"attributes":{"enabled":{"type":"bool","description":"Specifies whether DHCP relay is enabled.","description_kind":"markdown","computed":true},"servers":{"type":["list","string"],"description":"List of DHCP relay server addresses.","description_kind":"markdown","computed":true}},"nesting_mode":"single"},"description":"DHCP relay configuration.","description_kind":"markdown","computed":true},"dhcp_server":{"nested_type":{"attributes":{"boot":{"nested_type":{"attributes":{"enabled":{"type":"bool","description":"Toggles DHCP boot options.","description_kind":"markdown","computed":true},"filename":{"type":"string","description":"Boot filename.","description_kind":"markdown","computed":true},"server":{"type":"string","description":"TFTP server for boot options.","description_kind":"markdown","computed":true}},"nesting_mode":"single"},"description":"DHCP boot settings.","description_kind":"markdown","computed":true},"conflict_checking":{"type":"bool","description":"Specifies whether DHCP conflict checking is enabled.","description_kind":"markdown","computed":true},"dns_enabled":{"type":"bool","description":"Specifies whether DHCP DNS is enabled.","description_kind":"markdown","computed":true},"dns_servers":{"type":["list","string"],"description":"List of DNS server addresses for DHCP clients.","description_kind":"markdown","computed":true},"enabled":{"type":"bool","description":"Specifies whether DHCP server is enabled.","description_kind":"markdown","computed":true},"gateway_enabled":{"type":"bool","description":"Specifies whether DHCP gateway is enabled.","description_kind":"markdown","computed":true},"leasetime":{"type":"string","description":"Specifies the DHCP lease time, as a Go duration string.","description_kind":"markdown","computed":true},"ntp_enabled":{"type":"bool","description":"Specifies whether DHCP NTP is enabled.","description_kind":"markdown","computed":true},"start":{"type":"string","description":"The IPv4 address where the DHCP range starts.","description_kind":"markdown","computed":true},"stop":{"type":"string","description":"The IPv4 address where the DHCP range stops.","description_kind":"markdown","computed":true},"tftp_server":{"type":"string","description":"TFTP server address.","description_kind":"markdown","computed":true},"time_offset_enabled":{"type":"bool","description":"Specifies whether DHCP time offset is enabled.","description_kind":"markdown","computed":true},"unifi_controller":{"type":"string","description":"UniFi controller IP address.","description_kind":"markdown","computed":true},"wins":{"nested_type":{"attributes":{"addresses":{"type":["list","string"],"description":"List of WINS server addresses.","description_kind":"markdown","computed":true},"enabled":{"type":"bool","description":"Specifies whether DHCP WINS is enabled.","description_kind":"markdown","computed":true}},"nesting_mode":"single"},"description":"WINS server configuration.","description_kind":"markdown","computed":true},"wpad_url":{"type":"string","description":"WPAD URL for proxy auto-configuration.","description_kind":"markdown","computed":true}},"nesting_mode":"single"},"description":"DHCP server configuration.","description_kind":"markdown","computed":true},"dhcp_v6_server":{"nested_type":{"attributes":{"dns_auto":{"type":"bool","description":"When true, upstream DNS entries are propagated. When false, `dns_servers` are used.","description_kind":"markdown","computed":true},"dns_servers":{"type":["list","string"],"description":"IPv6 DNS server addresses for DHCPv6 clients.","description_kind":"markdown","computed":true},"enabled":{"type":"bool","description":"Specifies whether stateful DHCPv6 is enabled.","description_kind":"markdown","computed":true},"lease":{"type":"number","description":"Lease time for DHCPv6 addresses in seconds.","description_kind":"markdown","computed":true},"start":{"type":"string","description":"Start address of the DHCPv6 range.","description_kind":"markdown","computed":true},"stop":{"type":"string","description":"End address of the DHCPv6 range.","description_kind":"markdown","computed":true}},"nesting_mode":"single"},"description":"DHCPv6 server configuration.","description_kind":"markdown","computed":true},"domain_name":{"type":"string","description":"The domain name for the network.","description_kind":"markdown","computed":true},"enabled":{"type":"bool","description":"Specifies whether the network is enabled.","description_kind":"markdown","computed":true},"gateway_type":{"type":"string","description":"The gateway type.","description_kind":"markdown","computed":true},"id":{"type":"string","description":"The ID of the network.","description_kind":"markdown","optional":true,"computed":true},"igmp_snooping":{"type":"bool","description":"Specifies whether IGMP snooping is enabled.","description_kind":"markdown","computed":true},"internet_access":{"type":"bool","description":"Specifies whether internet access is enabled.","description_kind":"markdown","computed":true},"ip_aliases":{"type":["list","string"],"description":"List of IP aliases for the network.","description_kind":"markdown","computed":true},"ipv6_aliases":{"type":["list","string"],"description":"List of IPv6 aliases for the network.","description_kind":"markdown","computed":true},"ipv6_interface_type":{"type":"string","description":"Specifies which type of IPv6 connection to use.","description_kind":"markdown","computed":true},"ipv6_pd_interface":{"type":"string","description":"Specifies which WAN interface to use for IPv6 PD. One of `wan` or `wan2`.","description_kind":"markdown","computed":true},"ipv6_pd_prefixid":{"type":"string","description":"Specifies the IPv6 Prefix ID.","description_kind":"markdown","computed":true},"ipv6_pd_start":{"type":"string","description":"Start address of the DHCPv6 range when `ipv6_interface_type` is `pd`.","description_kind":"markdown","computed":true},"ipv6_pd_stop":{"type":"string","description":"End address of the DHCPv6 range when `ipv6_interface_type` is `pd`.","description_kind":"markdown","computed":true},"ipv6_ra":{"type":"bool","description":"Specifies whether to enable IPv6 router advertisements.","description_kind":"markdown","computed":true},"ipv6_ra_preferred_lifetime":{"type":"string","description":"Preferred lifetime for IPv6 RA, as a Go duration string.","description_kind":"markdown","computed":true},"ipv6_ra_priority":{"type":"string","description":"IPv6 router advertisement priority. One of `high`, `medium`, or `low`.","description_kind":"markdown","computed":true},"ipv6_ra_valid_lifetime":{"type":"string","description":"Total lifetime for the IPv6 RA address, as a Go duration string.","description_kind":"markdown","computed":true},"ipv6_static_subnet":{"type":"string","description":"The static IPv6 subnet (when `ipv6_interface_type` is `static`).","description_kind":"markdown","computed":true},"lte_lan":{"type":"bool","description":"Specifies whether LTE LAN is enabled.","description_kind":"markdown","computed":true},"multicast_dns":{"type":"bool","description":"Specifies whether mDNS is enabled.","description_kind":"markdown","computed":true},"name":{"type":"string","description":"The name of the network.","description_kind":"markdown","optional":true,"computed":true},"nat_outbound_ip_addresses":{"nested_type":{"attributes":{"ip_address":{"type":"string","description":"The IP address.","description_kind":"markdown","computed":true},"ip_address_pool":{"type":["list","string"],"description":"The IP address pool.","description_kind":"markdown","computed":true},"mode":{"type":"string","description":"The mode.","description_kind":"markdown","computed":true},"wan_network_group":{"type":"string","description":"The WAN network group.","description_kind":"markdown","computed":true}},"nesting_mode":"list"},"description":"List of NAT outbound IP addresses.","description_kind":"markdown","computed":true},"network_group":{"type":"string","description":"The group of the network.","description_kind":"markdown","computed":true},"network_isolation":{"type":"bool","description":"Specifies whether network isolation is enabled.","description_kind":"markdown","computed":true},"purpose":{"type":"string","description":"The purpose of the network. One of `corporate`, `guest`, `wan`, or `vlan-only`.","description_kind":"markdown","computed":true},"setting_preference":{"type":"string","description":"Setting preference. One of `auto` or `manual`.","description_kind":"markdown","computed":true},"site":{"type":"string","description":"The name of the site to associate the network with.","description_kind":"markdown","optional":true,"computed":true},"subnet":{"type":"string","description":"The IP subnet of the network in CIDR notation.","description_kind":"markdown","computed":true},"third_party_gateway":{"type":"bool","description":"Specifies whether this network uses a third-party gateway.","description_kind":"markdown","computed":true},"timeouts":{"nested_type":{"attributes":{"read":{"type":"string","description":"A string that can be [parsed as a duration](https://pkg.go.dev/time#ParseDuration) consisting of numbers and unit suffixes, such as \"30s\" or \"2h45m\". Valid time units are \"s\" (seconds), \"m\" (minutes), \"h\" (hours).","description_kind":"plain","optional":true}},"nesting_mode":"single"},"description_kind":"plain","optional":true},"vlan":{"type":"number","description":"The VLAN ID for the network.","description_kind":"markdown","computed":true},"wan_dns":{"type":["list","string"],"description":"DNS server IPs of the WAN.","description_kind":"markdown","computed":true},"wan_egress_qos":{"type":"number","description":"Specifies the WAN egress quality of service.","description_kind":"markdown","computed":true},"wan_gateway":{"type":"string","description":"The IPv4 gateway of the WAN.","description_kind":"markdown","computed":true},"wan_gateway_v6":{"type":"string","description":"The IPv6 gateway of the WAN.","description_kind":"markdown","computed":true},"wan_ip":{"type":"string","description":"The IPv4 address of the WAN.","description_kind":"markdown","computed":true},"wan_netmask":{"type":"string","description":"The IPv4 netmask of the WAN.","description_kind":"markdown","computed":true},"wan_network_group":{"type":"string","description":"Specifies the WAN network group. One of `WAN`, `WAN2` or `WAN_LTE_FAILOVER`.","description_kind":"markdown","computed":true},"wan_type":{"type":"string","description":"Specifies the IPv4 WAN connection type. One of `disabled`, `static`, `dhcp`, or `pppoe`.","description_kind":"markdown","computed":true},"wan_type_v6":{"type":"string","description":"Specifies the IPv6 WAN connection type. One of `disabled`, `static`, or `dhcpv6`.","description_kind":"markdown","computed":true},"wan_username":{"type":"string","description":"Specifies the IPv4 WAN username.","description_kind":"markdown","computed":true}},"description":"`unifi_network` data source can be used to retrieve settings for a network by name or ID.","description_kind":"markdown"}},"unifi_port_profile":{"version":1,"block":{"attributes":{"forward":{"type":"string","description":"The forwarding mode of the port profile. One of `all`, `native`, `customize` or `disabled`.","description_kind":"markdown","computed":true},"id":{"type":"string","description":"The ID of this port profile.","description_kind":"markdown","computed":true},"name":{"type":"string","description":"The name of the port profile to look up.","description_kind":"markdown","required":true},"native_networkconf_id":{"type":"string","description":"The ID of the native (untagged) network for the port profile.","description_kind":"markdown","computed":true},"site":{"type":"string","description":"The name of the site the port profile is associated with.","description_kind":"markdown","optional":true,"computed":true},"tagged_networkconf_ids":{"type":["set","string"],"description":"The IDs of the tagged (VLAN) networks for the port profile.","description_kind":"markdown","computed":true},"timeouts":{"nested_type":{"attributes":{"read":{"type":"string","description":"A string that can be [parsed as a duration](https://pkg.go.dev/time#ParseDuration) consisting of numbers and unit suffixes, such as \"30s\" or \"2h45m\". Valid time units are \"s\" (seconds), \"m\" (minutes), \"h\" (hours).","description_kind":"plain","optional":true}},"nesting_mode":"single"},"description_kind":"plain","optional":true}},"description":"Data source for port profiles.","description_kind":"markdown"}},"unifi_radius_profile":{"version":1,"block":{"attributes":{"accounting_enabled":{"type":"bool","description":"Whether RADIUS accounting is enabled.","description_kind":"markdown","computed":true},"id":{"type":"string","description":"The ID of this RADIUS profile.","description_kind":"markdown","computed":true},"interim_update_enabled":{"type":"bool","description":"Whether interim updates are enabled.","description_kind":"markdown","computed":true},"interim_update_interval":{"type":"string","description":"The interim update interval, as a Go duration string.","description_kind":"markdown","computed":true},"name":{"type":"string","description":"The name of the RADIUS profile to look up.","description_kind":"markdown","required":true},"site":{"type":"string","description":"The name of the site the RADIUS profile is associated with.","description_kind":"markdown","optional":true,"computed":true},"timeouts":{"nested_type":{"attributes":{"read":{"type":"string","description":"A string that can be [parsed as a duration](https://pkg.go.dev/time#ParseDuration) consisting of numbers and unit suffixes, such as \"30s\" or \"2h45m\". Valid time units are \"s\" (seconds), \"m\" (minutes), \"h\" (hours).","description_kind":"plain","optional":true}},"nesting_mode":"single"},"description_kind":"plain","optional":true},"use_usg_acct_server":{"type":"bool","description":"Whether to use USG as accounting server.","description_kind":"markdown","computed":true},"use_usg_auth_server":{"type":"bool","description":"Whether to use USG as authentication server.","description_kind":"markdown","computed":true},"vlan_enabled":{"type":"bool","description":"Whether VLAN is enabled.","description_kind":"markdown","computed":true},"vlan_wlan_mode":{"type":"string","description":"The VLAN WLAN mode.","description_kind":"markdown","computed":true}},"description":"Data source for RADIUS profiles.","description_kind":"markdown"}},"unifi_radius_user":{"version":0,"block":{"attributes":{"id":{"type":"string","description":"The ID of this account.","description_kind":"markdown","computed":true},"name":{"type":"string","description":"The name of the account to look up.","description_kind":"markdown","required":true},"network_id":{"type":"string","description":"ID of the network for this account.","description_kind":"markdown","computed":true},"password":{"type":"string","description":"The password of the account.","description_kind":"markdown","computed":true,"sensitive":true},"site":{"type":"string","description":"The name of the site the account is associated with.","description_kind":"markdown","optional":true,"computed":true},"timeouts":{"nested_type":{"attributes":{"read":{"type":"string","description":"A string that can be [parsed as a duration](https://pkg.go.dev/time#ParseDuration) consisting of numbers and unit suffixes, such as \"30s\" or \"2h45m\". Valid time units are \"s\" (seconds), \"m\" (minutes), \"h\" (hours).","description_kind":"plain","optional":true}},"nesting_mode":"single"},"description_kind":"plain","optional":true},"tunnel_medium_type":{"type":"number","description":"See RFC2868 section 3.2.","description_kind":"markdown","computed":true},"tunnel_type":{"type":"number","description":"See RFC2868 section 3.1.","description_kind":"markdown","computed":true}},"description":"Data source for RADIUS users.","description_kind":"markdown"}}}}}}
